PODS:
  - WordPress-Aztec-iOS (0.1.0)

DEPENDENCIES:
  - WordPress-Aztec-iOS (from `../`)

EXTERNAL SOURCES:
  WordPress-Aztec-iOS:
    :path: ../

SPEC CHECKSUMS:
  WordPress-Aztec-iOS: 67ec17a4f62d040cdfb0f86bbe8d9ead315d7d86

PODFILE CHECKSUM: 2d3dfb00d1f76e25d132b3121595e549d3dc42cf

COCOAPODS: 1.0.1
