PODS:
  - WordPress-Aztec-iOS (0.1.0)

DEPENDENCIES:
  - WordPress-Aztec-iOS (from `../`)

EXTERNAL SOURCES:
  WordPress-Aztec-iOS:
    :path: "../"

SPEC CHECKSUMS:
  WordPress-Aztec-iOS: 799f6d2d36e469ca32bba25bb84bf3f7f6c5b6cc

PODFILE CHECKSUM: d8fa4b36ff86c4e0e08222dbb2d250d72b61a494

COCOAPODS: 1.0.1
