PODS:
  - WordPress-Aztec-iOS (0.1.0)

DEPENDENCIES:
  - WordPress-Aztec-iOS (from `../`)

EXTERNAL SOURCES:
  WordPress-Aztec-iOS:
    :path: "../"

SPEC CHECKSUMS:
  WordPress-Aztec-iOS: 3a3d050c7fe1927dff2d63986b4b7deb5552dd6c

PODFILE CHECKSUM: d8fa4b36ff86c4e0e08222dbb2d250d72b61a494

COCOAPODS: 1.0.1
