// !$*UTF8*$!
{
	archiveVersion = 1;
	classes = {
	};
	objectVersion = 46;
	objects = {

/* Begin PBXBuildFile section */
		59280F2A1D47CAF40083FB59 /* content.html in Resources */ = {isa = PBXBuildFile; fileRef = 59280F281D47CAF40083FB59 /* content.html */; };
		59280F2B1D47CAF40083FB59 /* SampleText.rtf in Resources */ = {isa = PBXBuildFile; fileRef = 59280F291D47CAF40083FB59 /* SampleText.rtf */; };
		592D62C91D8DF5590013EFF7 /* Aztec.framework in Copy Frameworks */ = {isa = PBXBuildFile; fileRef = 599F25771D8BD045002871D6 /* Aztec.framework */; settings = {ATTRIBUTES = (CodeSignOnCopy, RemoveHeadersOnCopy, ); }; };
		596719401D8BC60D00F18F7F /* Gridicons.framework in Frameworks */ = {isa = PBXBuildFile; fileRef = 5967193D1D8BC60D00F18F7F /* Gridicons.framework */; };
		599F25701D8BCF57002871D6 /* AppDelegate.swift in Sources */ = {isa = PBXBuildFile; fileRef = 599F256F1D8BCF57002871D6 /* AppDelegate.swift */; };
		599F25861D8BD998002871D6 /* Gridicons.framework in CopyFiles */ = {isa = PBXBuildFile; fileRef = 5967193D1D8BC60D00F18F7F /* Gridicons.framework */; settings = {ATTRIBUTES = (CodeSignOnCopy, RemoveHeadersOnCopy, ); }; };
		59D2873B1D8C599B00B99C80 /* AttachmentDetailsViewController.swift in Sources */ = {isa = PBXBuildFile; fileRef = 59D287391D8C599B00B99C80 /* AttachmentDetailsViewController.swift */; };
		607FACD81AFB9204008FA782 /* ViewController.swift in Sources */ = {isa = PBXBuildFile; fileRef = 607FACD71AFB9204008FA782 /* ViewController.swift */; };
		607FACDB1AFB9204008FA782 /* Main.storyboard in Resources */ = {isa = PBXBuildFile; fileRef = 607FACD91AFB9204008FA782 /* Main.storyboard */; };
		607FACDD1AFB9204008FA782 /* Images.xcassets in Resources */ = {isa = PBXBuildFile; fileRef = 607FACDC1AFB9204008FA782 /* Images.xcassets */; };
		607FACE01AFB9204008FA782 /* LaunchScreen.xib in Resources */ = {isa = PBXBuildFile; fileRef = 607FACDE1AFB9204008FA782 /* LaunchScreen.xib */; };
		B570B1C91E82D332008CF41E /* MoreAttachmentRenderer.swift in Sources */ = {isa = PBXBuildFile; fileRef = B570B1C81E82D332008CF41E /* MoreAttachmentRenderer.swift */; };
		B570B1CC1E82D343008CF41E /* CommentAttachmentRenderer.swift in Sources */ = {isa = PBXBuildFile; fileRef = B570B1CB1E82D343008CF41E /* CommentAttachmentRenderer.swift */; };
		B5AF89341E93ECE60051EFDB /* HTMLAttachmentRenderer.swift in Sources */ = {isa = PBXBuildFile; fileRef = B5AF89331E93ECE60051EFDB /* HTMLAttachmentRenderer.swift */; };
		B5DB1C371EC630E10005E623 /* UnknownEditorViewController.swift in Sources */ = {isa = PBXBuildFile; fileRef = B5DB1C361EC630E10005E623 /* UnknownEditorViewController.swift */; };
		CC400F1A1E9EC04200859AB4 /* AztecUITests.swift in Sources */ = {isa = PBXBuildFile; fileRef = CC400F191E9EC04200859AB4 /* AztecUITests.swift */; };
		CC400F251E9EC16900859AB4 /* XCTest+Extensions.swift in Sources */ = {isa = PBXBuildFile; fileRef = CC400F241E9EC16900859AB4 /* XCTest+Extensions.swift */; };
		E63EF92B1D36A60B00B5BA4B /* EditorDemoController.swift in Sources */ = {isa = PBXBuildFile; fileRef = E63EF92A1D36A60B00B5BA4B /* EditorDemoController.swift */; };
		F13CE5421F4DD2520043368D /* CaptionShortcodePreProcessor.swift in Sources */ = {isa = PBXBuildFile; fileRef = F13CE5411F4DD2520043368D /* CaptionShortcodePreProcessor.swift */; };
		F13CE5461F4DD8930043368D /* CaptionShortcodePostProcessor.swift in Sources */ = {isa = PBXBuildFile; fileRef = F13CE5451F4DD8930043368D /* CaptionShortcodePostProcessor.swift */; };
		F13CE5481F4DD99D0043368D /* WPVideoShortcodePreProcessor.swift in Sources */ = {isa = PBXBuildFile; fileRef = F13CE5471F4DD99D0043368D /* WPVideoShortcodePreProcessor.swift */; };
		F13CE54A1F4DDA8B0043368D /* VideoShortcodePreProcessor.swift in Sources */ = {isa = PBXBuildFile; fileRef = F13CE5491F4DDA8B0043368D /* VideoShortcodePreProcessor.swift */; };
		F13CE54C1F4DDB3A0043368D /* VideoShortcodePostProcessor.swift in Sources */ = {isa = PBXBuildFile; fileRef = F13CE54B1F4DDB3A0043368D /* VideoShortcodePostProcessor.swift */; };
		FF6691C21E76CF9200C6A703 /* OptionsTableView.swift in Sources */ = {isa = PBXBuildFile; fileRef = FF6691C11E76CF9200C6A703 /* OptionsTableView.swift */; };
		FF9AF5481DB0E4E200C42ED3 /* AttachmentDetailsViewController.storyboard in Resources */ = {isa = PBXBuildFile; fileRef = FF9AF5471DB0E4E200C42ED3 /* AttachmentDetailsViewController.storyboard */; };
		FFD06EA41EC3C5350072AD85 /* ShortcodeProcessor.swift in Sources */ = {isa = PBXBuildFile; fileRef = FFD06EA31EC3C5350072AD85 /* ShortcodeProcessor.swift */; };
		FFD06EA71EC474500072AD85 /* ShortcodeProcessorTests.swift in Sources */ = {isa = PBXBuildFile; fileRef = FFD06EA61EC474500072AD85 /* ShortcodeProcessorTests.swift */; };
/* End PBXBuildFile section */

/* Begin PBXContainerItemProxy section */
		599F25761D8BD045002871D6 /* PBXContainerItemProxy */ = {
			isa = PBXContainerItemProxy;
			containerPortal = 599F25711D8BD044002871D6 /* Aztec.xcodeproj */;
			proxyType = 2;
			remoteGlobalIDString = 5951CB8E1D8BC93600E1866F;
			remoteInfo = Aztec;
		};
		599F25781D8BD045002871D6 /* PBXContainerItemProxy */ = {
			isa = PBXContainerItemProxy;
			containerPortal = 599F25711D8BD044002871D6 /* Aztec.xcodeproj */;
			proxyType = 2;
			remoteGlobalIDString = 5951CB971D8BC93600E1866F;
			remoteInfo = AztecTests;
		};
		599F257C1D8BD06E002871D6 /* PBXContainerItemProxy */ = {
			isa = PBXContainerItemProxy;
			containerPortal = 599F25711D8BD044002871D6 /* Aztec.xcodeproj */;
			proxyType = 1;
			remoteGlobalIDString = 5951CB8D1D8BC93600E1866F;
			remoteInfo = Aztec;
		};
		607FACE61AFB9204008FA782 /* PBXContainerItemProxy */ = {
			isa = PBXContainerItemProxy;
			containerPortal = 607FACC81AFB9204008FA782 /* Project object */;
			proxyType = 1;
			remoteGlobalIDString = 607FACCF1AFB9204008FA782;
			remoteInfo = "WordPress-Aztec-iOS";
		};
		CC400F1C1E9EC04200859AB4 /* PBXContainerItemProxy */ = {
			isa = PBXContainerItemProxy;
			containerPortal = 607FACC81AFB9204008FA782 /* Project object */;
			proxyType = 1;
			remoteGlobalIDString = 607FACCF1AFB9204008FA782;
			remoteInfo = AztecExample;
		};
/* End PBXContainerItemProxy section */

/* Begin PBXCopyFilesBuildPhase section */
		592D62C71D8DF5500013EFF7 /* Copy Frameworks */ = {
			isa = PBXCopyFilesBuildPhase;
			buildActionMask = 2147483647;
			dstPath = "";
			dstSubfolderSpec = 10;
			files = (
				592D62C91D8DF5590013EFF7 /* Aztec.framework in Copy Frameworks */,
			);
			name = "Copy Frameworks";
			runOnlyForDeploymentPostprocessing = 0;
		};
		599F25831D8BD987002871D6 /* CopyFiles */ = {
			isa = PBXCopyFilesBuildPhase;
			buildActionMask = 2147483647;
			dstPath = "";
			dstSubfolderSpec = 10;
			files = (
				599F25861D8BD998002871D6 /* Gridicons.framework in CopyFiles */,
			);
			runOnlyForDeploymentPostprocessing = 0;
		};
/* End PBXCopyFilesBuildPhase section */

/* Begin PBXFileReference section */
		59280F281D47CAF40083FB59 /* content.html */ = {isa = PBXFileReference; fileEncoding = 4; lastKnownFileType = text.html; path = content.html; sourceTree = "<group>"; };
		59280F291D47CAF40083FB59 /* SampleText.rtf */ = {isa = PBXFileReference; fileEncoding = 4; lastKnownFileType = text.rtf; path = SampleText.rtf; sourceTree = "<group>"; };
		5967193D1D8BC60D00F18F7F /* Gridicons.framework */ = {isa = PBXFileReference; lastKnownFileType = wrapper.framework; name = Gridicons.framework; path = Carthage/Build/iOS/Gridicons.framework; sourceTree = "<group>"; };
		599F256F1D8BCF57002871D6 /* AppDelegate.swift */ = {isa = PBXFileReference; fileEncoding = 4; lastKnownFileType = sourcecode.swift; path = AppDelegate.swift; sourceTree = "<group>"; };
		599F25711D8BD044002871D6 /* Aztec.xcodeproj */ = {isa = PBXFileReference; lastKnownFileType = "wrapper.pb-project"; name = Aztec.xcodeproj; path = ../Aztec.xcodeproj; sourceTree = "<group>"; };
		59D287391D8C599B00B99C80 /* AttachmentDetailsViewController.swift */ = {isa = PBXFileReference; fileEncoding = 4; lastKnownFileType = sourcecode.swift; path = AttachmentDetailsViewController.swift; sourceTree = "<group>"; };
		607FACD01AFB9204008FA782 /* AztecExample.app */ = {isa = PBXFileReference; explicitFileType = wrapper.application; includeInIndex = 0; path = AztecExample.app; sourceTree = BUILT_PRODUCTS_DIR; };
		607FACD41AFB9204008FA782 /* Info.plist */ = {isa = PBXFileReference; lastKnownFileType = text.plist.xml; path = Info.plist; sourceTree = "<group>"; };
		607FACD71AFB9204008FA782 /* ViewController.swift */ = {isa = PBXFileReference; lastKnownFileType = sourcecode.swift; path = ViewController.swift; sourceTree = "<group>"; };
		607FACDA1AFB9204008FA782 /* Base */ = {isa = PBXFileReference; lastKnownFileType = file.storyboard; name = Base; path = Base.lproj/Main.storyboard; sourceTree = "<group>"; };
		607FACDC1AFB9204008FA782 /* Images.xcassets */ = {isa = PBXFileReference; lastKnownFileType = folder.assetcatalog; path = Images.xcassets; sourceTree = "<group>"; };
		607FACDF1AFB9204008FA782 /* Base */ = {isa = PBXFileReference; lastKnownFileType = file.xib; name = Base; path = Base.lproj/LaunchScreen.xib; sourceTree = "<group>"; };
		607FACE51AFB9204008FA782 /* AztecExample-Tests.xctest */ = {isa = PBXFileReference; explicitFileType = wrapper.cfbundle; includeInIndex = 0; path = "AztecExample-Tests.xctest"; sourceTree = BUILT_PRODUCTS_DIR; };
		607FACEA1AFB9204008FA782 /* Info.plist */ = {isa = PBXFileReference; lastKnownFileType = text.plist.xml; path = Info.plist; sourceTree = "<group>"; };
		B570B1C81E82D332008CF41E /* MoreAttachmentRenderer.swift */ = {isa = PBXFileReference; fileEncoding = 4; lastKnownFileType = sourcecode.swift; path = MoreAttachmentRenderer.swift; sourceTree = "<group>"; };
		B570B1CB1E82D343008CF41E /* CommentAttachmentRenderer.swift */ = {isa = PBXFileReference; fileEncoding = 4; lastKnownFileType = sourcecode.swift; path = CommentAttachmentRenderer.swift; sourceTree = "<group>"; };
		B5AF89331E93ECE60051EFDB /* HTMLAttachmentRenderer.swift */ = {isa = PBXFileReference; fileEncoding = 4; lastKnownFileType = sourcecode.swift; path = HTMLAttachmentRenderer.swift; sourceTree = "<group>"; };
		B5DB1C361EC630E10005E623 /* UnknownEditorViewController.swift */ = {isa = PBXFileReference; fileEncoding = 4; lastKnownFileType = sourcecode.swift; path = UnknownEditorViewController.swift; sourceTree = "<group>"; };
		CC400F171E9EC04200859AB4 /* AztecUITests.xctest */ = {isa = PBXFileReference; explicitFileType = wrapper.cfbundle; includeInIndex = 0; path = AztecUITests.xctest; sourceTree = BUILT_PRODUCTS_DIR; };
		CC400F191E9EC04200859AB4 /* AztecUITests.swift */ = {isa = PBXFileReference; lastKnownFileType = sourcecode.swift; path = AztecUITests.swift; sourceTree = "<group>"; };
		CC400F1B1E9EC04200859AB4 /* Info.plist */ = {isa = PBXFileReference; lastKnownFileType = text.plist.xml; path = Info.plist; sourceTree = "<group>"; };
		CC400F241E9EC16900859AB4 /* XCTest+Extensions.swift */ = {isa = PBXFileReference; fileEncoding = 4; lastKnownFileType = sourcecode.swift; path = "XCTest+Extensions.swift"; sourceTree = "<group>"; };
		E63EF92A1D36A60B00B5BA4B /* EditorDemoController.swift */ = {isa = PBXFileReference; fileEncoding = 4; lastKnownFileType = sourcecode.swift; path = EditorDemoController.swift; sourceTree = "<group>"; };
		F13CE5411F4DD2520043368D /* CaptionShortcodePreProcessor.swift */ = {isa = PBXFileReference; fileEncoding = 4; lastKnownFileType = sourcecode.swift; path = CaptionShortcodePreProcessor.swift; sourceTree = "<group>"; };
		F13CE5451F4DD8930043368D /* CaptionShortcodePostProcessor.swift */ = {isa = PBXFileReference; fileEncoding = 4; lastKnownFileType = sourcecode.swift; path = CaptionShortcodePostProcessor.swift; sourceTree = "<group>"; };
		F13CE5471F4DD99D0043368D /* WPVideoShortcodePreProcessor.swift */ = {isa = PBXFileReference; fileEncoding = 4; lastKnownFileType = sourcecode.swift; path = WPVideoShortcodePreProcessor.swift; sourceTree = "<group>"; };
		F13CE5491F4DDA8B0043368D /* VideoShortcodePreProcessor.swift */ = {isa = PBXFileReference; fileEncoding = 4; lastKnownFileType = sourcecode.swift; path = VideoShortcodePreProcessor.swift; sourceTree = "<group>"; };
		F13CE54B1F4DDB3A0043368D /* VideoShortcodePostProcessor.swift */ = {isa = PBXFileReference; fileEncoding = 4; lastKnownFileType = sourcecode.swift; path = VideoShortcodePostProcessor.swift; sourceTree = "<group>"; };
		FF6691C11E76CF9200C6A703 /* OptionsTableView.swift */ = {isa = PBXFileReference; fileEncoding = 4; lastKnownFileType = sourcecode.swift; path = OptionsTableView.swift; sourceTree = "<group>"; };
		FF9AF5471DB0E4E200C42ED3 /* AttachmentDetailsViewController.storyboard */ = {isa = PBXFileReference; fileEncoding = 4; lastKnownFileType = file.storyboard; path = AttachmentDetailsViewController.storyboard; sourceTree = "<group>"; };
		FFD06EA31EC3C5350072AD85 /* ShortcodeProcessor.swift */ = {isa = PBXFileReference; fileEncoding = 4; lastKnownFileType = sourcecode.swift; path = ShortcodeProcessor.swift; sourceTree = "<group>"; };
		FFD06EA61EC474500072AD85 /* ShortcodeProcessorTests.swift */ = {isa = PBXFileReference; fileEncoding = 4; lastKnownFileType = sourcecode.swift; path = ShortcodeProcessorTests.swift; sourceTree = "<group>"; };
/* End PBXFileReference section */

/* Begin PBXFrameworksBuildPhase section */
		607FACCD1AFB9204008FA782 /* Frameworks */ = {
			isa = PBXFrameworksBuildPhase;
			buildActionMask = 2147483647;
			files = (
				596719401D8BC60D00F18F7F /* Gridicons.framework in Frameworks */,
			);
			runOnlyForDeploymentPostprocessing = 0;
		};
		607FACE21AFB9204008FA782 /* Frameworks */ = {
			isa = PBXFrameworksBuildPhase;
			buildActionMask = 2147483647;
			files = (
			);
			runOnlyForDeploymentPostprocessing = 0;
		};
		CC400F141E9EC04200859AB4 /* Frameworks */ = {
			isa = PBXFrameworksBuildPhase;
			buildActionMask = 2147483647;
			files = (
			);
			runOnlyForDeploymentPostprocessing = 0;
		};
/* End PBXFrameworksBuildPhase section */

/* Begin PBXGroup section */
		02ECB379638AE0CDEAB24BEC /* Frameworks */ = {
			isa = PBXGroup;
			children = (
				5967193D1D8BC60D00F18F7F /* Gridicons.framework */,
			);
			name = Frameworks;
			sourceTree = "<group>";
		};
		59280F271D47CAF40083FB59 /* SampleContent */ = {
			isa = PBXGroup;
			children = (
				59280F281D47CAF40083FB59 /* content.html */,
				59280F291D47CAF40083FB59 /* SampleText.rtf */,
			);
			path = SampleContent;
			sourceTree = "<group>";
		};
		599F25721D8BD044002871D6 /* Products */ = {
			isa = PBXGroup;
			children = (
				599F25771D8BD045002871D6 /* Aztec.framework */,
				599F25791D8BD045002871D6 /* AztecTests.xctest */,
			);
			name = Products;
			sourceTree = "<group>";
		};
		599F257B1D8BD058002871D6 /* Dependencies */ = {
			isa = PBXGroup;
			children = (
				599F25711D8BD044002871D6 /* Aztec.xcodeproj */,
			);
			name = Dependencies;
			sourceTree = "<group>";
		};
		607FACC71AFB9204008FA782 = {
			isa = PBXGroup;
			children = (
				607FACD21AFB9204008FA782 /* Example for WordPress-Aztec-iOS */,
				607FACE81AFB9204008FA782 /* Tests */,
				CC400F181E9EC04200859AB4 /* AztecUITests */,
				02ECB379638AE0CDEAB24BEC /* Frameworks */,
				607FACD11AFB9204008FA782 /* Products */,
				599F257B1D8BD058002871D6 /* Dependencies */,
			);
			sourceTree = "<group>";
		};
		607FACD11AFB9204008FA782 /* Products */ = {
			isa = PBXGroup;
			children = (
				607FACD01AFB9204008FA782 /* AztecExample.app */,
				607FACE51AFB9204008FA782 /* AztecExample-Tests.xctest */,
				CC400F171E9EC04200859AB4 /* AztecUITests.xctest */,
			);
			name = Products;
			sourceTree = "<group>";
		};
		607FACD21AFB9204008FA782 /* Example for WordPress-Aztec-iOS */ = {
			isa = PBXGroup;
			children = (
				FF9D82941ED452340080ACAF /* Processors */,
				B570B1CD1E82D349008CF41E /* Renders */,
				599F256F1D8BCF57002871D6 /* AppDelegate.swift */,
				59D287391D8C599B00B99C80 /* AttachmentDetailsViewController.swift */,
				FF9AF5471DB0E4E200C42ED3 /* AttachmentDetailsViewController.storyboard */,
				607FACD71AFB9204008FA782 /* ViewController.swift */,
				E63EF92A1D36A60B00B5BA4B /* EditorDemoController.swift */,
				B5DB1C361EC630E10005E623 /* UnknownEditorViewController.swift */,
				607FACD91AFB9204008FA782 /* Main.storyboard */,
				607FACDC1AFB9204008FA782 /* Images.xcassets */,
				607FACDE1AFB9204008FA782 /* LaunchScreen.xib */,
				59280F271D47CAF40083FB59 /* SampleContent */,
				607FACD31AFB9204008FA782 /* Supporting Files */,
				FF6691C11E76CF9200C6A703 /* OptionsTableView.swift */,
			);
			name = "Example for WordPress-Aztec-iOS";
			path = Example;
			sourceTree = "<group>";
		};
		607FACD31AFB9204008FA782 /* Supporting Files */ = {
			isa = PBXGroup;
			children = (
				607FACD41AFB9204008FA782 /* Info.plist */,
			);
			name = "Supporting Files";
			sourceTree = "<group>";
		};
		607FACE81AFB9204008FA782 /* Tests */ = {
			isa = PBXGroup;
			children = (
				607FACE91AFB9204008FA782 /* Supporting Files */,
				FFD06EA61EC474500072AD85 /* ShortcodeProcessorTests.swift */,
			);
			path = Tests;
			sourceTree = "<group>";
		};
		607FACE91AFB9204008FA782 /* Supporting Files */ = {
			isa = PBXGroup;
			children = (
				607FACEA1AFB9204008FA782 /* Info.plist */,
			);
			name = "Supporting Files";
			sourceTree = "<group>";
		};
		B570B1CD1E82D349008CF41E /* Renders */ = {
			isa = PBXGroup;
			children = (
				B570B1CB1E82D343008CF41E /* CommentAttachmentRenderer.swift */,
				B570B1C81E82D332008CF41E /* MoreAttachmentRenderer.swift */,
				B5AF89331E93ECE60051EFDB /* HTMLAttachmentRenderer.swift */,
			);
			name = Renders;
			sourceTree = "<group>";
		};
		CC400F181E9EC04200859AB4 /* AztecUITests */ = {
			isa = PBXGroup;
			children = (
				CC400F191E9EC04200859AB4 /* AztecUITests.swift */,
				CC400F1B1E9EC04200859AB4 /* Info.plist */,
				CC400F241E9EC16900859AB4 /* XCTest+Extensions.swift */,
			);
			path = AztecUITests;
			sourceTree = "<group>";
		};
		FF9D82941ED452340080ACAF /* Processors */ = {
			isa = PBXGroup;
			children = (
				F13CE5411F4DD2520043368D /* CaptionShortcodePreProcessor.swift */,
				F13CE5451F4DD8930043368D /* CaptionShortcodePostProcessor.swift */,
				FFD06EA31EC3C5350072AD85 /* ShortcodeProcessor.swift */,
				F13CE5491F4DDA8B0043368D /* VideoShortcodePreProcessor.swift */,
				F13CE54B1F4DDB3A0043368D /* VideoShortcodePostProcessor.swift */,
				F13CE5471F4DD99D0043368D /* WPVideoShortcodePreProcessor.swift */,
			);
			name = Processors;
			sourceTree = "<group>";
		};
/* End PBXGroup section */

/* Begin PBXNativeTarget section */
		607FACCF1AFB9204008FA782 /* AztecExample */ = {
			isa = PBXNativeTarget;
			buildConfigurationList = 607FACEF1AFB9204008FA782 /* Build configuration list for PBXNativeTarget "AztecExample" */;
			buildPhases = (
				607FACCC1AFB9204008FA782 /* Sources */,
				607FACCD1AFB9204008FA782 /* Frameworks */,
				607FACCE1AFB9204008FA782 /* Resources */,
				599F25831D8BD987002871D6 /* CopyFiles */,
				592D62C71D8DF5500013EFF7 /* Copy Frameworks */,
			);
			buildRules = (
			);
			dependencies = (
				599F257D1D8BD06E002871D6 /* PBXTargetDependency */,
			);
			name = AztecExample;
			productName = "WordPress-Aztec-iOS";
			productReference = 607FACD01AFB9204008FA782 /* AztecExample.app */;
			productType = "com.apple.product-type.application";
		};
		607FACE41AFB9204008FA782 /* AztecExample-Tests */ = {
			isa = PBXNativeTarget;
			buildConfigurationList = 607FACF21AFB9204008FA782 /* Build configuration list for PBXNativeTarget "AztecExample-Tests" */;
			buildPhases = (
				607FACE11AFB9204008FA782 /* Sources */,
				607FACE21AFB9204008FA782 /* Frameworks */,
				607FACE31AFB9204008FA782 /* Resources */,
			);
			buildRules = (
			);
			dependencies = (
				607FACE71AFB9204008FA782 /* PBXTargetDependency */,
			);
			name = "AztecExample-Tests";
			productName = Tests;
			productReference = 607FACE51AFB9204008FA782 /* AztecExample-Tests.xctest */;
			productType = "com.apple.product-type.bundle.unit-test";
		};
		CC400F161E9EC04200859AB4 /* AztecUITests */ = {
			isa = PBXNativeTarget;
			buildConfigurationList = CC400F231E9EC04200859AB4 /* Build configuration list for PBXNativeTarget "AztecUITests" */;
			buildPhases = (
				CC400F131E9EC04200859AB4 /* Sources */,
				CC400F141E9EC04200859AB4 /* Frameworks */,
				CC400F151E9EC04200859AB4 /* Resources */,
			);
			buildRules = (
			);
			dependencies = (
				CC400F1D1E9EC04200859AB4 /* PBXTargetDependency */,
			);
			name = AztecUITests;
			productName = AztecUITests;
			productReference = CC400F171E9EC04200859AB4 /* AztecUITests.xctest */;
			productType = "com.apple.product-type.bundle.ui-testing";
		};
/* End PBXNativeTarget section */

/* Begin PBXProject section */
		607FACC81AFB9204008FA782 /* Project object */ = {
			isa = PBXProject;
			attributes = {
				LastSwiftUpdateCheck = 0830;
				LastUpgradeCheck = 0900;
				ORGANIZATIONNAME = "Automattic Inc.";
				TargetAttributes = {
					607FACCF1AFB9204008FA782 = {
						CreatedOnToolsVersion = 6.3.1;
						DevelopmentTeam = PZYM8XX95Q;
						LastSwiftMigration = 0800;
						ProvisioningStyle = Manual;
					};
					607FACE41AFB9204008FA782 = {
						CreatedOnToolsVersion = 6.3.1;
						LastSwiftMigration = 0830;
						ProvisioningStyle = Manual;
						TestTargetID = 607FACCF1AFB9204008FA782;
					};
					CC400F161E9EC04200859AB4 = {
						CreatedOnToolsVersion = 8.3.1;
						ProvisioningStyle = Automatic;
						TestTargetID = 607FACCF1AFB9204008FA782;
					};
				};
			};
			buildConfigurationList = 607FACCB1AFB9204008FA782 /* Build configuration list for PBXProject "AztecExample" */;
			compatibilityVersion = "Xcode 3.2";
			developmentRegion = English;
			hasScannedForEncodings = 0;
			knownRegions = (
				en,
				Base,
			);
			mainGroup = 607FACC71AFB9204008FA782;
			productRefGroup = 607FACD11AFB9204008FA782 /* Products */;
			projectDirPath = "";
			projectReferences = (
				{
					ProductGroup = 599F25721D8BD044002871D6 /* Products */;
					ProjectRef = 599F25711D8BD044002871D6 /* Aztec.xcodeproj */;
				},
			);
			projectRoot = "";
			targets = (
				607FACCF1AFB9204008FA782 /* AztecExample */,
				607FACE41AFB9204008FA782 /* AztecExample-Tests */,
				CC400F161E9EC04200859AB4 /* AztecUITests */,
			);
		};
/* End PBXProject section */

/* Begin PBXReferenceProxy section */
		599F25771D8BD045002871D6 /* Aztec.framework */ = {
			isa = PBXReferenceProxy;
			fileType = wrapper.framework;
			path = Aztec.framework;
			remoteRef = 599F25761D8BD045002871D6 /* PBXContainerItemProxy */;
			sourceTree = BUILT_PRODUCTS_DIR;
		};
		599F25791D8BD045002871D6 /* AztecTests.xctest */ = {
			isa = PBXReferenceProxy;
			fileType = wrapper.cfbundle;
			path = AztecTests.xctest;
			remoteRef = 599F25781D8BD045002871D6 /* PBXContainerItemProxy */;
			sourceTree = BUILT_PRODUCTS_DIR;
		};
/* End PBXReferenceProxy section */

/* Begin PBXResourcesBuildPhase section */
		607FACCE1AFB9204008FA782 /* Resources */ = {
			isa = PBXResourcesBuildPhase;
			buildActionMask = 2147483647;
			files = (
				607FACDB1AFB9204008FA782 /* Main.storyboard in Resources */,
				607FACE01AFB9204008FA782 /* LaunchScreen.xib in Resources */,
				59280F2A1D47CAF40083FB59 /* content.html in Resources */,
				59280F2B1D47CAF40083FB59 /* SampleText.rtf in Resources */,
				607FACDD1AFB9204008FA782 /* Images.xcassets in Resources */,
				FF9AF5481DB0E4E200C42ED3 /* AttachmentDetailsViewController.storyboard in Resources */,
			);
			runOnlyForDeploymentPostprocessing = 0;
		};
		607FACE31AFB9204008FA782 /* Resources */ = {
			isa = PBXResourcesBuildPhase;
			buildActionMask = 2147483647;
			files = (
			);
			runOnlyForDeploymentPostprocessing = 0;
		};
		CC400F151E9EC04200859AB4 /* Resources */ = {
			isa = PBXResourcesBuildPhase;
			buildActionMask = 2147483647;
			files = (
			);
			runOnlyForDeploymentPostprocessing = 0;
		};
/* End PBXResourcesBuildPhase section */

/* Begin PBXSourcesBuildPhase section */
		607FACCC1AFB9204008FA782 /* Sources */ = {
			isa = PBXSourcesBuildPhase;
			buildActionMask = 2147483647;
			files = (
				B5DB1C371EC630E10005E623 /* UnknownEditorViewController.swift in Sources */,
				F13CE5461F4DD8930043368D /* CaptionShortcodePostProcessor.swift in Sources */,
				F13CE5421F4DD2520043368D /* CaptionShortcodePreProcessor.swift in Sources */,
				599F25701D8BCF57002871D6 /* AppDelegate.swift in Sources */,
				F13CE54A1F4DDA8B0043368D /* VideoShortcodePreProcessor.swift in Sources */,
				F13CE5481F4DD99D0043368D /* WPVideoShortcodePreProcessor.swift in Sources */,
				FFD06EA41EC3C5350072AD85 /* ShortcodeProcessor.swift in Sources */,
				59D2873B1D8C599B00B99C80 /* AttachmentDetailsViewController.swift in Sources */,
				FF6691C21E76CF9200C6A703 /* OptionsTableView.swift in Sources */,
				B570B1CC1E82D343008CF41E /* CommentAttachmentRenderer.swift in Sources */,
				B5AF89341E93ECE60051EFDB /* HTMLAttachmentRenderer.swift in Sources */,
				E63EF92B1D36A60B00B5BA4B /* EditorDemoController.swift in Sources */,
				607FACD81AFB9204008FA782 /* ViewController.swift in Sources */,
				F13CE54C1F4DDB3A0043368D /* VideoShortcodePostProcessor.swift in Sources */,
				B570B1C91E82D332008CF41E /* MoreAttachmentRenderer.swift in Sources */,
			);
			runOnlyForDeploymentPostprocessing = 0;
		};
		607FACE11AFB9204008FA782 /* Sources */ = {
			isa = PBXSourcesBuildPhase;
			buildActionMask = 2147483647;
			files = (
				FFD06EA71EC474500072AD85 /* ShortcodeProcessorTests.swift in Sources */,
			);
			runOnlyForDeploymentPostprocessing = 0;
		};
		CC400F131E9EC04200859AB4 /* Sources */ = {
			isa = PBXSourcesBuildPhase;
			buildActionMask = 2147483647;
			files = (
				CC400F251E9EC16900859AB4 /* XCTest+Extensions.swift in Sources */,
				CC400F1A1E9EC04200859AB4 /* AztecUITests.swift in Sources */,
			);
			runOnlyForDeploymentPostprocessing = 0;
		};
/* End PBXSourcesBuildPhase section */

/* Begin PBXTargetDependency section */
		599F257D1D8BD06E002871D6 /* PBXTargetDependency */ = {
			isa = PBXTargetDependency;
			name = Aztec;
			targetProxy = 599F257C1D8BD06E002871D6 /* PBXContainerItemProxy */;
		};
		607FACE71AFB9204008FA782 /* PBXTargetDependency */ = {
			isa = PBXTargetDependency;
			target = 607FACCF1AFB9204008FA782 /* AztecExample */;
			targetProxy = 607FACE61AFB9204008FA782 /* PBXContainerItemProxy */;
		};
		CC400F1D1E9EC04200859AB4 /* PBXTargetDependency */ = {
			isa = PBXTargetDependency;
			target = 607FACCF1AFB9204008FA782 /* AztecExample */;
			targetProxy = CC400F1C1E9EC04200859AB4 /* PBXContainerItemProxy */;
		};
/* End PBXTargetDependency section */

/* Begin PBXVariantGroup section */
		607FACD91AFB9204008FA782 /* Main.storyboard */ = {
			isa = PBXVariantGroup;
			children = (
				607FACDA1AFB9204008FA782 /* Base */,
			);
			name = Main.storyboard;
			sourceTree = "<group>";
		};
		607FACDE1AFB9204008FA782 /* LaunchScreen.xib */ = {
			isa = PBXVariantGroup;
			children = (
				607FACDF1AFB9204008FA782 /* Base */,
			);
			name = LaunchScreen.xib;
			sourceTree = "<group>";
		};
/* End PBXVariantGroup section */

/* Begin XCBuildConfiguration section */
		607FACED1AFB9204008FA782 /* Debug */ = {
			isa = XCBuildConfiguration;
			buildSettings = {
				ALWAYS_SEARCH_USER_PATHS = NO;
				CLANG_CXX_LANGUAGE_STANDARD = "gnu++0x";
				CLANG_CXX_LIBRARY = "libc++";
				CLANG_ENABLE_MODULES = YES;
				CLANG_ENABLE_OBJC_ARC = YES;
				CLANG_WARN_BLOCK_CAPTURE_AUTORELEASING = YES;
				CLANG_WARN_BOOL_CONVERSION = YES;
				CLANG_WARN_COMMA = YES;
				CLANG_WARN_CONSTANT_CONVERSION = YES;
				CLANG_WARN_DIRECT_OBJC_ISA_USAGE = YES_ERROR;
				CLANG_WARN_EMPTY_BODY = YES;
				CLANG_WARN_ENUM_CONVERSION = YES;
				CLANG_WARN_INFINITE_RECURSION = YES;
				CLANG_WARN_INT_CONVERSION = YES;
				CLANG_WARN_NON_LITERAL_NULL_CONVERSION = YES;
				CLANG_WARN_OBJC_LITERAL_CONVERSION = YES;
				CLANG_WARN_OBJC_ROOT_CLASS = YES_ERROR;
				CLANG_WARN_RANGE_LOOP_ANALYSIS = YES;
				CLANG_WARN_STRICT_PROTOTYPES = YES;
				CLANG_WARN_SUSPICIOUS_MOVE = YES;
				CLANG_WARN_UNREACHABLE_CODE = YES;
				CLANG_WARN__DUPLICATE_METHOD_MATCH = YES;
				"CODE_SIGN_IDENTITY[sdk=iphoneos*]" = "iPhone Developer";
				COPY_PHASE_STRIP = NO;
				DEBUG_INFORMATION_FORMAT = "dwarf-with-dsym";
				ENABLE_STRICT_OBJC_MSGSEND = YES;
				ENABLE_TESTABILITY = YES;
				GCC_C_LANGUAGE_STANDARD = gnu99;
				GCC_DYNAMIC_NO_PIC = NO;
				GCC_NO_COMMON_BLOCKS = YES;
				GCC_OPTIMIZATION_LEVEL = 0;
				GCC_PREPROCESSOR_DEFINITIONS = (
					"DEBUG=1",
					"$(inherited)",
				);
				GCC_SYMBOLS_PRIVATE_EXTERN = NO;
				GCC_WARN_64_TO_32_BIT_CONVERSION = YES;
				GCC_WARN_ABOUT_RETURN_TYPE = YES_ERROR;
				GCC_WARN_UNDECLARED_SELECTOR = YES;
				GCC_WARN_UNINITIALIZED_AUTOS = YES_AGGRESSIVE;
				GCC_WARN_UNUSED_FUNCTION = YES;
				GCC_WARN_UNUSED_VARIABLE = YES;
				HEADER_SEARCH_PATHS = "$(SDKROOT)/usr/include/libxml2";
				IPHONEOS_DEPLOYMENT_TARGET = 9.0;
				MTL_ENABLE_DEBUG_INFO = YES;
				ONLY_ACTIVE_ARCH = YES;
				SDKROOT = iphoneos;
				SWIFT_OPTIMIZATION_LEVEL = "-Onone";
				SWIFT_VERSION = 3.0.1;
			};
			name = Debug;
		};
		607FACEE1AFB9204008FA782 /* Release */ = {
			isa = XCBuildConfiguration;
			buildSettings = {
				ALWAYS_SEARCH_USER_PATHS = NO;
				CLANG_CXX_LANGUAGE_STANDARD = "gnu++0x";
				CLANG_CXX_LIBRARY = "libc++";
				CLANG_ENABLE_MODULES = YES;
				CLANG_ENABLE_OBJC_ARC = YES;
				CLANG_WARN_BLOCK_CAPTURE_AUTORELEASING = YES;
				CLANG_WARN_BOOL_CONVERSION = YES;
				CLANG_WARN_COMMA = YES;
				CLANG_WARN_CONSTANT_CONVERSION = YES;
				CLANG_WARN_DIRECT_OBJC_ISA_USAGE = YES_ERROR;
				CLANG_WARN_EMPTY_BODY = YES;
				CLANG_WARN_ENUM_CONVERSION = YES;
				CLANG_WARN_INFINITE_RECURSION = YES;
				CLANG_WARN_INT_CONVERSION = YES;
				CLANG_WARN_NON_LITERAL_NULL_CONVERSION = YES;
				CLANG_WARN_OBJC_LITERAL_CONVERSION = YES;
				CLANG_WARN_OBJC_ROOT_CLASS = YES_ERROR;
				CLANG_WARN_RANGE_LOOP_ANALYSIS = YES;
				CLANG_WARN_STRICT_PROTOTYPES = YES;
				CLANG_WARN_SUSPICIOUS_MOVE = YES;
				CLANG_WARN_UNREACHABLE_CODE = YES;
				CLANG_WARN__DUPLICATE_METHOD_MATCH = YES;
				"CODE_SIGN_IDENTITY[sdk=iphoneos*]" = "iPhone Developer";
				COPY_PHASE_STRIP = NO;
				DEBUG_INFORMATION_FORMAT = "dwarf-with-dsym";
				ENABLE_NS_ASSERTIONS = NO;
				ENABLE_STRICT_OBJC_MSGSEND = YES;
				GCC_C_LANGUAGE_STANDARD = gnu99;
				GCC_NO_COMMON_BLOCKS = YES;
				GCC_WARN_64_TO_32_BIT_CONVERSION = YES;
				GCC_WARN_ABOUT_RETURN_TYPE = YES_ERROR;
				GCC_WARN_UNDECLARED_SELECTOR = YES;
				GCC_WARN_UNINITIALIZED_AUTOS = YES_AGGRESSIVE;
				GCC_WARN_UNUSED_FUNCTION = YES;
				GCC_WARN_UNUSED_VARIABLE = YES;
				HEADER_SEARCH_PATHS = "$(SDKROOT)/usr/include/libxml2";
				IPHONEOS_DEPLOYMENT_TARGET = 9.0;
				MTL_ENABLE_DEBUG_INFO = NO;
				SDKROOT = iphoneos;
				SWIFT_OPTIMIZATION_LEVEL = "-Owholemodule";
				SWIFT_VERSION = 3.0.1;
				VALIDATE_PRODUCT = YES;
			};
			name = Release;
		};
		607FACF01AFB9204008FA782 /* Debug */ = {
			isa = XCBuildConfiguration;
			buildSettings = {
				ASSETCATALOG_COMPILER_APPICON_NAME = AppIcon;
				"CODE_SIGN_IDENTITY[sdk=iphoneos*]" = "iPhone Developer";
				DEVELOPMENT_TEAM = PZYM8XX95Q;
				FRAMEWORK_SEARCH_PATHS = (
					"$(inherited)",
					"$(PROJECT_DIR)/Carthage/Build/iOS",
				);
				INFOPLIST_FILE = Example/Info.plist;
				LD_RUNPATH_SEARCH_PATHS = "$(inherited) @executable_path/Frameworks";
				MODULE_NAME = AztecExample;
				PRODUCT_BUNDLE_IDENTIFIER = org.wordpress.AztecExample;
				PRODUCT_NAME = "$(TARGET_NAME)";
				PROVISIONING_PROFILE = "";
				PROVISIONING_PROFILE_SPECIFIER = "Aztec Example Development";
				SWIFT_VERSION = 3.0;
				TARGETED_DEVICE_FAMILY = "1,2";
			};
			name = Debug;
		};
		607FACF11AFB9204008FA782 /* Release */ = {
			isa = XCBuildConfiguration;
			buildSettings = {
				ASSETCATALOG_COMPILER_APPICON_NAME = AppIcon;
				"CODE_SIGN_IDENTITY[sdk=iphoneos*]" = "iPhone Distribution: Automattic, Inc. (PZYM8XX95Q)";
				DEVELOPMENT_TEAM = PZYM8XX95Q;
				FRAMEWORK_SEARCH_PATHS = (
					"$(inherited)",
					"$(PROJECT_DIR)/Carthage/Build/iOS",
				);
				INFOPLIST_FILE = Example/Info.plist;
				LD_RUNPATH_SEARCH_PATHS = "$(inherited) @executable_path/Frameworks";
				MODULE_NAME = AztecExample;
				PRODUCT_BUNDLE_IDENTIFIER = org.wordpress.AztecExample.Release;
				PRODUCT_NAME = "$(TARGET_NAME)";
				PROVISIONING_PROFILE = "";
				PROVISIONING_PROFILE_SPECIFIER = "Aztec Example Ad Hoc";
				SWIFT_VERSION = 3.0;
				TARGETED_DEVICE_FAMILY = "1,2";
			};
			name = Release;
		};
		607FACF31AFB9204008FA782 /* Debug */ = {
			isa = XCBuildConfiguration;
			buildSettings = {
				BUNDLE_LOADER = "$(TEST_HOST)";
				CLANG_ENABLE_MODULES = YES;
				DEVELOPMENT_TEAM = "";
				GCC_PREPROCESSOR_DEFINITIONS = (
					"DEBUG=1",
					"$(inherited)",
				);
				INFOPLIST_FILE = Tests/Info.plist;
				LD_RUNPATH_SEARCH_PATHS = "$(inherited) @executable_path/Frameworks @loader_path/Frameworks";
				PRODUCT_BUNDLE_IDENTIFIER = "com.wordpress.$(PRODUCT_NAME:rfc1034identifier)";
				PRODUCT_NAME = "$(TARGET_NAME)";
				SWIFT_OPTIMIZATION_LEVEL = "-Onone";
				SWIFT_VERSION = 3.0;
				TEST_HOST = "$(BUILT_PRODUCTS_DIR)/AztecExample.app/AztecExample";
			};
			name = Debug;
		};
		607FACF41AFB9204008FA782 /* Release */ = {
			isa = XCBuildConfiguration;
			buildSettings = {
				BUNDLE_LOADER = "$(TEST_HOST)";
				CLANG_ENABLE_MODULES = YES;
				DEVELOPMENT_TEAM = "";
				INFOPLIST_FILE = Tests/Info.plist;
				LD_RUNPATH_SEARCH_PATHS = "$(inherited) @executable_path/Frameworks @loader_path/Frameworks";
				PRODUCT_BUNDLE_IDENTIFIER = "com.wordpress.$(PRODUCT_NAME:rfc1034identifier)";
				PRODUCT_NAME = "$(TARGET_NAME)";
				SWIFT_VERSION = 3.0;
				TEST_HOST = "$(BUILT_PRODUCTS_DIR)/AztecExample.app/AztecExample";
			};
			name = Release;
		};
		CC400F1E1E9EC04200859AB4 /* Debug */ = {
			isa = XCBuildConfiguration;
			buildSettings = {
				CLANG_ANALYZER_NONNULL = YES;
				CLANG_ANALYZER_NUMBER_OBJECT_CONVERSION = YES_AGGRESSIVE;
				CLANG_WARN_DOCUMENTATION_COMMENTS = YES;
				DEBUG_INFORMATION_FORMAT = dwarf;
				INFOPLIST_FILE = AztecUITests/Info.plist;
				IPHONEOS_DEPLOYMENT_TARGET = 10.3;
				LD_RUNPATH_SEARCH_PATHS = "$(inherited) @executable_path/Frameworks @loader_path/Frameworks";
				PRODUCT_BUNDLE_IDENTIFIER = WP.AztecUITests;
				PRODUCT_NAME = "$(TARGET_NAME)";
				SWIFT_ACTIVE_COMPILATION_CONDITIONS = DEBUG;
				SWIFT_VERSION = 3.0;
				TEST_TARGET_NAME = AztecExample;
			};
			name = Debug;
		};
		CC400F1F1E9EC04200859AB4 /* Release-Alpha */ = {
			isa = XCBuildConfiguration;
			buildSettings = {
				CLANG_ANALYZER_NONNULL = YES;
				CLANG_ANALYZER_NUMBER_OBJECT_CONVERSION = YES_AGGRESSIVE;
				CLANG_WARN_DOCUMENTATION_COMMENTS = YES;
				INFOPLIST_FILE = AztecUITests/Info.plist;
				IPHONEOS_DEPLOYMENT_TARGET = 10.3;
				LD_RUNPATH_SEARCH_PATHS = "$(inherited) @executable_path/Frameworks @loader_path/Frameworks";
				PRODUCT_BUNDLE_IDENTIFIER = WP.AztecUITests;
				PRODUCT_NAME = "$(TARGET_NAME)";
				SWIFT_VERSION = 3.0;
				TEST_TARGET_NAME = AztecExample;
			};
			name = "Release-Alpha";
		};
		CC400F201E9EC04200859AB4 /* Release */ = {
			isa = XCBuildConfiguration;
			buildSettings = {
				CLANG_ANALYZER_NONNULL = YES;
				CLANG_ANALYZER_NUMBER_OBJECT_CONVERSION = YES_AGGRESSIVE;
				CLANG_WARN_DOCUMENTATION_COMMENTS = YES;
				INFOPLIST_FILE = AztecUITests/Info.plist;
				IPHONEOS_DEPLOYMENT_TARGET = 10.3;
				LD_RUNPATH_SEARCH_PATHS = "$(inherited) @executable_path/Frameworks @loader_path/Frameworks";
				PRODUCT_BUNDLE_IDENTIFIER = WP.AztecUITests;
				PRODUCT_NAME = "$(TARGET_NAME)";
				SWIFT_VERSION = 3.0;
				TEST_TARGET_NAME = AztecExample;
			};
			name = Release;
		};
		CC400F211E9EC04200859AB4 /* Profiling */ = {
			isa = XCBuildConfiguration;
			buildSettings = {
				CLANG_ANALYZER_NONNULL = YES;
				CLANG_ANALYZER_NUMBER_OBJECT_CONVERSION = YES_AGGRESSIVE;
				CLANG_WARN_DOCUMENTATION_COMMENTS = YES;
				INFOPLIST_FILE = AztecUITests/Info.plist;
				IPHONEOS_DEPLOYMENT_TARGET = 10.3;
				LD_RUNPATH_SEARCH_PATHS = "$(inherited) @executable_path/Frameworks @loader_path/Frameworks";
				PRODUCT_BUNDLE_IDENTIFIER = WP.AztecUITests;
				PRODUCT_NAME = "$(TARGET_NAME)";
				SWIFT_VERSION = 3.0;
				TEST_TARGET_NAME = AztecExample;
			};
			name = Profiling;
		};
		F111A10D1DA7E77500294FD3 /* Profiling */ = {
			isa = XCBuildConfiguration;
			buildSettings = {
				ALWAYS_SEARCH_USER_PATHS = NO;
				CLANG_CXX_LANGUAGE_STANDARD = "gnu++0x";
				CLANG_CXX_LIBRARY = "libc++";
				CLANG_ENABLE_MODULES = YES;
				CLANG_ENABLE_OBJC_ARC = YES;
				CLANG_WARN_BLOCK_CAPTURE_AUTORELEASING = YES;
				CLANG_WARN_BOOL_CONVERSION = YES;
				CLANG_WARN_COMMA = YES;
				CLANG_WARN_CONSTANT_CONVERSION = YES;
				CLANG_WARN_DIRECT_OBJC_ISA_USAGE = YES_ERROR;
				CLANG_WARN_EMPTY_BODY = YES;
				CLANG_WARN_ENUM_CONVERSION = YES;
				CLANG_WARN_INFINITE_RECURSION = YES;
				CLANG_WARN_INT_CONVERSION = YES;
				CLANG_WARN_NON_LITERAL_NULL_CONVERSION = YES;
				CLANG_WARN_OBJC_LITERAL_CONVERSION = YES;
				CLANG_WARN_OBJC_ROOT_CLASS = YES_ERROR;
				CLANG_WARN_RANGE_LOOP_ANALYSIS = YES;
				CLANG_WARN_STRICT_PROTOTYPES = YES;
				CLANG_WARN_SUSPICIOUS_MOVE = YES;
				CLANG_WARN_UNREACHABLE_CODE = YES;
				CLANG_WARN__DUPLICATE_METHOD_MATCH = YES;
				"CODE_SIGN_IDENTITY[sdk=iphoneos*]" = "iPhone Developer";
				COPY_PHASE_STRIP = NO;
				DEBUG_INFORMATION_FORMAT = "dwarf-with-dsym";
				ENABLE_NS_ASSERTIONS = NO;
				ENABLE_STRICT_OBJC_MSGSEND = YES;
				ENABLE_TESTABILITY = YES;
				GCC_C_LANGUAGE_STANDARD = gnu99;
				GCC_NO_COMMON_BLOCKS = YES;
				GCC_WARN_64_TO_32_BIT_CONVERSION = YES;
				GCC_WARN_ABOUT_RETURN_TYPE = YES_ERROR;
				GCC_WARN_UNDECLARED_SELECTOR = YES;
				GCC_WARN_UNINITIALIZED_AUTOS = YES_AGGRESSIVE;
				GCC_WARN_UNUSED_FUNCTION = YES;
				GCC_WARN_UNUSED_VARIABLE = YES;
				HEADER_SEARCH_PATHS = "$(SDKROOT)/usr/include/libxml2";
				IPHONEOS_DEPLOYMENT_TARGET = 9.0;
				MTL_ENABLE_DEBUG_INFO = NO;
				ONLY_ACTIVE_ARCH = YES;
				SDKROOT = iphoneos;
				SWIFT_OPTIMIZATION_LEVEL = "-Owholemodule";
				SWIFT_VERSION = 3.0.1;
			};
			name = Profiling;
		};
		F111A10E1DA7E77500294FD3 /* Profiling */ = {
			isa = XCBuildConfiguration;
			buildSettings = {
				ASSETCATALOG_COMPILER_APPICON_NAME = AppIcon;
				"CODE_SIGN_IDENTITY[sdk=iphoneos*]" = "iPhone Developer";
				DEVELOPMENT_TEAM = PZYM8XX95Q;
				FRAMEWORK_SEARCH_PATHS = (
					"$(inherited)",
					"$(PROJECT_DIR)/Carthage/Build/iOS",
				);
				INFOPLIST_FILE = Example/Info.plist;
				LD_RUNPATH_SEARCH_PATHS = "$(inherited) @executable_path/Frameworks";
				MODULE_NAME = AztecExample;
				PRODUCT_BUNDLE_IDENTIFIER = org.wordpress.AztecExample;
				PRODUCT_NAME = "$(TARGET_NAME)";
				PROVISIONING_PROFILE = "";
				PROVISIONING_PROFILE_SPECIFIER = "Aztec Example Development";
				SWIFT_VERSION = 3.0;
				TARGETED_DEVICE_FAMILY = "1,2";
			};
			name = Profiling;
		};
		F111A10F1DA7E77500294FD3 /* Profiling */ = {
			isa = XCBuildConfiguration;
			buildSettings = {
				BUNDLE_LOADER = "$(TEST_HOST)";
				CLANG_ENABLE_MODULES = YES;
				DEVELOPMENT_TEAM = "";
				INFOPLIST_FILE = Tests/Info.plist;
				LD_RUNPATH_SEARCH_PATHS = "$(inherited) @executable_path/Frameworks @loader_path/Frameworks";
				PRODUCT_BUNDLE_IDENTIFIER = "com.wordpress.$(PRODUCT_NAME:rfc1034identifier)";
				PRODUCT_NAME = "$(TARGET_NAME)";
				SWIFT_VERSION = 3.0;
				TEST_HOST = "$(BUILT_PRODUCTS_DIR)/AztecExample.app/AztecExample";
			};
			name = Profiling;
		};
		F1882B661D9E0F55000B48D6 /* Release-Alpha */ = {
			isa = XCBuildConfiguration;
			buildSettings = {
				ALWAYS_SEARCH_USER_PATHS = NO;
				CLANG_CXX_LANGUAGE_STANDARD = "gnu++0x";
				CLANG_CXX_LIBRARY = "libc++";
				CLANG_ENABLE_MODULES = YES;
				CLANG_ENABLE_OBJC_ARC = YES;
				CLANG_WARN_BLOCK_CAPTURE_AUTORELEASING = YES;
				CLANG_WARN_BOOL_CONVERSION = YES;
				CLANG_WARN_COMMA = YES;
				CLANG_WARN_CONSTANT_CONVERSION = YES;
				CLANG_WARN_DIRECT_OBJC_ISA_USAGE = YES_ERROR;
				CLANG_WARN_EMPTY_BODY = YES;
				CLANG_WARN_ENUM_CONVERSION = YES;
				CLANG_WARN_INFINITE_RECURSION = YES;
				CLANG_WARN_INT_CONVERSION = YES;
				CLANG_WARN_NON_LITERAL_NULL_CONVERSION = YES;
				CLANG_WARN_OBJC_LITERAL_CONVERSION = YES;
				CLANG_WARN_OBJC_ROOT_CLASS = YES_ERROR;
				CLANG_WARN_RANGE_LOOP_ANALYSIS = YES;
				CLANG_WARN_STRICT_PROTOTYPES = YES;
				CLANG_WARN_SUSPICIOUS_MOVE = YES;
				CLANG_WARN_UNREACHABLE_CODE = YES;
				CLANG_WARN__DUPLICATE_METHOD_MATCH = YES;
				"CODE_SIGN_IDENTITY[sdk=iphoneos*]" = "iPhone Developer";
				COPY_PHASE_STRIP = NO;
				DEBUG_INFORMATION_FORMAT = "dwarf-with-dsym";
				ENABLE_STRICT_OBJC_MSGSEND = YES;
				ENABLE_TESTABILITY = YES;
				GCC_C_LANGUAGE_STANDARD = gnu99;
				GCC_DYNAMIC_NO_PIC = NO;
				GCC_NO_COMMON_BLOCKS = YES;
				GCC_OPTIMIZATION_LEVEL = 0;
				GCC_PREPROCESSOR_DEFINITIONS = (
					"DEBUG=1",
					"$(inherited)",
				);
				GCC_SYMBOLS_PRIVATE_EXTERN = NO;
				GCC_WARN_64_TO_32_BIT_CONVERSION = YES;
				GCC_WARN_ABOUT_RETURN_TYPE = YES_ERROR;
				GCC_WARN_UNDECLARED_SELECTOR = YES;
				GCC_WARN_UNINITIALIZED_AUTOS = YES_AGGRESSIVE;
				GCC_WARN_UNUSED_FUNCTION = YES;
				GCC_WARN_UNUSED_VARIABLE = YES;
				HEADER_SEARCH_PATHS = "$(SDKROOT)/usr/include/libxml2";
				IPHONEOS_DEPLOYMENT_TARGET = 9.0;
				MTL_ENABLE_DEBUG_INFO = YES;
				ONLY_ACTIVE_ARCH = YES;
				SDKROOT = iphoneos;
				SWIFT_OPTIMIZATION_LEVEL = "-Owholemodule";
				SWIFT_VERSION = 3.0.1;
			};
			name = "Release-Alpha";
		};
		F1882B671D9E0F55000B48D6 /* Release-Alpha */ = {
			isa = XCBuildConfiguration;
			buildSettings = {
				ASSETCATALOG_COMPILER_APPICON_NAME = AppIcon;
				"CODE_SIGN_IDENTITY[sdk=iphoneos*]" = "iPhone Distribution: Automattic, Inc.";
				DEVELOPMENT_TEAM = 99KV9Z6BKV;
				FRAMEWORK_SEARCH_PATHS = (
					"$(inherited)",
					"$(PROJECT_DIR)/Carthage/Build/iOS",
				);
				INFOPLIST_FILE = Example/Info.plist;
				LD_RUNPATH_SEARCH_PATHS = "$(inherited) @executable_path/Frameworks";
				MODULE_NAME = AztecExample;
				PRODUCT_BUNDLE_IDENTIFIER = org.wordpress.AztecExample.Alpha;
				PRODUCT_NAME = "$(TARGET_NAME)";
				PROVISIONING_PROFILE = "";
				PROVISIONING_PROFILE_SPECIFIER = "Aztec Example Alpha Distribution";
				SWIFT_VERSION = 3.0;
				TARGETED_DEVICE_FAMILY = "1,2";
			};
			name = "Release-Alpha";
		};
		F1882B681D9E0F55000B48D6 /* Release-Alpha */ = {
			isa = XCBuildConfiguration;
			buildSettings = {
				BUNDLE_LOADER = "$(TEST_HOST)";
				CLANG_ENABLE_MODULES = YES;
				DEVELOPMENT_TEAM = "";
				GCC_PREPROCESSOR_DEFINITIONS = (
					"DEBUG=1",
					"$(inherited)",
				);
				INFOPLIST_FILE = Tests/Info.plist;
				LD_RUNPATH_SEARCH_PATHS = "$(inherited) @executable_path/Frameworks @loader_path/Frameworks";
				PRODUCT_BUNDLE_IDENTIFIER = "com.wordpress.$(PRODUCT_NAME:rfc1034identifier)";
				PRODUCT_NAME = "$(TARGET_NAME)";
				SWIFT_OPTIMIZATION_LEVEL = "-Owholemodule";
				SWIFT_VERSION = 3.0;
				TEST_HOST = "$(BUILT_PRODUCTS_DIR)/AztecExample.app/AztecExample";
			};
			name = "Release-Alpha";
		};
/* End XCBuildConfiguration section */

/* Begin XCConfigurationList section */
		607FACCB1AFB9204008FA782 /* Build configuration list for PBXProject "AztecExample" */ = {
			isa = XCConfigurationList;
			buildConfigurations = (
				607FACED1AFB9204008FA782 /* Debug */,
				F1882B661D9E0F55000B48D6 /* Release-Alpha */,
				607FACEE1AFB9204008FA782 /* Release */,
				F111A10D1DA7E77500294FD3 /* Profiling */,
			);
			defaultConfigurationIsVisible = 0;
			defaultConfigurationName = Release;
		};
		607FACEF1AFB9204008FA782 /* Build configuration list for PBXNativeTarget "AztecExample" */ = {
			isa = XCConfigurationList;
			buildConfigurations = (
				607FACF01AFB9204008FA782 /* Debug */,
				F1882B671D9E0F55000B48D6 /* Release-Alpha */,
				607FACF11AFB9204008FA782 /* Release */,
				F111A10E1DA7E77500294FD3 /* Profiling */,
			);
			defaultConfigurationIsVisible = 0;
			defaultConfigurationName = Release;
		};
		607FACF21AFB9204008FA782 /* Build configuration list for PBXNativeTarget "AztecExample-Tests" */ = {
			isa = XCConfigurationList;
			buildConfigurations = (
				607FACF31AFB9204008FA782 /* Debug */,
				F1882B681D9E0F55000B48D6 /* Release-Alpha */,
				607FACF41AFB9204008FA782 /* Release */,
				F111A10F1DA7E77500294FD3 /* Profiling */,
			);
			defaultConfigurationIsVisible = 0;
			defaultConfigurationName = Release;
		};
		CC400F231E9EC04200859AB4 /* Build configuration list for PBXNativeTarget "AztecUITests" */ = {
			isa = XCConfigurationList;
			buildConfigurations = (
				CC400F1E1E9EC04200859AB4 /* Debug */,
				CC400F1F1E9EC04200859AB4 /* Release-Alpha */,
				CC400F201E9EC04200859AB4 /* Release */,
				CC400F211E9EC04200859AB4 /* Profiling */,
			);
			defaultConfigurationIsVisible = 0;
			defaultConfigurationName = Release;
		};
/* End XCConfigurationList section */
	};
	rootObject = 607FACC81AFB9204008FA782 /* Project object */;
}
