// !$*UTF8*$!
{
	archiveVersion = 1;
	classes = {
	};
	objectVersion = 46;
	objects = {

/* Begin PBXBuildFile section */
		596719401D8BC60D00F18F7F /* Gridicons.framework in Frameworks */ = {isa = PBXBuildFile; fileRef = 5967193D1D8BC60D00F18F7F /* Gridicons.framework */; };
		599F25861D8BD998002871D6 /* Gridicons.framework in CopyFiles */ = {isa = PBXBuildFile; fileRef = 5967193D1D8BC60D00F18F7F /* Gridicons.framework */; settings = {ATTRIBUTES = (CodeSignOnCopy, RemoveHeadersOnCopy, ); }; };
		FF5B98CD1DC20CBB00571CA4 /* AttachmentDetailsViewController.storyboard in Resources */ = {isa = PBXBuildFile; fileRef = FF5B98BB1DC20CBB00571CA4 /* AttachmentDetailsViewController.storyboard */; };
		FF5B98CE1DC20CBB00571CA4 /* LaunchScreen.xib in Resources */ = {isa = PBXBuildFile; fileRef = FF5B98BC1DC20CBB00571CA4 /* LaunchScreen.xib */; };
		FF5B98CF1DC20CBB00571CA4 /* Main.storyboard in Resources */ = {isa = PBXBuildFile; fileRef = FF5B98BE1DC20CBB00571CA4 /* Main.storyboard */; };
		FF5B98D01DC20CBB00571CA4 /* Images.xcassets in Resources */ = {isa = PBXBuildFile; fileRef = FF5B98C01DC20CBB00571CA4 /* Images.xcassets */; };
		FF5B98D11DC20CBB00571CA4 /* content.html in Resources */ = {isa = PBXBuildFile; fileRef = FF5B98C21DC20CBB00571CA4 /* content.html */; };
		FF5B98D21DC20CBB00571CA4 /* SampleText.rtf in Resources */ = {isa = PBXBuildFile; fileRef = FF5B98C31DC20CBB00571CA4 /* SampleText.rtf */; };
		FF5B98D31DC20CBB00571CA4 /* AppDelegate.swift in Sources */ = {isa = PBXBuildFile; fileRef = FF5B98C51DC20CBB00571CA4 /* AppDelegate.swift */; };
		FF5B98D41DC20CBB00571CA4 /* AttachmentDetailsViewController.swift in Sources */ = {isa = PBXBuildFile; fileRef = FF5B98C61DC20CBB00571CA4 /* AttachmentDetailsViewController.swift */; };
		FF5B98D51DC20CBB00571CA4 /* CursorCalloutDemoController.swift in Sources */ = {isa = PBXBuildFile; fileRef = FF5B98C71DC20CBB00571CA4 /* CursorCalloutDemoController.swift */; };
		FF5B98D71DC20CBB00571CA4 /* EditorDemoController.swift in Sources */ = {isa = PBXBuildFile; fileRef = FF5B98C91DC20CBB00571CA4 /* EditorDemoController.swift */; };
		FF5B98D81DC20CBB00571CA4 /* FormattingDemoController.swift in Sources */ = {isa = PBXBuildFile; fileRef = FF5B98CA1DC20CBB00571CA4 /* FormattingDemoController.swift */; };
		FF5B98D91DC20CBB00571CA4 /* ViewController.swift in Sources */ = {isa = PBXBuildFile; fileRef = FF5B98CB1DC20CBB00571CA4 /* ViewController.swift */; };
		FF5B98DF1DC20EB800571CA4 /* Aztec.framework in Frameworks */ = {isa = PBXBuildFile; fileRef = FF5B98DE1DC20EB800571CA4 /* Aztec.framework */; };
/* End PBXBuildFile section */

/* Begin PBXCopyFilesBuildPhase section */
		592D62C71D8DF5500013EFF7 /* Copy Frameworks */ = {
			isa = PBXCopyFilesBuildPhase;
			buildActionMask = 2147483647;
			dstPath = "";
			dstSubfolderSpec = 10;
			files = (
			);
			name = "Copy Frameworks";
			runOnlyForDeploymentPostprocessing = 0;
		};
		599F25831D8BD987002871D6 /* CopyFiles */ = {
			isa = PBXCopyFilesBuildPhase;
			buildActionMask = 2147483647;
			dstPath = "";
			dstSubfolderSpec = 10;
			files = (
				599F25861D8BD998002871D6 /* Gridicons.framework in CopyFiles */,
			);
			runOnlyForDeploymentPostprocessing = 0;
		};
/* End PBXCopyFilesBuildPhase section */

/* Begin PBXFileReference section */
		5967193D1D8BC60D00F18F7F /* Gridicons.framework */ = {isa = PBXFileReference; lastKnownFileType = wrapper.framework; name = Gridicons.framework; path = Carthage/Build/iOS/Gridicons.framework; sourceTree = "<group>"; };
		607FACD01AFB9204008FA782 /* AztecExample.app */ = {isa = PBXFileReference; explicitFileType = wrapper.application; includeInIndex = 0; path = AztecExample.app; sourceTree = BUILT_PRODUCTS_DIR; };
		FF5B98BB1DC20CBB00571CA4 /* AttachmentDetailsViewController.storyboard */ = {isa = PBXFileReference; fileEncoding = 4; lastKnownFileType = file.storyboard; path = AttachmentDetailsViewController.storyboard; sourceTree = "<group>"; };
		FF5B98BD1DC20CBB00571CA4 /* Base */ = {isa = PBXFileReference; lastKnownFileType = file.xib; name = Base; path = Base.lproj/LaunchScreen.xib; sourceTree = "<group>"; };
		FF5B98BF1DC20CBB00571CA4 /* Base */ = {isa = PBXFileReference; lastKnownFileType = file.storyboard; name = Base; path = Base.lproj/Main.storyboard; sourceTree = "<group>"; };
		FF5B98C01DC20CBB00571CA4 /* Images.xcassets */ = {isa = PBXFileReference; lastKnownFileType = folder.assetcatalog; path = Images.xcassets; sourceTree = "<group>"; };
		FF5B98C21DC20CBB00571CA4 /* content.html */ = {isa = PBXFileReference; fileEncoding = 4; lastKnownFileType = text.html; path = content.html; sourceTree = "<group>"; };
		FF5B98C31DC20CBB00571CA4 /* SampleText.rtf */ = {isa = PBXFileReference; fileEncoding = 4; lastKnownFileType = text.rtf; path = SampleText.rtf; sourceTree = "<group>"; };
		FF5B98C51DC20CBB00571CA4 /* AppDelegate.swift */ = {isa = PBXFileReference; fileEncoding = 4; lastKnownFileType = sourcecode.swift; path = AppDelegate.swift; sourceTree = "<group>"; };
		FF5B98C61DC20CBB00571CA4 /* AttachmentDetailsViewController.swift */ = {isa = PBXFileReference; fileEncoding = 4; lastKnownFileType = sourcecode.swift; path = AttachmentDetailsViewController.swift; sourceTree = "<group>"; };
		FF5B98C71DC20CBB00571CA4 /* CursorCalloutDemoController.swift */ = {isa = PBXFileReference; fileEncoding = 4; lastKnownFileType = sourcecode.swift; path = CursorCalloutDemoController.swift; sourceTree = "<group>"; };
		FF5B98C91DC20CBB00571CA4 /* EditorDemoController.swift */ = {isa = PBXFileReference; fileEncoding = 4; lastKnownFileType = sourcecode.swift; path = EditorDemoController.swift; sourceTree = "<group>"; };
		FF5B98CA1DC20CBB00571CA4 /* FormattingDemoController.swift */ = {isa = PBXFileReference; fileEncoding = 4; lastKnownFileType = sourcecode.swift; path = FormattingDemoController.swift; sourceTree = "<group>"; };
		FF5B98CB1DC20CBB00571CA4 /* ViewController.swift */ = {isa = PBXFileReference; fileEncoding = 4; lastKnownFileType = sourcecode.swift; path = ViewController.swift; sourceTree = "<group>"; };
		FF5B98CC1DC20CBB00571CA4 /* Info.plist */ = {isa = PBXFileReference; fileEncoding = 4; lastKnownFileType = text.plist.xml; name = Info.plist; path = Example/Info.plist; sourceTree = "<group>"; };
		FF5B98DE1DC20EB800571CA4 /* Aztec.framework */ = {isa = PBXFileReference; lastKnownFileType = wrapper.framework; name = Aztec.framework; path = "../../../Library/Developer/Xcode/DerivedData/Aztec-hjnhikiyxhzrvgbwqkbxkxleoars/Build/Products/Debug-iphonesimulator/Aztec.framework"; sourceTree = "<group>"; };
/* End PBXFileReference section */

/* Begin PBXFrameworksBuildPhase section */
		607FACCD1AFB9204008FA782 /* Frameworks */ = {
			isa = PBXFrameworksBuildPhase;
			buildActionMask = 2147483647;
			files = (
				FF5B98DF1DC20EB800571CA4 /* Aztec.framework in Frameworks */,
				596719401D8BC60D00F18F7F /* Gridicons.framework in Frameworks */,
			);
			runOnlyForDeploymentPostprocessing = 0;
		};
/* End PBXFrameworksBuildPhase section */

/* Begin PBXGroup section */
		02ECB379638AE0CDEAB24BEC /* Frameworks */ = {
			isa = PBXGroup;
			children = (
				FF5B98DE1DC20EB800571CA4 /* Aztec.framework */,
				5967193D1D8BC60D00F18F7F /* Gridicons.framework */,
			);
			name = Frameworks;
			sourceTree = "<group>";
		};
		599F257B1D8BD058002871D6 /* Dependencies */ = {
			isa = PBXGroup;
			children = (
			);
			name = Dependencies;
			sourceTree = "<group>";
		};
		607FACC71AFB9204008FA782 = {
			isa = PBXGroup;
			children = (
				FF5B98BA1DC20CBB00571CA4 /* Assets */,
				FF5B98C41DC20CBB00571CA4 /* Classes */,
				FF5B98CC1DC20CBB00571CA4 /* Info.plist */,
				02ECB379638AE0CDEAB24BEC /* Frameworks */,
				607FACD11AFB9204008FA782 /* Products */,
				599F257B1D8BD058002871D6 /* Dependencies */,
			);
			sourceTree = "<group>";
		};
		607FACD11AFB9204008FA782 /* Products */ = {
			isa = PBXGroup;
			children = (
				607FACD01AFB9204008FA782 /* AztecExample.app */,
			);
			name = Products;
			sourceTree = "<group>";
		};
		FF5B98BA1DC20CBB00571CA4 /* Assets */ = {
			isa = PBXGroup;
			children = (
				FF5B98BB1DC20CBB00571CA4 /* AttachmentDetailsViewController.storyboard */,
				FF5B98BC1DC20CBB00571CA4 /* LaunchScreen.xib */,
				FF5B98BE1DC20CBB00571CA4 /* Main.storyboard */,
				FF5B98C01DC20CBB00571CA4 /* Images.xcassets */,
				FF5B98C11DC20CBB00571CA4 /* SampleContent */,
			);
			name = Assets;
			path = Example/Assets;
			sourceTree = "<group>";
		};
		FF5B98C11DC20CBB00571CA4 /* SampleContent */ = {
			isa = PBXGroup;
			children = (
				FF5B98C21DC20CBB00571CA4 /* content.html */,
				FF5B98C31DC20CBB00571CA4 /* SampleText.rtf */,
			);
			path = SampleContent;
			sourceTree = "<group>";
		};
		FF5B98C41DC20CBB00571CA4 /* Classes */ = {
			isa = PBXGroup;
			children = (
				FF5B98C51DC20CBB00571CA4 /* AppDelegate.swift */,
				FF5B98C61DC20CBB00571CA4 /* AttachmentDetailsViewController.swift */,
				FF5B98C71DC20CBB00571CA4 /* CursorCalloutDemoController.swift */,
				FF5B98C91DC20CBB00571CA4 /* EditorDemoController.swift */,
				FF5B98CA1DC20CBB00571CA4 /* FormattingDemoController.swift */,
				FF5B98CB1DC20CBB00571CA4 /* ViewController.swift */,
			);
			name = Classes;
			path = Example/Classes;
			sourceTree = "<group>";
		};
/* End PBXGroup section */

/* Begin PBXNativeTarget section */
		607FACCF1AFB9204008FA782 /* AztecExample */ = {
			isa = PBXNativeTarget;
			buildConfigurationList = 607FACEF1AFB9204008FA782 /* Build configuration list for PBXNativeTarget "AztecExample" */;
			buildPhases = (
				607FACCC1AFB9204008FA782 /* Sources */,
				607FACCD1AFB9204008FA782 /* Frameworks */,
				607FACCE1AFB9204008FA782 /* Resources */,
				599F25831D8BD987002871D6 /* CopyFiles */,
				592D62C71D8DF5500013EFF7 /* Copy Frameworks */,
			);
			buildRules = (
			);
			dependencies = (
			);
			name = AztecExample;
			productName = "WordPress-Aztec-iOS";
			productReference = 607FACD01AFB9204008FA782 /* AztecExample.app */;
			productType = "com.apple.product-type.application";
		};
/* End PBXNativeTarget section */

/* Begin PBXProject section */
		607FACC81AFB9204008FA782 /* Project object */ = {
			isa = PBXProject;
			attributes = {
				LastSwiftUpdateCheck = 0720;
				LastUpgradeCheck = 0800;
				ORGANIZATIONNAME = "Automattic Inc.";
				TargetAttributes = {
					607FACCF1AFB9204008FA782 = {
						CreatedOnToolsVersion = 6.3.1;
						DevelopmentTeam = PZYM8XX95Q;
						LastSwiftMigration = 0800;
						ProvisioningStyle = Manual;
					};
				};
			};
			buildConfigurationList = 607FACCB1AFB9204008FA782 /* Build configuration list for PBXProject "AztecExample" */;
			compatibilityVersion = "Xcode 3.2";
			developmentRegion = English;
			hasScannedForEncodings = 0;
			knownRegions = (
				en,
				Base,
			);
			mainGroup = 607FACC71AFB9204008FA782;
			productRefGroup = 607FACD11AFB9204008FA782 /* Products */;
			projectDirPath = "";
			projectRoot = "";
			targets = (
				607FACCF1AFB9204008FA782 /* AztecExample */,
			);
		};
/* End PBXProject section */

/* Begin PBXResourcesBuildPhase section */
		607FACCE1AFB9204008FA782 /* Resources */ = {
			isa = PBXResourcesBuildPhase;
			buildActionMask = 2147483647;
			files = (
				FF5B98CF1DC20CBB00571CA4 /* Main.storyboard in Resources */,
				FF5B98D01DC20CBB00571CA4 /* Images.xcassets in Resources */,
				FF5B98CE1DC20CBB00571CA4 /* LaunchScreen.xib in Resources */,
				FF5B98CD1DC20CBB00571CA4 /* AttachmentDetailsViewController.storyboard in Resources */,
				FF5B98D11DC20CBB00571CA4 /* content.html in Resources */,
				FF5B98D21DC20CBB00571CA4 /* SampleText.rtf in Resources */,
			);
			runOnlyForDeploymentPostprocessing = 0;
		};
/* End PBXResourcesBuildPhase section */

/* Begin PBXSourcesBuildPhase section */
		607FACCC1AFB9204008FA782 /* Sources */ = {
			isa = PBXSourcesBuildPhase;
			buildActionMask = 2147483647;
			files = (
				FF5B98D71DC20CBB00571CA4 /* EditorDemoController.swift in Sources */,
				FF5B98D51DC20CBB00571CA4 /* CursorCalloutDemoController.swift in Sources */,
				FF5B98D41DC20CBB00571CA4 /* AttachmentDetailsViewController.swift in Sources */,
				FF5B98D81DC20CBB00571CA4 /* FormattingDemoController.swift in Sources */,
				FF5B98D91DC20CBB00571CA4 /* ViewController.swift in Sources */,
				FF5B98D31DC20CBB00571CA4 /* AppDelegate.swift in Sources */,
			);
			runOnlyForDeploymentPostprocessing = 0;
		};
/* End PBXSourcesBuildPhase section */

/* Begin PBXVariantGroup section */
		FF5B98BC1DC20CBB00571CA4 /* LaunchScreen.xib */ = {
			isa = PBXVariantGroup;
			children = (
				FF5B98BD1DC20CBB00571CA4 /* Base */,
			);
			name = LaunchScreen.xib;
			sourceTree = "<group>";
		};
		FF5B98BE1DC20CBB00571CA4 /* Main.storyboard */ = {
			isa = PBXVariantGroup;
			children = (
				FF5B98BF1DC20CBB00571CA4 /* Base */,
			);
			name = Main.storyboard;
			sourceTree = "<group>";
		};
/* End PBXVariantGroup section */

/* Begin XCBuildConfiguration section */
		607FACED1AFB9204008FA782 /* Debug */ = {
			isa = XCBuildConfiguration;
			buildSettings = {
				ALWAYS_SEARCH_USER_PATHS = NO;
				CLANG_CXX_LANGUAGE_STANDARD = "gnu++0x";
				CLANG_CXX_LIBRARY = "libc++";
				CLANG_ENABLE_MODULES = YES;
				CLANG_ENABLE_OBJC_ARC = YES;
				CLANG_WARN_BOOL_CONVERSION = YES;
				CLANG_WARN_CONSTANT_CONVERSION = YES;
				CLANG_WARN_DIRECT_OBJC_ISA_USAGE = YES_ERROR;
				CLANG_WARN_EMPTY_BODY = YES;
				CLANG_WARN_ENUM_CONVERSION = YES;
				CLANG_WARN_INFINITE_RECURSION = YES;
				CLANG_WARN_INT_CONVERSION = YES;
				CLANG_WARN_OBJC_ROOT_CLASS = YES_ERROR;
				CLANG_WARN_SUSPICIOUS_MOVE = YES;
				CLANG_WARN_UNREACHABLE_CODE = YES;
				CLANG_WARN__DUPLICATE_METHOD_MATCH = YES;
				"CODE_SIGN_IDENTITY[sdk=iphoneos*]" = "iPhone Developer";
				COPY_PHASE_STRIP = NO;
				DEBUG_INFORMATION_FORMAT = "dwarf-with-dsym";
				ENABLE_STRICT_OBJC_MSGSEND = YES;
				ENABLE_TESTABILITY = YES;
				GCC_C_LANGUAGE_STANDARD = gnu99;
				GCC_DYNAMIC_NO_PIC = NO;
				GCC_NO_COMMON_BLOCKS = YES;
				GCC_OPTIMIZATION_LEVEL = 0;
				GCC_PREPROCESSOR_DEFINITIONS = (
					"DEBUG=1",
					"$(inherited)",
				);
				GCC_SYMBOLS_PRIVATE_EXTERN = NO;
				GCC_WARN_64_TO_32_BIT_CONVERSION = YES;
				GCC_WARN_ABOUT_RETURN_TYPE = YES_ERROR;
				GCC_WARN_UNDECLARED_SELECTOR = YES;
				GCC_WARN_UNINITIALIZED_AUTOS = YES_AGGRESSIVE;
				GCC_WARN_UNUSED_FUNCTION = YES;
				GCC_WARN_UNUSED_VARIABLE = YES;
				HEADER_SEARCH_PATHS = "$(SDKROOT)/usr/include/libxml2";
				IPHONEOS_DEPLOYMENT_TARGET = 9.0;
				MTL_ENABLE_DEBUG_INFO = YES;
				ONLY_ACTIVE_ARCH = YES;
				SDKROOT = iphoneos;
				SWIFT_OPTIMIZATION_LEVEL = "-Onone";
			};
			name = Debug;
		};
		607FACEE1AFB9204008FA782 /* Release */ = {
			isa = XCBuildConfiguration;
			buildSettings = {
				ALWAYS_SEARCH_USER_PATHS = NO;
				CLANG_CXX_LANGUAGE_STANDARD = "gnu++0x";
				CLANG_CXX_LIBRARY = "libc++";
				CLANG_ENABLE_MODULES = YES;
				CLANG_ENABLE_OBJC_ARC = YES;
				CLANG_WARN_BOOL_CONVERSION = YES;
				CLANG_WARN_CONSTANT_CONVERSION = YES;
				CLANG_WARN_DIRECT_OBJC_ISA_USAGE = YES_ERROR;
				CLANG_WARN_EMPTY_BODY = YES;
				CLANG_WARN_ENUM_CONVERSION = YES;
				CLANG_WARN_INFINITE_RECURSION = YES;
				CLANG_WARN_INT_CONVERSION = YES;
				CLANG_WARN_OBJC_ROOT_CLASS = YES_ERROR;
				CLANG_WARN_SUSPICIOUS_MOVE = YES;
				CLANG_WARN_UNREACHABLE_CODE = YES;
				CLANG_WARN__DUPLICATE_METHOD_MATCH = YES;
				"CODE_SIGN_IDENTITY[sdk=iphoneos*]" = "iPhone Developer";
				COPY_PHASE_STRIP = NO;
				DEBUG_INFORMATION_FORMAT = "dwarf-with-dsym";
				ENABLE_NS_ASSERTIONS = NO;
				ENABLE_STRICT_OBJC_MSGSEND = YES;
				GCC_C_LANGUAGE_STANDARD = gnu99;
				GCC_NO_COMMON_BLOCKS = YES;
				GCC_WARN_64_TO_32_BIT_CONVERSION = YES;
				GCC_WARN_ABOUT_RETURN_TYPE = YES_ERROR;
				GCC_WARN_UNDECLARED_SELECTOR = YES;
				GCC_WARN_UNINITIALIZED_AUTOS = YES_AGGRESSIVE;
				GCC_WARN_UNUSED_FUNCTION = YES;
				GCC_WARN_UNUSED_VARIABLE = YES;
				HEADER_SEARCH_PATHS = "$(SDKROOT)/usr/include/libxml2";
				IPHONEOS_DEPLOYMENT_TARGET = 9.0;
				MTL_ENABLE_DEBUG_INFO = NO;
				SDKROOT = iphoneos;
				SWIFT_OPTIMIZATION_LEVEL = "-Owholemodule";
				VALIDATE_PRODUCT = YES;
			};
			name = Release;
		};
		607FACF01AFB9204008FA782 /* Debug */ = {
			isa = XCBuildConfiguration;
			buildSettings = {
				ASSETCATALOG_COMPILER_APPICON_NAME = AppIcon;
				"CODE_SIGN_IDENTITY[sdk=iphoneos*]" = "iPhone Developer";
				DEVELOPMENT_TEAM = PZYM8XX95Q;
				FRAMEWORK_SEARCH_PATHS = (
					"$(inherited)",
					"$(PROJECT_DIR)/Carthage/Build/iOS",
				);
				INFOPLIST_FILE = Example/Info.plist;
				LD_RUNPATH_SEARCH_PATHS = "$(inherited) @executable_path/Frameworks";
				MODULE_NAME = AztecExample;
				PRODUCT_BUNDLE_IDENTIFIER = org.wordpress.AztecExample;
				PRODUCT_NAME = "$(TARGET_NAME)";
				PROVISIONING_PROFILE = "1aa23f94-9d95-4000-a0a6-8b0a49a2eb62";
				PROVISIONING_PROFILE_SPECIFIER = "Aztec Example Development";
				SWIFT_VERSION = 2.3;
				TARGETED_DEVICE_FAMILY = "1,2";
			};
			name = Debug;
		};
		607FACF11AFB9204008FA782 /* Release */ = {
			isa = XCBuildConfiguration;
			buildSettings = {
				ASSETCATALOG_COMPILER_APPICON_NAME = AppIcon;
				"CODE_SIGN_IDENTITY[sdk=iphoneos*]" = "iPhone Distribution: Automattic, Inc. (PZYM8XX95Q)";
				DEVELOPMENT_TEAM = PZYM8XX95Q;
				FRAMEWORK_SEARCH_PATHS = (
					"$(inherited)",
					"$(PROJECT_DIR)/Carthage/Build/iOS",
				);
				INFOPLIST_FILE = Example/Info.plist;
				LD_RUNPATH_SEARCH_PATHS = "$(inherited) @executable_path/Frameworks";
				MODULE_NAME = AztecExample;
				PRODUCT_BUNDLE_IDENTIFIER = org.wordpress.AztecExample.Release;
				PRODUCT_NAME = "$(TARGET_NAME)";
				PROVISIONING_PROFILE = "839aa3fc-0198-4ea8-bb9b-58c5e9b3e71c";
				PROVISIONING_PROFILE_SPECIFIER = "Aztec Example Ad Hoc";
				SWIFT_VERSION = 2.3;
				TARGETED_DEVICE_FAMILY = "1,2";
			};
			name = Release;
		};
		F111A10D1DA7E77500294FD3 /* Profiling */ = {
			isa = XCBuildConfiguration;
			buildSettings = {
				ALWAYS_SEARCH_USER_PATHS = NO;
				CLANG_CXX_LANGUAGE_STANDARD = "gnu++0x";
				CLANG_CXX_LIBRARY = "libc++";
				CLANG_ENABLE_MODULES = YES;
				CLANG_ENABLE_OBJC_ARC = YES;
				CLANG_WARN_BOOL_CONVERSION = YES;
				CLANG_WARN_CONSTANT_CONVERSION = YES;
				CLANG_WARN_DIRECT_OBJC_ISA_USAGE = YES_ERROR;
				CLANG_WARN_EMPTY_BODY = YES;
				CLANG_WARN_ENUM_CONVERSION = YES;
				CLANG_WARN_INFINITE_RECURSION = YES;
				CLANG_WARN_INT_CONVERSION = YES;
				CLANG_WARN_OBJC_ROOT_CLASS = YES_ERROR;
				CLANG_WARN_SUSPICIOUS_MOVE = YES;
				CLANG_WARN_UNREACHABLE_CODE = YES;
				CLANG_WARN__DUPLICATE_METHOD_MATCH = YES;
				"CODE_SIGN_IDENTITY[sdk=iphoneos*]" = "iPhone Developer";
				COPY_PHASE_STRIP = NO;
				DEBUG_INFORMATION_FORMAT = "dwarf-with-dsym";
				ENABLE_NS_ASSERTIONS = NO;
				ENABLE_STRICT_OBJC_MSGSEND = YES;
				ENABLE_TESTABILITY = YES;
				GCC_C_LANGUAGE_STANDARD = gnu99;
				GCC_NO_COMMON_BLOCKS = YES;
				GCC_WARN_64_TO_32_BIT_CONVERSION = YES;
				GCC_WARN_ABOUT_RETURN_TYPE = YES_ERROR;
				GCC_WARN_UNDECLARED_SELECTOR = YES;
				GCC_WARN_UNINITIALIZED_AUTOS = YES_AGGRESSIVE;
				GCC_WARN_UNUSED_FUNCTION = YES;
				GCC_WARN_UNUSED_VARIABLE = YES;
				HEADER_SEARCH_PATHS = "$(SDKROOT)/usr/include/libxml2";
				IPHONEOS_DEPLOYMENT_TARGET = 9.0;
				MTL_ENABLE_DEBUG_INFO = NO;
				ONLY_ACTIVE_ARCH = YES;
				SDKROOT = iphoneos;
				SWIFT_OPTIMIZATION_LEVEL = "-Owholemodule";
			};
			name = Profiling;
		};
		F111A10E1DA7E77500294FD3 /* Profiling */ = {
			isa = XCBuildConfiguration;
			buildSettings = {
				ASSETCATALOG_COMPILER_APPICON_NAME = AppIcon;
				"CODE_SIGN_IDENTITY[sdk=iphoneos*]" = "iPhone Developer";
				DEVELOPMENT_TEAM = PZYM8XX95Q;
				FRAMEWORK_SEARCH_PATHS = (
					"$(inherited)",
					"$(PROJECT_DIR)/Carthage/Build/iOS",
				);
				INFOPLIST_FILE = Example/Info.plist;
				LD_RUNPATH_SEARCH_PATHS = "$(inherited) @executable_path/Frameworks";
				MODULE_NAME = AztecExample;
				PRODUCT_BUNDLE_IDENTIFIER = org.wordpress.AztecExample;
				PRODUCT_NAME = "$(TARGET_NAME)";
				PROVISIONING_PROFILE = "1aa23f94-9d95-4000-a0a6-8b0a49a2eb62";
				PROVISIONING_PROFILE_SPECIFIER = "Aztec Example Development";
				SWIFT_VERSION = 2.3;
				TARGETED_DEVICE_FAMILY = "1,2";
			};
			name = Profiling;
		};
		F1882B661D9E0F55000B48D6 /* Release-Alpha */ = {
			isa = XCBuildConfiguration;
			buildSettings = {
				ALWAYS_SEARCH_USER_PATHS = NO;
				CLANG_CXX_LANGUAGE_STANDARD = "gnu++0x";
				CLANG_CXX_LIBRARY = "libc++";
				CLANG_ENABLE_MODULES = YES;
				CLANG_ENABLE_OBJC_ARC = YES;
				CLANG_WARN_BOOL_CONVERSION = YES;
				CLANG_WARN_CONSTANT_CONVERSION = YES;
				CLANG_WARN_DIRECT_OBJC_ISA_USAGE = YES_ERROR;
				CLANG_WARN_EMPTY_BODY = YES;
				CLANG_WARN_ENUM_CONVERSION = YES;
				CLANG_WARN_INFINITE_RECURSION = YES;
				CLANG_WARN_INT_CONVERSION = YES;
				CLANG_WARN_OBJC_ROOT_CLASS = YES_ERROR;
				CLANG_WARN_SUSPICIOUS_MOVE = YES;
				CLANG_WARN_UNREACHABLE_CODE = YES;
				CLANG_WARN__DUPLICATE_METHOD_MATCH = YES;
				"CODE_SIGN_IDENTITY[sdk=iphoneos*]" = "iPhone Developer";
				COPY_PHASE_STRIP = NO;
				DEBUG_INFORMATION_FORMAT = "dwarf-with-dsym";
				ENABLE_STRICT_OBJC_MSGSEND = YES;
				ENABLE_TESTABILITY = YES;
				GCC_C_LANGUAGE_STANDARD = gnu99;
				GCC_DYNAMIC_NO_PIC = NO;
				GCC_NO_COMMON_BLOCKS = YES;
				GCC_OPTIMIZATION_LEVEL = 0;
				GCC_PREPROCESSOR_DEFINITIONS = (
					"DEBUG=1",
					"$(inherited)",
				);
				GCC_SYMBOLS_PRIVATE_EXTERN = NO;
				GCC_WARN_64_TO_32_BIT_CONVERSION = YES;
				GCC_WARN_ABOUT_RETURN_TYPE = YES_ERROR;
				GCC_WARN_UNDECLARED_SELECTOR = YES;
				GCC_WARN_UNINITIALIZED_AUTOS = YES_AGGRESSIVE;
				GCC_WARN_UNUSED_FUNCTION = YES;
				GCC_WARN_UNUSED_VARIABLE = YES;
				HEADER_SEARCH_PATHS = "$(SDKROOT)/usr/include/libxml2";
				IPHONEOS_DEPLOYMENT_TARGET = 9.0;
				MTL_ENABLE_DEBUG_INFO = YES;
				ONLY_ACTIVE_ARCH = YES;
				SDKROOT = iphoneos;
				SWIFT_OPTIMIZATION_LEVEL = "-Onone";
			};
			name = "Release-Alpha";
		};
		F1882B671D9E0F55000B48D6 /* Release-Alpha */ = {
			isa = XCBuildConfiguration;
			buildSettings = {
				ASSETCATALOG_COMPILER_APPICON_NAME = AppIcon;
				"CODE_SIGN_IDENTITY[sdk=iphoneos*]" = "iPhone Distribution: Automattic, Inc.";
				DEVELOPMENT_TEAM = 99KV9Z6BKV;
				FRAMEWORK_SEARCH_PATHS = (
					"$(inherited)",
					"$(PROJECT_DIR)/Carthage/Build/iOS",
				);
				INFOPLIST_FILE = Example/Info.plist;
				LD_RUNPATH_SEARCH_PATHS = "$(inherited) @executable_path/Frameworks";
				MODULE_NAME = AztecExample;
				PRODUCT_BUNDLE_IDENTIFIER = org.wordpress.AztecExample.Alpha;
				PRODUCT_NAME = "$(TARGET_NAME)";
				PROVISIONING_PROFILE = "3e277507-6579-4f06-95c1-93e8cd30fbe3";
				PROVISIONING_PROFILE_SPECIFIER = "Aztec Example Alpha Distribution";
				SWIFT_VERSION = 2.3;
				TARGETED_DEVICE_FAMILY = "1,2";
			};
			name = "Release-Alpha";
		};
/* End XCBuildConfiguration section */

/* Begin XCConfigurationList section */
		607FACCB1AFB9204008FA782 /* Build configuration list for PBXProject "AztecExample" */ = {
			isa = XCConfigurationList;
			buildConfigurations = (
				607FACED1AFB9204008FA782 /* Debug */,
				F1882B661D9E0F55000B48D6 /* Release-Alpha */,
				607FACEE1AFB9204008FA782 /* Release */,
				F111A10D1DA7E77500294FD3 /* Profiling */,
			);
			defaultConfigurationIsVisible = 0;
			defaultConfigurationName = Release;
		};
		607FACEF1AFB9204008FA782 /* Build configuration list for PBXNativeTarget "AztecExample" */ = {
			isa = XCConfigurationList;
			buildConfigurations = (
				607FACF01AFB9204008FA782 /* Debug */,
				F1882B671D9E0F55000B48D6 /* Release-Alpha */,
				607FACF11AFB9204008FA782 /* Release */,
				F111A10E1DA7E77500294FD3 /* Profiling */,
			);
			defaultConfigurationIsVisible = 0;
			defaultConfigurationName = Release;
		};
/* End XCConfigurationList section */
	};
	rootObject = 607FACC81AFB9204008FA782 /* Project object */;
}
