// !$*UTF8*$!
{
	archiveVersion = 1;
	classes = {
	};
	objectVersion = 46;
	objects = {

/* Begin PBXBuildFile section */
		0DCC2B9484E0CC4D2B74CA3B /* Pods_WordPress_Aztec_iOS_Tests.framework in Frameworks */ = {isa = PBXBuildFile; fileRef = A8A3F5027B989998D68F6612 /* Pods_WordPress_Aztec_iOS_Tests.framework */; };
		590142EE1D58E4EA006415C3 /* EditingLogic.rtf in Resources */ = {isa = PBXBuildFile; fileRef = 590142ED1D58E4EA006415C3 /* EditingLogic.rtf */; };
		59280F2A1D47CAF40083FB59 /* content.html in Resources */ = {isa = PBXBuildFile; fileRef = 59280F281D47CAF40083FB59 /* content.html */; };
		59280F2B1D47CAF40083FB59 /* SampleText.rtf in Resources */ = {isa = PBXBuildFile; fileRef = 59280F291D47CAF40083FB59 /* SampleText.rtf */; };
		594070161D5E199F00352553 /* ElementNodeTests.swift in Sources */ = {isa = PBXBuildFile; fileRef = 594070121D5E199700352553 /* ElementNodeTests.swift */; };
		594070171D5E199F00352553 /* NodeTests.swift in Sources */ = {isa = PBXBuildFile; fileRef = 594070131D5E199700352553 /* NodeTests.swift */; };
		59538A371D50ED7600E35CA3 /* CLinkedListToArrayConverterTests.swift in Sources */ = {isa = PBXBuildFile; fileRef = 59538A2E1D50ED7600E35CA3 /* CLinkedListToArrayConverterTests.swift */; };
		59538A381D50ED7600E35CA3 /* OutAttributeConverterTests.swift in Sources */ = {isa = PBXBuildFile; fileRef = 59538A301D50ED7600E35CA3 /* OutAttributeConverterTests.swift */; };
		59538A391D50ED7600E35CA3 /* OutHTMLConverterTests.swift in Sources */ = {isa = PBXBuildFile; fileRef = 59538A311D50ED7600E35CA3 /* OutHTMLConverterTests.swift */; };
		59538A3A1D50ED7600E35CA3 /* OutNodeConverterTests.swift in Sources */ = {isa = PBXBuildFile; fileRef = 59538A321D50ED7600E35CA3 /* OutNodeConverterTests.swift */; };
		59538A3B1D50ED7600E35CA3 /* HTMLToAttributedStringTests.swift in Sources */ = {isa = PBXBuildFile; fileRef = 59538A341D50ED7600E35CA3 /* HTMLToAttributedStringTests.swift */; };
		59538A3C1D50ED7600E35CA3 /* InAttributeConverterTests.swift in Sources */ = {isa = PBXBuildFile; fileRef = 59538A351D50ED7600E35CA3 /* InAttributeConverterTests.swift */; };
		59538A3D1D50ED7600E35CA3 /* InHTMLConverterTests.swift in Sources */ = {isa = PBXBuildFile; fileRef = 59538A361D50ED7600E35CA3 /* InHTMLConverterTests.swift */; };
		59538A3F1D50EE7100E35CA3 /* InNodeConverterTests.swift in Sources */ = {isa = PBXBuildFile; fileRef = 59538A3E1D50EE7100E35CA3 /* InNodeConverterTests.swift */; };
		607FACD61AFB9204008FA782 /* AppDelegate.swift in Sources */ = {isa = PBXBuildFile; fileRef = 607FACD51AFB9204008FA782 /* AppDelegate.swift */; };
		607FACD81AFB9204008FA782 /* ViewController.swift in Sources */ = {isa = PBXBuildFile; fileRef = 607FACD71AFB9204008FA782 /* ViewController.swift */; };
		607FACDB1AFB9204008FA782 /* Main.storyboard in Resources */ = {isa = PBXBuildFile; fileRef = 607FACD91AFB9204008FA782 /* Main.storyboard */; };
		607FACDD1AFB9204008FA782 /* Images.xcassets in Resources */ = {isa = PBXBuildFile; fileRef = 607FACDC1AFB9204008FA782 /* Images.xcassets */; };
		607FACE01AFB9204008FA782 /* LaunchScreen.xib in Resources */ = {isa = PBXBuildFile; fileRef = 607FACDE1AFB9204008FA782 /* LaunchScreen.xib */; };
		B32F7669027D39A004FD46B8 /* Pods_WordPress_Aztec_iOS_Example.framework in Frameworks */ = {isa = PBXBuildFile; fileRef = 6E70EF646EF8E211667E0596 /* Pods_WordPress_Aztec_iOS_Example.framework */; };
		B5771B531D81BF08004D8457 /* AttachmentDetailsViewController.xib in Resources */ = {isa = PBXBuildFile; fileRef = B5771B521D81BF08004D8457 /* AttachmentDetailsViewController.xib */; };
		B5C77ADF1D81B8E900733726 /* AttachmentDetailsViewController.swift in Sources */ = {isa = PBXBuildFile; fileRef = B5C77ADE1D81B8E900733726 /* AttachmentDetailsViewController.swift */; };
		E60B0CF81D2D88A200AEAEEA /* AztecVisualEditorTests.swift in Sources */ = {isa = PBXBuildFile; fileRef = E60B0CF71D2D88A200AEAEEA /* AztecVisualEditorTests.swift */; };
		E62AD5C81D404176002B58C2 /* AztecTextStorageTests.swift in Sources */ = {isa = PBXBuildFile; fileRef = E62AD5C61D403CE6002B58C2 /* AztecTextStorageTests.swift */; };
		E63BE9871D304A970065FF75 /* FormattingDemoController.swift in Sources */ = {isa = PBXBuildFile; fileRef = E63BE9861D304A970065FF75 /* FormattingDemoController.swift */; };
		E63EF92B1D36A60B00B5BA4B /* EditorDemoController.swift in Sources */ = {isa = PBXBuildFile; fileRef = E63EF92A1D36A60B00B5BA4B /* EditorDemoController.swift */; };
		E66568F01D26DE6800E6913B /* CursorCalloutDemoController.swift in Sources */ = {isa = PBXBuildFile; fileRef = E66568EF1D26DE6800E6913B /* CursorCalloutDemoController.swift */; };
		E66568F21D26DE9200E6913B /* DraggableDemoController.swift in Sources */ = {isa = PBXBuildFile; fileRef = E66568F11D26DE9200E6913B /* DraggableDemoController.swift */; };
/* End PBXBuildFile section */

/* Begin PBXContainerItemProxy section */
		607FACE61AFB9204008FA782 /* PBXContainerItemProxy */ = {
			isa = PBXContainerItemProxy;
			containerPortal = 607FACC81AFB9204008FA782 /* Project object */;
			proxyType = 1;
			remoteGlobalIDString = 607FACCF1AFB9204008FA782;
			remoteInfo = "WordPress-Aztec-iOS";
		};
/* End PBXContainerItemProxy section */

/* Begin PBXFileReference section */
		46F80AF8CF44F55383EEED45 /* WordPress-Aztec-iOS.podspec */ = {isa = PBXFileReference; includeInIndex = 1; lastKnownFileType = text; name = "WordPress-Aztec-iOS.podspec"; path = "../WordPress-Aztec-iOS.podspec"; sourceTree = "<group>"; };
		55A84D8BDE6D6AD461454C19 /* Pods-WordPress-Aztec-iOS_Example.debug.xcconfig */ = {isa = PBXFileReference; includeInIndex = 1; lastKnownFileType = text.xcconfig; name = "Pods-WordPress-Aztec-iOS_Example.debug.xcconfig"; path = "Pods/Target Support Files/Pods-WordPress-Aztec-iOS_Example/Pods-WordPress-Aztec-iOS_Example.debug.xcconfig"; sourceTree = "<group>"; };
		590142EB1D58E4C8006415C3 /* UnsupportedTags.rtf */ = {isa = PBXFileReference; fileEncoding = 4; lastKnownFileType = text.rtf; name = UnsupportedTags.rtf; path = ../Documentation/UnsupportedTags.rtf; sourceTree = "<group>"; };
		590142ED1D58E4EA006415C3 /* EditingLogic.rtf */ = {isa = PBXFileReference; fileEncoding = 4; lastKnownFileType = text.rtf; name = EditingLogic.rtf; path = ../Documentation/EditingLogic.rtf; sourceTree = "<group>"; };
		59280F281D47CAF40083FB59 /* content.html */ = {isa = PBXFileReference; fileEncoding = 4; lastKnownFileType = text.html; path = content.html; sourceTree = "<group>"; };
		59280F291D47CAF40083FB59 /* SampleText.rtf */ = {isa = PBXFileReference; fileEncoding = 4; lastKnownFileType = text.rtf; path = SampleText.rtf; sourceTree = "<group>"; };
		594070121D5E199700352553 /* ElementNodeTests.swift */ = {isa = PBXFileReference; fileEncoding = 4; lastKnownFileType = sourcecode.swift; path = ElementNodeTests.swift; sourceTree = "<group>"; };
		594070131D5E199700352553 /* NodeTests.swift */ = {isa = PBXFileReference; fileEncoding = 4; lastKnownFileType = sourcecode.swift; path = NodeTests.swift; sourceTree = "<group>"; };
		59538A2E1D50ED7600E35CA3 /* CLinkedListToArrayConverterTests.swift */ = {isa = PBXFileReference; fileEncoding = 4; lastKnownFileType = sourcecode.swift; path = CLinkedListToArrayConverterTests.swift; sourceTree = "<group>"; };
		59538A301D50ED7600E35CA3 /* OutAttributeConverterTests.swift */ = {isa = PBXFileReference; fileEncoding = 4; lastKnownFileType = sourcecode.swift; path = OutAttributeConverterTests.swift; sourceTree = "<group>"; };
		59538A311D50ED7600E35CA3 /* OutHTMLConverterTests.swift */ = {isa = PBXFileReference; fileEncoding = 4; lastKnownFileType = sourcecode.swift; path = OutHTMLConverterTests.swift; sourceTree = "<group>"; };
		59538A321D50ED7600E35CA3 /* OutNodeConverterTests.swift */ = {isa = PBXFileReference; fileEncoding = 4; lastKnownFileType = sourcecode.swift; path = OutNodeConverterTests.swift; sourceTree = "<group>"; };
		59538A341D50ED7600E35CA3 /* HTMLToAttributedStringTests.swift */ = {isa = PBXFileReference; fileEncoding = 4; lastKnownFileType = sourcecode.swift; path = HTMLToAttributedStringTests.swift; sourceTree = "<group>"; };
		59538A351D50ED7600E35CA3 /* InAttributeConverterTests.swift */ = {isa = PBXFileReference; fileEncoding = 4; lastKnownFileType = sourcecode.swift; path = InAttributeConverterTests.swift; sourceTree = "<group>"; };
		59538A361D50ED7600E35CA3 /* InHTMLConverterTests.swift */ = {isa = PBXFileReference; fileEncoding = 4; lastKnownFileType = sourcecode.swift; path = InHTMLConverterTests.swift; sourceTree = "<group>"; };
		59538A3E1D50EE7100E35CA3 /* InNodeConverterTests.swift */ = {isa = PBXFileReference; fileEncoding = 4; lastKnownFileType = sourcecode.swift; path = InNodeConverterTests.swift; sourceTree = "<group>"; };
		607FACD01AFB9204008FA782 /* WordPress-Aztec-iOS_Example.app */ = {isa = PBXFileReference; explicitFileType = wrapper.application; includeInIndex = 0; path = "WordPress-Aztec-iOS_Example.app"; sourceTree = BUILT_PRODUCTS_DIR; };
		607FACD41AFB9204008FA782 /* Info.plist */ = {isa = PBXFileReference; lastKnownFileType = text.plist.xml; path = Info.plist; sourceTree = "<group>"; };
		607FACD51AFB9204008FA782 /* AppDelegate.swift */ = {isa = PBXFileReference; lastKnownFileType = sourcecode.swift; path = AppDelegate.swift; sourceTree = "<group>"; };
		607FACD71AFB9204008FA782 /* ViewController.swift */ = {isa = PBXFileReference; lastKnownFileType = sourcecode.swift; path = ViewController.swift; sourceTree = "<group>"; };
		607FACDA1AFB9204008FA782 /* Base */ = {isa = PBXFileReference; lastKnownFileType = file.storyboard; name = Base; path = Base.lproj/Main.storyboard; sourceTree = "<group>"; };
		607FACDC1AFB9204008FA782 /* Images.xcassets */ = {isa = PBXFileReference; lastKnownFileType = folder.assetcatalog; path = Images.xcassets; sourceTree = "<group>"; };
		607FACDF1AFB9204008FA782 /* Base */ = {isa = PBXFileReference; lastKnownFileType = file.xib; name = Base; path = Base.lproj/LaunchScreen.xib; sourceTree = "<group>"; };
		607FACE51AFB9204008FA782 /* WordPress-Aztec-iOS_Tests.xctest */ = {isa = PBXFileReference; explicitFileType = wrapper.cfbundle; includeInIndex = 0; path = "WordPress-Aztec-iOS_Tests.xctest"; sourceTree = BUILT_PRODUCTS_DIR; };
		607FACEA1AFB9204008FA782 /* Info.plist */ = {isa = PBXFileReference; lastKnownFileType = text.plist.xml; path = Info.plist; sourceTree = "<group>"; };
		63C0BC2B0C0F5C2CF2F84CA2 /* README.md */ = {isa = PBXFileReference; includeInIndex = 1; lastKnownFileType = net.daringfireball.markdown; name = README.md; path = ../README.md; sourceTree = "<group>"; };
		6E70EF646EF8E211667E0596 /* Pods_WordPress_Aztec_iOS_Example.framework */ = {isa = PBXFileReference; explicitFileType = wrapper.framework; includeInIndex = 0; path = Pods_WordPress_Aztec_iOS_Example.framework; sourceTree = BUILT_PRODUCTS_DIR; };
		A34514C1E6AC36B230E30AA6 /* LICENSE */ = {isa = PBXFileReference; includeInIndex = 1; lastKnownFileType = text; name = LICENSE; path = ../LICENSE; sourceTree = "<group>"; };
		A8A3F5027B989998D68F6612 /* Pods_WordPress_Aztec_iOS_Tests.framework */ = {isa = PBXFileReference; explicitFileType = wrapper.framework; includeInIndex = 0; path = Pods_WordPress_Aztec_iOS_Tests.framework; sourceTree = BUILT_PRODUCTS_DIR; };
		B5771B521D81BF08004D8457 /* AttachmentDetailsViewController.xib */ = {isa = PBXFileReference; fileEncoding = 4; lastKnownFileType = file.xib; path = AttachmentDetailsViewController.xib; sourceTree = "<group>"; };
		B5C77ADE1D81B8E900733726 /* AttachmentDetailsViewController.swift */ = {isa = PBXFileReference; fileEncoding = 4; lastKnownFileType = sourcecode.swift; path = AttachmentDetailsViewController.swift; sourceTree = "<group>"; };
		C3B9457EAD0795524810333B /* Pods-WordPress-Aztec-iOS_Example.release.xcconfig */ = {isa = PBXFileReference; includeInIndex = 1; lastKnownFileType = text.xcconfig; name = "Pods-WordPress-Aztec-iOS_Example.release.xcconfig"; path = "Pods/Target Support Files/Pods-WordPress-Aztec-iOS_Example/Pods-WordPress-Aztec-iOS_Example.release.xcconfig"; sourceTree = "<group>"; };
		D45CE6696347E5D6EA53B9B6 /* Pods-WordPress-Aztec-iOS_Tests.debug.xcconfig */ = {isa = PBXFileReference; includeInIndex = 1; lastKnownFileType = text.xcconfig; name = "Pods-WordPress-Aztec-iOS_Tests.debug.xcconfig"; path = "Pods/Target Support Files/Pods-WordPress-Aztec-iOS_Tests/Pods-WordPress-Aztec-iOS_Tests.debug.xcconfig"; sourceTree = "<group>"; };
		E2C0973A4292C18938FC08ED /* Pods-WordPress-Aztec-iOS_Tests.release.xcconfig */ = {isa = PBXFileReference; includeInIndex = 1; lastKnownFileType = text.xcconfig; name = "Pods-WordPress-Aztec-iOS_Tests.release.xcconfig"; path = "Pods/Target Support Files/Pods-WordPress-Aztec-iOS_Tests/Pods-WordPress-Aztec-iOS_Tests.release.xcconfig"; sourceTree = "<group>"; };
		E60B0CF71D2D88A200AEAEEA /* AztecVisualEditorTests.swift */ = {isa = PBXFileReference; fileEncoding = 4; lastKnownFileType = sourcecode.swift; path = AztecVisualEditorTests.swift; sourceTree = "<group>"; };
		E62AD5C61D403CE6002B58C2 /* AztecTextStorageTests.swift */ = {isa = PBXFileReference; fileEncoding = 4; lastKnownFileType = sourcecode.swift; path = AztecTextStorageTests.swift; sourceTree = "<group>"; };
		E63BE9861D304A970065FF75 /* FormattingDemoController.swift */ = {isa = PBXFileReference; fileEncoding = 4; lastKnownFileType = sourcecode.swift; path = FormattingDemoController.swift; sourceTree = "<group>"; };
		E63EF92A1D36A60B00B5BA4B /* EditorDemoController.swift */ = {isa = PBXFileReference; fileEncoding = 4; lastKnownFileType = sourcecode.swift; path = EditorDemoController.swift; sourceTree = "<group>"; };
		E66568EF1D26DE6800E6913B /* CursorCalloutDemoController.swift */ = {isa = PBXFileReference; fileEncoding = 4; lastKnownFileType = sourcecode.swift; path = CursorCalloutDemoController.swift; sourceTree = "<group>"; };
		E66568F11D26DE9200E6913B /* DraggableDemoController.swift */ = {isa = PBXFileReference; fileEncoding = 4; lastKnownFileType = sourcecode.swift; path = DraggableDemoController.swift; sourceTree = "<group>"; };
/* End PBXFileReference section */

/* Begin PBXFrameworksBuildPhase section */
		607FACCD1AFB9204008FA782 /* Frameworks */ = {
			isa = PBXFrameworksBuildPhase;
			buildActionMask = 2147483647;
			files = (
				B32F7669027D39A004FD46B8 /* Pods_WordPress_Aztec_iOS_Example.framework in Frameworks */,
			);
			runOnlyForDeploymentPostprocessing = 0;
		};
		607FACE21AFB9204008FA782 /* Frameworks */ = {
			isa = PBXFrameworksBuildPhase;
			buildActionMask = 2147483647;
			files = (
				0DCC2B9484E0CC4D2B74CA3B /* Pods_WordPress_Aztec_iOS_Tests.framework in Frameworks */,
			);
			runOnlyForDeploymentPostprocessing = 0;
		};
/* End PBXFrameworksBuildPhase section */

/* Begin PBXGroup section */
		02ECB379638AE0CDEAB24BEC /* Frameworks */ = {
			isa = PBXGroup;
			children = (
				6E70EF646EF8E211667E0596 /* Pods_WordPress_Aztec_iOS_Example.framework */,
				A8A3F5027B989998D68F6612 /* Pods_WordPress_Aztec_iOS_Tests.framework */,
			);
			name = Frameworks;
			sourceTree = "<group>";
		};
		21285C4E394583BC9802CC03 /* Pods */ = {
			isa = PBXGroup;
			children = (
				55A84D8BDE6D6AD461454C19 /* Pods-WordPress-Aztec-iOS_Example.debug.xcconfig */,
				C3B9457EAD0795524810333B /* Pods-WordPress-Aztec-iOS_Example.release.xcconfig */,
				D45CE6696347E5D6EA53B9B6 /* Pods-WordPress-Aztec-iOS_Tests.debug.xcconfig */,
				E2C0973A4292C18938FC08ED /* Pods-WordPress-Aztec-iOS_Tests.release.xcconfig */,
			);
			name = Pods;
			sourceTree = "<group>";
		};
		59280F271D47CAF40083FB59 /* SampleContent */ = {
			isa = PBXGroup;
			children = (
				59280F281D47CAF40083FB59 /* content.html */,
				59280F291D47CAF40083FB59 /* SampleText.rtf */,
			);
			path = SampleContent;
			sourceTree = "<group>";
		};
		594070111D5E199700352553 /* HTML */ = {
			isa = PBXGroup;
			children = (
				594070121D5E199700352553 /* ElementNodeTests.swift */,
				594070131D5E199700352553 /* NodeTests.swift */,
			);
			path = HTML;
			sourceTree = "<group>";
		};
		59538A2D1D50ED7600E35CA3 /* BaseConverters */ = {
			isa = PBXGroup;
			children = (
				59538A2E1D50ED7600E35CA3 /* CLinkedListToArrayConverterTests.swift */,
			);
			path = BaseConverters;
			sourceTree = "<group>";
		};
		59538A2F1D50ED7600E35CA3 /* Exporter */ = {
			isa = PBXGroup;
			children = (
				59538A301D50ED7600E35CA3 /* OutAttributeConverterTests.swift */,
				59538A311D50ED7600E35CA3 /* OutHTMLConverterTests.swift */,
				59538A321D50ED7600E35CA3 /* OutNodeConverterTests.swift */,
			);
			path = Exporter;
			sourceTree = "<group>";
		};
		59538A331D50ED7600E35CA3 /* Importer */ = {
			isa = PBXGroup;
			children = (
				59538A341D50ED7600E35CA3 /* HTMLToAttributedStringTests.swift */,
				59538A351D50ED7600E35CA3 /* InAttributeConverterTests.swift */,
				59538A361D50ED7600E35CA3 /* InHTMLConverterTests.swift */,
				59538A3E1D50EE7100E35CA3 /* InNodeConverterTests.swift */,
			);
			path = Importer;
			sourceTree = "<group>";
		};
		5993F2941D369CCC00919A22 /* Documentation */ = {
			isa = PBXGroup;
			children = (
				590142ED1D58E4EA006415C3 /* EditingLogic.rtf */,
				590142EB1D58E4C8006415C3 /* UnsupportedTags.rtf */,
			);
			name = Documentation;
			sourceTree = "<group>";
		};
		607FACC71AFB9204008FA782 = {
			isa = PBXGroup;
			children = (
				5993F2941D369CCC00919A22 /* Documentation */,
				607FACF51AFB993E008FA782 /* Podspec Metadata */,
				607FACD21AFB9204008FA782 /* Example for WordPress-Aztec-iOS */,
				607FACE81AFB9204008FA782 /* Tests */,
				607FACD11AFB9204008FA782 /* Products */,
				21285C4E394583BC9802CC03 /* Pods */,
				02ECB379638AE0CDEAB24BEC /* Frameworks */,
			);
			sourceTree = "<group>";
		};
		607FACD11AFB9204008FA782 /* Products */ = {
			isa = PBXGroup;
			children = (
				607FACD01AFB9204008FA782 /* WordPress-Aztec-iOS_Example.app */,
				607FACE51AFB9204008FA782 /* WordPress-Aztec-iOS_Tests.xctest */,
			);
			name = Products;
			sourceTree = "<group>";
		};
		607FACD21AFB9204008FA782 /* Example for WordPress-Aztec-iOS */ = {
			isa = PBXGroup;
			children = (
				607FACD51AFB9204008FA782 /* AppDelegate.swift */,
				607FACD71AFB9204008FA782 /* ViewController.swift */,
				E63EF92A1D36A60B00B5BA4B /* EditorDemoController.swift */,
				B5C77ADE1D81B8E900733726 /* AttachmentDetailsViewController.swift */,
				B5771B521D81BF08004D8457 /* AttachmentDetailsViewController.xib */,
				E66568EF1D26DE6800E6913B /* CursorCalloutDemoController.swift */,
				E66568F11D26DE9200E6913B /* DraggableDemoController.swift */,
				E63BE9861D304A970065FF75 /* FormattingDemoController.swift */,
				607FACD91AFB9204008FA782 /* Main.storyboard */,
				607FACDC1AFB9204008FA782 /* Images.xcassets */,
				607FACDE1AFB9204008FA782 /* LaunchScreen.xib */,
				59280F271D47CAF40083FB59 /* SampleContent */,
				607FACD31AFB9204008FA782 /* Supporting Files */,
			);
			name = "Example for WordPress-Aztec-iOS";
			path = "WordPress-Aztec-iOS";
			sourceTree = "<group>";
		};
		607FACD31AFB9204008FA782 /* Supporting Files */ = {
			isa = PBXGroup;
			children = (
				607FACD41AFB9204008FA782 /* Info.plist */,
			);
			name = "Supporting Files";
			sourceTree = "<group>";
		};
		607FACE81AFB9204008FA782 /* Tests */ = {
			isa = PBXGroup;
			children = (
				E62AD5C61D403CE6002B58C2 /* AztecTextStorageTests.swift */,
				E60B0CF71D2D88A200AEAEEA /* AztecVisualEditorTests.swift */,
				59538A2D1D50ED7600E35CA3 /* BaseConverters */,
				59538A2F1D50ED7600E35CA3 /* Exporter */,
				594070111D5E199700352553 /* HTML */,
				59538A331D50ED7600E35CA3 /* Importer */,
				607FACE91AFB9204008FA782 /* Supporting Files */,
			);
			path = Tests;
			sourceTree = "<group>";
		};
		607FACE91AFB9204008FA782 /* Supporting Files */ = {
			isa = PBXGroup;
			children = (
				607FACEA1AFB9204008FA782 /* Info.plist */,
			);
			name = "Supporting Files";
			sourceTree = "<group>";
		};
		607FACF51AFB993E008FA782 /* Podspec Metadata */ = {
			isa = PBXGroup;
			children = (
				46F80AF8CF44F55383EEED45 /* WordPress-Aztec-iOS.podspec */,
				63C0BC2B0C0F5C2CF2F84CA2 /* README.md */,
				A34514C1E6AC36B230E30AA6 /* LICENSE */,
			);
			name = "Podspec Metadata";
			sourceTree = "<group>";
		};
/* End PBXGroup section */

/* Begin PBXNativeTarget section */
		607FACCF1AFB9204008FA782 /* WordPress-Aztec-iOS_Example */ = {
			isa = PBXNativeTarget;
			buildConfigurationList = 607FACEF1AFB9204008FA782 /* Build configuration list for PBXNativeTarget "WordPress-Aztec-iOS_Example" */;
			buildPhases = (
				515FEF33437603FF6E2DE2DF /* [CP] Check Pods Manifest.lock */,
				607FACCC1AFB9204008FA782 /* Sources */,
				607FACCD1AFB9204008FA782 /* Frameworks */,
				607FACCE1AFB9204008FA782 /* Resources */,
				624798320F232AD61A48EADD /* [CP] Embed Pods Frameworks */,
				B8D77A572FC018A3BFFFBFDE /* [CP] Copy Pods Resources */,
			);
			buildRules = (
			);
			dependencies = (
			);
			name = "WordPress-Aztec-iOS_Example";
			productName = "WordPress-Aztec-iOS";
			productReference = 607FACD01AFB9204008FA782 /* WordPress-Aztec-iOS_Example.app */;
			productType = "com.apple.product-type.application";
		};
		607FACE41AFB9204008FA782 /* WordPress-Aztec-iOS_Tests */ = {
			isa = PBXNativeTarget;
			buildConfigurationList = 607FACF21AFB9204008FA782 /* Build configuration list for PBXNativeTarget "WordPress-Aztec-iOS_Tests" */;
			buildPhases = (
				D698C7D000E254D32514DE7B /* [CP] Check Pods Manifest.lock */,
				607FACE11AFB9204008FA782 /* Sources */,
				607FACE21AFB9204008FA782 /* Frameworks */,
				607FACE31AFB9204008FA782 /* Resources */,
				E7C44EB73F873BE552CC326D /* [CP] Embed Pods Frameworks */,
				17EC5308DCFD1CCCEA884781 /* [CP] Copy Pods Resources */,
			);
			buildRules = (
			);
			dependencies = (
				607FACE71AFB9204008FA782 /* PBXTargetDependency */,
			);
			name = "WordPress-Aztec-iOS_Tests";
			productName = Tests;
			productReference = 607FACE51AFB9204008FA782 /* WordPress-Aztec-iOS_Tests.xctest */;
			productType = "com.apple.product-type.bundle.unit-test";
		};
/* End PBXNativeTarget section */

/* Begin PBXProject section */
		607FACC81AFB9204008FA782 /* Project object */ = {
			isa = PBXProject;
			attributes = {
				LastSwiftUpdateCheck = 0720;
				LastUpgradeCheck = 0720;
				ORGANIZATIONNAME = CocoaPods;
				TargetAttributes = {
					607FACCF1AFB9204008FA782 = {
						CreatedOnToolsVersion = 6.3.1;
						LastSwiftMigration = 0800;
					};
					607FACE41AFB9204008FA782 = {
						CreatedOnToolsVersion = 6.3.1;
						LastSwiftMigration = 0800;
						TestTargetID = 607FACCF1AFB9204008FA782;
					};
				};
			};
			buildConfigurationList = 607FACCB1AFB9204008FA782 /* Build configuration list for PBXProject "WordPress-Aztec-iOS" */;
			compatibilityVersion = "Xcode 3.2";
			developmentRegion = English;
			hasScannedForEncodings = 0;
			knownRegions = (
				en,
				Base,
			);
			mainGroup = 607FACC71AFB9204008FA782;
			productRefGroup = 607FACD11AFB9204008FA782 /* Products */;
			projectDirPath = "";
			projectRoot = "";
			targets = (
				607FACCF1AFB9204008FA782 /* WordPress-Aztec-iOS_Example */,
				607FACE41AFB9204008FA782 /* WordPress-Aztec-iOS_Tests */,
			);
		};
/* End PBXProject section */

/* Begin PBXResourcesBuildPhase section */
		607FACCE1AFB9204008FA782 /* Resources */ = {
			isa = PBXResourcesBuildPhase;
			buildActionMask = 2147483647;
			files = (
				607FACDB1AFB9204008FA782 /* Main.storyboard in Resources */,
				607FACE01AFB9204008FA782 /* LaunchScreen.xib in Resources */,
				59280F2A1D47CAF40083FB59 /* content.html in Resources */,
				59280F2B1D47CAF40083FB59 /* SampleText.rtf in Resources */,
				607FACDD1AFB9204008FA782 /* Images.xcassets in Resources */,
				590142EE1D58E4EA006415C3 /* EditingLogic.rtf in Resources */,
				B5771B531D81BF08004D8457 /* AttachmentDetailsViewController.xib in Resources */,
			);
			runOnlyForDeploymentPostprocessing = 0;
		};
		607FACE31AFB9204008FA782 /* Resources */ = {
			isa = PBXResourcesBuildPhase;
			buildActionMask = 2147483647;
			files = (
			);
			runOnlyForDeploymentPostprocessing = 0;
		};
/* End PBXResourcesBuildPhase section */

/* Begin PBXShellScriptBuildPhase section */
		17EC5308DCFD1CCCEA884781 /* [CP] Copy Pods Resources */ = {
			isa = PBXShellScriptBuildPhase;
			buildActionMask = 2147483647;
			files = (
			);
			inputPaths = (
			);
			name = "[CP] Copy Pods Resources";
			outputPaths = (
			);
			runOnlyForDeploymentPostprocessing = 0;
			shellPath = /bin/sh;
			shellScript = "\"${SRCROOT}/Pods/Target Support Files/Pods-WordPress-Aztec-iOS_Tests/Pods-WordPress-Aztec-iOS_Tests-resources.sh\"\n";
			showEnvVarsInLog = 0;
		};
		515FEF33437603FF6E2DE2DF /* [CP] Check Pods Manifest.lock */ = {
			isa = PBXShellScriptBuildPhase;
			buildActionMask = 2147483647;
			files = (
			);
			inputPaths = (
			);
			name = "[CP] Check Pods Manifest.lock";
			outputPaths = (
			);
			runOnlyForDeploymentPostprocessing = 0;
			shellPath = /bin/sh;
			shellScript = "diff \"${PODS_ROOT}/../Podfile.lock\" \"${PODS_ROOT}/Manifest.lock\" > /dev/null\nif [[ $? != 0 ]] ; then\n    cat << EOM\nerror: The sandbox is not in sync with the Podfile.lock. Run 'pod install' or update your CocoaPods installation.\nEOM\n    exit 1\nfi\n";
			showEnvVarsInLog = 0;
		};
		624798320F232AD61A48EADD /* [CP] Embed Pods Frameworks */ = {
			isa = PBXShellScriptBuildPhase;
			buildActionMask = 2147483647;
			files = (
			);
			inputPaths = (
			);
			name = "[CP] Embed Pods Frameworks";
			outputPaths = (
			);
			runOnlyForDeploymentPostprocessing = 0;
			shellPath = /bin/sh;
			shellScript = "\"${SRCROOT}/Pods/Target Support Files/Pods-WordPress-Aztec-iOS_Example/Pods-WordPress-Aztec-iOS_Example-frameworks.sh\"\n";
			showEnvVarsInLog = 0;
		};
		B8D77A572FC018A3BFFFBFDE /* [CP] Copy Pods Resources */ = {
			isa = PBXShellScriptBuildPhase;
			buildActionMask = 2147483647;
			files = (
			);
			inputPaths = (
			);
			name = "[CP] Copy Pods Resources";
			outputPaths = (
			);
			runOnlyForDeploymentPostprocessing = 0;
			shellPath = /bin/sh;
			shellScript = "\"${SRCROOT}/Pods/Target Support Files/Pods-WordPress-Aztec-iOS_Example/Pods-WordPress-Aztec-iOS_Example-resources.sh\"\n";
			showEnvVarsInLog = 0;
		};
		D698C7D000E254D32514DE7B /* [CP] Check Pods Manifest.lock */ = {
			isa = PBXShellScriptBuildPhase;
			buildActionMask = 2147483647;
			files = (
			);
			inputPaths = (
			);
			name = "[CP] Check Pods Manifest.lock";
			outputPaths = (
			);
			runOnlyForDeploymentPostprocessing = 0;
			shellPath = /bin/sh;
			shellScript = "diff \"${PODS_ROOT}/../Podfile.lock\" \"${PODS_ROOT}/Manifest.lock\" > /dev/null\nif [[ $? != 0 ]] ; then\n    cat << EOM\nerror: The sandbox is not in sync with the Podfile.lock. Run 'pod install' or update your CocoaPods installation.\nEOM\n    exit 1\nfi\n";
			showEnvVarsInLog = 0;
		};
		E7C44EB73F873BE552CC326D /* [CP] Embed Pods Frameworks */ = {
			isa = PBXShellScriptBuildPhase;
			buildActionMask = 2147483647;
			files = (
			);
			inputPaths = (
			);
			name = "[CP] Embed Pods Frameworks";
			outputPaths = (
			);
			runOnlyForDeploymentPostprocessing = 0;
			shellPath = /bin/sh;
			shellScript = "\"${SRCROOT}/Pods/Target Support Files/Pods-WordPress-Aztec-iOS_Tests/Pods-WordPress-Aztec-iOS_Tests-frameworks.sh\"\n";
			showEnvVarsInLog = 0;
		};
/* End PBXShellScriptBuildPhase section */

/* Begin PBXSourcesBuildPhase section */
		607FACCC1AFB9204008FA782 /* Sources */ = {
			isa = PBXSourcesBuildPhase;
			buildActionMask = 2147483647;
			files = (
				E66568F01D26DE6800E6913B /* CursorCalloutDemoController.swift in Sources */,
				B5C77ADF1D81B8E900733726 /* AttachmentDetailsViewController.swift in Sources */,
				E63EF92B1D36A60B00B5BA4B /* EditorDemoController.swift in Sources */,
				607FACD81AFB9204008FA782 /* ViewController.swift in Sources */,
				E63BE9871D304A970065FF75 /* FormattingDemoController.swift in Sources */,
				E66568F21D26DE9200E6913B /* DraggableDemoController.swift in Sources */,
				607FACD61AFB9204008FA782 /* AppDelegate.swift in Sources */,
			);
			runOnlyForDeploymentPostprocessing = 0;
		};
		607FACE11AFB9204008FA782 /* Sources */ = {
			isa = PBXSourcesBuildPhase;
			buildActionMask = 2147483647;
			files = (
				59538A3C1D50ED7600E35CA3 /* InAttributeConverterTests.swift in Sources */,
				59538A3D1D50ED7600E35CA3 /* InHTMLConverterTests.swift in Sources */,
				59538A3B1D50ED7600E35CA3 /* HTMLToAttributedStringTests.swift in Sources */,
				594070171D5E199F00352553 /* NodeTests.swift in Sources */,
				59538A391D50ED7600E35CA3 /* OutHTMLConverterTests.swift in Sources */,
				594070161D5E199F00352553 /* ElementNodeTests.swift in Sources */,
				59538A381D50ED7600E35CA3 /* OutAttributeConverterTests.swift in Sources */,
				59538A3F1D50EE7100E35CA3 /* InNodeConverterTests.swift in Sources */,
				59538A371D50ED7600E35CA3 /* CLinkedListToArrayConverterTests.swift in Sources */,
				59538A3A1D50ED7600E35CA3 /* OutNodeConverterTests.swift in Sources */,
				E62AD5C81D404176002B58C2 /* AztecTextStorageTests.swift in Sources */,
				E60B0CF81D2D88A200AEAEEA /* AztecVisualEditorTests.swift in Sources */,
			);
			runOnlyForDeploymentPostprocessing = 0;
		};
/* End PBXSourcesBuildPhase section */

/* Begin PBXTargetDependency section */
		607FACE71AFB9204008FA782 /* PBXTargetDependency */ = {
			isa = PBXTargetDependency;
			target = 607FACCF1AFB9204008FA782 /* WordPress-Aztec-iOS_Example */;
			targetProxy = 607FACE61AFB9204008FA782 /* PBXContainerItemProxy */;
		};
/* End PBXTargetDependency section */

/* Begin PBXVariantGroup section */
		607FACD91AFB9204008FA782 /* Main.storyboard */ = {
			isa = PBXVariantGroup;
			children = (
				607FACDA1AFB9204008FA782 /* Base */,
			);
			name = Main.storyboard;
			sourceTree = "<group>";
		};
		607FACDE1AFB9204008FA782 /* LaunchScreen.xib */ = {
			isa = PBXVariantGroup;
			children = (
				607FACDF1AFB9204008FA782 /* Base */,
			);
			name = LaunchScreen.xib;
			sourceTree = "<group>";
		};
/* End PBXVariantGroup section */

/* Begin XCBuildConfiguration section */
		607FACED1AFB9204008FA782 /* Debug */ = {
			isa = XCBuildConfiguration;
			buildSettings = {
				ALWAYS_SEARCH_USER_PATHS = NO;
				CLANG_CXX_LANGUAGE_STANDARD = "gnu++0x";
				CLANG_CXX_LIBRARY = "libc++";
				CLANG_ENABLE_MODULES = YES;
				CLANG_ENABLE_OBJC_ARC = YES;
				CLANG_WARN_BOOL_CONVERSION = YES;
				CLANG_WARN_CONSTANT_CONVERSION = YES;
				CLANG_WARN_DIRECT_OBJC_ISA_USAGE = YES_ERROR;
				CLANG_WARN_EMPTY_BODY = YES;
				CLANG_WARN_ENUM_CONVERSION = YES;
				CLANG_WARN_INT_CONVERSION = YES;
				CLANG_WARN_OBJC_ROOT_CLASS = YES_ERROR;
				CLANG_WARN_UNREACHABLE_CODE = YES;
				CLANG_WARN__DUPLICATE_METHOD_MATCH = YES;
				"CODE_SIGN_IDENTITY[sdk=iphoneos*]" = "iPhone Developer";
				COPY_PHASE_STRIP = NO;
				DEBUG_INFORMATION_FORMAT = "dwarf-with-dsym";
				ENABLE_STRICT_OBJC_MSGSEND = YES;
				ENABLE_TESTABILITY = YES;
				GCC_C_LANGUAGE_STANDARD = gnu99;
				GCC_DYNAMIC_NO_PIC = NO;
				GCC_NO_COMMON_BLOCKS = YES;
				GCC_OPTIMIZATION_LEVEL = 0;
				GCC_PREPROCESSOR_DEFINITIONS = (
					"DEBUG=1",
					"$(inherited)",
				);
				GCC_SYMBOLS_PRIVATE_EXTERN = NO;
				GCC_WARN_64_TO_32_BIT_CONVERSION = YES;
				GCC_WARN_ABOUT_RETURN_TYPE = YES_ERROR;
				GCC_WARN_UNDECLARED_SELECTOR = YES;
				GCC_WARN_UNINITIALIZED_AUTOS = YES_AGGRESSIVE;
				GCC_WARN_UNUSED_FUNCTION = YES;
				GCC_WARN_UNUSED_VARIABLE = YES;
				HEADER_SEARCH_PATHS = "$(SDKROOT)/usr/include/libxml2";
				IPHONEOS_DEPLOYMENT_TARGET = 9.0;
				MTL_ENABLE_DEBUG_INFO = YES;
				ONLY_ACTIVE_ARCH = YES;
				SDKROOT = iphoneos;
				SWIFT_OPTIMIZATION_LEVEL = "-Onone";
			};
			name = Debug;
		};
		607FACEE1AFB9204008FA782 /* Release */ = {
			isa = XCBuildConfiguration;
			buildSettings = {
				ALWAYS_SEARCH_USER_PATHS = NO;
				CLANG_CXX_LANGUAGE_STANDARD = "gnu++0x";
				CLANG_CXX_LIBRARY = "libc++";
				CLANG_ENABLE_MODULES = YES;
				CLANG_ENABLE_OBJC_ARC = YES;
				CLANG_WARN_BOOL_CONVERSION = YES;
				CLANG_WARN_CONSTANT_CONVERSION = YES;
				CLANG_WARN_DIRECT_OBJC_ISA_USAGE = YES_ERROR;
				CLANG_WARN_EMPTY_BODY = YES;
				CLANG_WARN_ENUM_CONVERSION = YES;
				CLANG_WARN_INT_CONVERSION = YES;
				CLANG_WARN_OBJC_ROOT_CLASS = YES_ERROR;
				CLANG_WARN_UNREACHABLE_CODE = YES;
				CLANG_WARN__DUPLICATE_METHOD_MATCH = YES;
				"CODE_SIGN_IDENTITY[sdk=iphoneos*]" = "iPhone Developer";
				COPY_PHASE_STRIP = NO;
				DEBUG_INFORMATION_FORMAT = "dwarf-with-dsym";
				ENABLE_NS_ASSERTIONS = NO;
				ENABLE_STRICT_OBJC_MSGSEND = YES;
				GCC_C_LANGUAGE_STANDARD = gnu99;
				GCC_NO_COMMON_BLOCKS = YES;
				GCC_WARN_64_TO_32_BIT_CONVERSION = YES;
				GCC_WARN_ABOUT_RETURN_TYPE = YES_ERROR;
				GCC_WARN_UNDECLARED_SELECTOR = YES;
				GCC_WARN_UNINITIALIZED_AUTOS = YES_AGGRESSIVE;
				GCC_WARN_UNUSED_FUNCTION = YES;
				GCC_WARN_UNUSED_VARIABLE = YES;
				HEADER_SEARCH_PATHS = "$(SDKROOT)/usr/include/libxml2";
				IPHONEOS_DEPLOYMENT_TARGET = 9.0;
				MTL_ENABLE_DEBUG_INFO = NO;
				SDKROOT = iphoneos;
				VALIDATE_PRODUCT = YES;
			};
			name = Release;
		};
		607FACF01AFB9204008FA782 /* Debug */ = {
			isa = XCBuildConfiguration;
			baseConfigurationReference = 55A84D8BDE6D6AD461454C19 /* Pods-WordPress-Aztec-iOS_Example.debug.xcconfig */;
			buildSettings = {
				ASSETCATALOG_COMPILER_APPICON_NAME = AppIcon;
				INFOPLIST_FILE = "WordPress-Aztec-iOS/Info.plist";
				LD_RUNPATH_SEARCH_PATHS = "$(inherited) @executable_path/Frameworks";
				MODULE_NAME = ExampleApp;
				PRODUCT_BUNDLE_IDENTIFIER = "org.cocoapods.demo.$(PRODUCT_NAME:rfc1034identifier)";
				PRODUCT_NAME = "$(TARGET_NAME)";
				SWIFT_VERSION = 2.3;
			};
			name = Debug;
		};
		607FACF11AFB9204008FA782 /* Release */ = {
			isa = XCBuildConfiguration;
			baseConfigurationReference = C3B9457EAD0795524810333B /* Pods-WordPress-Aztec-iOS_Example.release.xcconfig */;
			buildSettings = {
				ASSETCATALOG_COMPILER_APPICON_NAME = AppIcon;
				INFOPLIST_FILE = "WordPress-Aztec-iOS/Info.plist";
				LD_RUNPATH_SEARCH_PATHS = "$(inherited) @executable_path/Frameworks";
				MODULE_NAME = ExampleApp;
				PRODUCT_BUNDLE_IDENTIFIER = "org.cocoapods.demo.$(PRODUCT_NAME:rfc1034identifier)";
				PRODUCT_NAME = "$(TARGET_NAME)";
				SWIFT_VERSION = 2.3;
			};
			name = Release;
		};
		607FACF31AFB9204008FA782 /* Debug */ = {
			isa = XCBuildConfiguration;
			baseConfigurationReference = D45CE6696347E5D6EA53B9B6 /* Pods-WordPress-Aztec-iOS_Tests.debug.xcconfig */;
			buildSettings = {
				FRAMEWORK_SEARCH_PATHS = (
					"\"$PODS_CONFIGURATION_BUILD_DIR/WordPress-Aztec-iOS\"",
					"$(inherited)",
				);
				GCC_PREPROCESSOR_DEFINITIONS = (
					"DEBUG=1",
					"$(inherited)",
				);
				INFOPLIST_FILE = Tests/Info.plist;
				LD_RUNPATH_SEARCH_PATHS = "$(inherited) @executable_path/Frameworks @loader_path/Frameworks";
				PRODUCT_BUNDLE_IDENTIFIER = "org.cocoapods.$(PRODUCT_NAME:rfc1034identifier)";
				PRODUCT_NAME = "$(TARGET_NAME)";
				SWIFT_VERSION = 2.3;
			};
			name = Debug;
		};
		607FACF41AFB9204008FA782 /* Release */ = {
			isa = XCBuildConfiguration;
			baseConfigurationReference = E2C0973A4292C18938FC08ED /* Pods-WordPress-Aztec-iOS_Tests.release.xcconfig */;
			buildSettings = {
				FRAMEWORK_SEARCH_PATHS = (
					"\"$PODS_CONFIGURATION_BUILD_DIR/WordPress-Aztec-iOS\"",
					"$(inherited)",
				);
				INFOPLIST_FILE = Tests/Info.plist;
				LD_RUNPATH_SEARCH_PATHS = "$(inherited) @executable_path/Frameworks @loader_path/Frameworks";
				PRODUCT_BUNDLE_IDENTIFIER = "org.cocoapods.$(PRODUCT_NAME:rfc1034identifier)";
				PRODUCT_NAME = "$(TARGET_NAME)";
				SWIFT_VERSION = 2.3;
			};
			name = Release;
		};
/* End XCBuildConfiguration section */

/* Begin XCConfigurationList section */
		607FACCB1AFB9204008FA782 /* Build configuration list for PBXProject "WordPress-Aztec-iOS" */ = {
			isa = XCConfigurationList;
			buildConfigurations = (
				607FACED1AFB9204008FA782 /* Debug */,
				607FACEE1AFB9204008FA782 /* Release */,
			);
			defaultConfigurationIsVisible = 0;
			defaultConfigurationName = Release;
		};
		607FACEF1AFB9204008FA782 /* Build configuration list for PBXNativeTarget "WordPress-Aztec-iOS_Example" */ = {
			isa = XCConfigurationList;
			buildConfigurations = (
				607FACF01AFB9204008FA782 /* Debug */,
				607FACF11AFB9204008FA782 /* Release */,
			);
			defaultConfigurationIsVisible = 0;
			defaultConfigurationName = Release;
		};
		607FACF21AFB9204008FA782 /* Build configuration list for PBXNativeTarget "WordPress-Aztec-iOS_Tests" */ = {
			isa = XCConfigurationList;
			buildConfigurations = (
				607FACF31AFB9204008FA782 /* Debug */,
				607FACF41AFB9204008FA782 /* Release */,
			);
			defaultConfigurationIsVisible = 0;
			defaultConfigurationName = Release;
		};
/* End XCConfigurationList section */
	};
	rootObject = 607FACC81AFB9204008FA782 /* Project object */;
}
