// !$*UTF8*$!
{
	archiveVersion = 1;
	classes = {
	};
	objectVersion = 46;
	objects = {

/* Begin PBXBuildFile section */
		591D62731D2C0BBE00AF4FA1 /* CLinkedListToArrayConverterTests.swift in Sources */ = {isa = PBXBuildFile; fileRef = 591D62711D2C0BB500AF4FA1 /* CLinkedListToArrayConverterTests.swift */; };
		591D62761D2C49A000AF4FA1 /* InAttributeConverterTests.swift in Sources */ = {isa = PBXBuildFile; fileRef = 591D62741D2C479400AF4FA1 /* InAttributeConverterTests.swift */; };
		592CBEEB1D301FED005571B8 /* HTMLToAttributedStringTests.swift in Sources */ = {isa = PBXBuildFile; fileRef = 592CBEE91D301FEB005571B8 /* HTMLToAttributedStringTests.swift */; };
		5950B3111D21A890004A419A /* InHTMLConverterTests.swift in Sources */ = {isa = PBXBuildFile; fileRef = 59BF3A201D2198F000F763A9 /* InHTMLConverterTests.swift */; };
		607FACD61AFB9204008FA782 /* AppDelegate.swift in Sources */ = {isa = PBXBuildFile; fileRef = 607FACD51AFB9204008FA782 /* AppDelegate.swift */; };
		607FACD81AFB9204008FA782 /* ViewController.swift in Sources */ = {isa = PBXBuildFile; fileRef = 607FACD71AFB9204008FA782 /* ViewController.swift */; };
		607FACDB1AFB9204008FA782 /* Main.storyboard in Resources */ = {isa = PBXBuildFile; fileRef = 607FACD91AFB9204008FA782 /* Main.storyboard */; };
		607FACDD1AFB9204008FA782 /* Images.xcassets in Resources */ = {isa = PBXBuildFile; fileRef = 607FACDC1AFB9204008FA782 /* Images.xcassets */; };
		607FACE01AFB9204008FA782 /* LaunchScreen.xib in Resources */ = {isa = PBXBuildFile; fileRef = 607FACDE1AFB9204008FA782 /* LaunchScreen.xib */; };
		6AED12F8D5A6FB84E1C3B519 /* Pods_WordPress_Aztec_iOS_Example.framework in Frameworks */ = {isa = PBXBuildFile; fileRef = 61F74F721499CBC2087AC827 /* Pods_WordPress_Aztec_iOS_Example.framework */; };
		748B4D071D3D3CFF007BA3D8 /* OutNodeConverterTests.swift in Sources */ = {isa = PBXBuildFile; fileRef = 748B4D051D3D21FE007BA3D8 /* OutNodeConverterTests.swift */; };
		748B4D081D3D3D08007BA3D8 /* OutAttributeConverterTests.swift in Sources */ = {isa = PBXBuildFile; fileRef = 748B4D011D3D21A5007BA3D8 /* OutAttributeConverterTests.swift */; };
		748B4D091D3D3D0C007BA3D8 /* OutHTMLConverterTests.swift in Sources */ = {isa = PBXBuildFile; fileRef = 748B4D031D3D21DE007BA3D8 /* OutHTMLConverterTests.swift */; };
		758B7A123FB573A6EE598BD1 /* Pods_WordPress_Aztec_iOS_Tests.framework in Frameworks */ = {isa = PBXBuildFile; fileRef = F289576475698C2054C95567 /* Pods_WordPress_Aztec_iOS_Tests.framework */; };
		E60B0CF81D2D88A200AEAEEA /* AztecTextEditorTests.swift in Sources */ = {isa = PBXBuildFile; fileRef = E60B0CF71D2D88A200AEAEEA /* AztecTextEditorTests.swift */; };
		E63BE9871D304A970065FF75 /* FormattingDemoController.swift in Sources */ = {isa = PBXBuildFile; fileRef = E63BE9861D304A970065FF75 /* FormattingDemoController.swift */; };
		E66568F01D26DE6800E6913B /* CursorCalloutDemoController.swift in Sources */ = {isa = PBXBuildFile; fileRef = E66568EF1D26DE6800E6913B /* CursorCalloutDemoController.swift */; };
		E66568F21D26DE9200E6913B /* DraggableDemoController.swift in Sources */ = {isa = PBXBuildFile; fileRef = E66568F11D26DE9200E6913B /* DraggableDemoController.swift */; };
		E66568F71D270F7F00E6913B /* SampleText.rtf in Resources */ = {isa = PBXBuildFile; fileRef = E66568F61D270F7F00E6913B /* SampleText.rtf */; };
/* End PBXBuildFile section */

/* Begin PBXContainerItemProxy section */
		607FACE61AFB9204008FA782 /* PBXContainerItemProxy */ = {
			isa = PBXContainerItemProxy;
			containerPortal = 607FACC81AFB9204008FA782 /* Project object */;
			proxyType = 1;
			remoteGlobalIDString = 607FACCF1AFB9204008FA782;
			remoteInfo = "WordPress-Aztec-iOS";
		};
/* End PBXContainerItemProxy section */

/* Begin PBXFileReference section */
		1CE6C3B63D4C5A1F8E43AD92 /* Pods-WordPress-Aztec-iOS_Tests.release.xcconfig */ = {isa = PBXFileReference; includeInIndex = 1; lastKnownFileType = text.xcconfig; name = "Pods-WordPress-Aztec-iOS_Tests.release.xcconfig"; path = "Pods/Target Support Files/Pods-WordPress-Aztec-iOS_Tests/Pods-WordPress-Aztec-iOS_Tests.release.xcconfig"; sourceTree = "<group>"; };
		3BBD869155A4461959D2884D /* Pods-WordPress-Aztec-iOS_Tests.debug.xcconfig */ = {isa = PBXFileReference; includeInIndex = 1; lastKnownFileType = text.xcconfig; name = "Pods-WordPress-Aztec-iOS_Tests.debug.xcconfig"; path = "Pods/Target Support Files/Pods-WordPress-Aztec-iOS_Tests/Pods-WordPress-Aztec-iOS_Tests.debug.xcconfig"; sourceTree = "<group>"; };
		46F80AF8CF44F55383EEED45 /* WordPress-Aztec-iOS.podspec */ = {isa = PBXFileReference; includeInIndex = 1; lastKnownFileType = text; name = "WordPress-Aztec-iOS.podspec"; path = "../WordPress-Aztec-iOS.podspec"; sourceTree = "<group>"; };
		591D62711D2C0BB500AF4FA1 /* CLinkedListToArrayConverterTests.swift */ = {isa = PBXFileReference; fileEncoding = 4; lastKnownFileType = sourcecode.swift; path = CLinkedListToArrayConverterTests.swift; sourceTree = "<group>"; };
		591D62741D2C479400AF4FA1 /* InAttributeConverterTests.swift */ = {isa = PBXFileReference; fileEncoding = 4; lastKnownFileType = sourcecode.swift; path = InAttributeConverterTests.swift; sourceTree = "<group>"; };
		592CBEE91D301FEB005571B8 /* HTMLToAttributedStringTests.swift */ = {isa = PBXFileReference; fileEncoding = 4; lastKnownFileType = sourcecode.swift; path = HTMLToAttributedStringTests.swift; sourceTree = "<group>"; };
		5993F2951D369CFC00919A22 /* UnsupportedTags.rtf */ = {isa = PBXFileReference; fileEncoding = 4; lastKnownFileType = text.rtf; name = UnsupportedTags.rtf; path = "../WordPress-Aztec-iOS/Documentation/UnsupportedTags.rtf"; sourceTree = "<group>"; };
		59BF3A201D2198F000F763A9 /* InHTMLConverterTests.swift */ = {isa = PBXFileReference; fileEncoding = 4; lastKnownFileType = sourcecode.swift; path = InHTMLConverterTests.swift; sourceTree = "<group>"; };
		607FACD01AFB9204008FA782 /* WordPress-Aztec-iOS_Example.app */ = {isa = PBXFileReference; explicitFileType = wrapper.application; includeInIndex = 0; path = "WordPress-Aztec-iOS_Example.app"; sourceTree = BUILT_PRODUCTS_DIR; };
		607FACD41AFB9204008FA782 /* Info.plist */ = {isa = PBXFileReference; lastKnownFileType = text.plist.xml; path = Info.plist; sourceTree = "<group>"; };
		607FACD51AFB9204008FA782 /* AppDelegate.swift */ = {isa = PBXFileReference; lastKnownFileType = sourcecode.swift; path = AppDelegate.swift; sourceTree = "<group>"; };
		607FACD71AFB9204008FA782 /* ViewController.swift */ = {isa = PBXFileReference; lastKnownFileType = sourcecode.swift; path = ViewController.swift; sourceTree = "<group>"; };
		607FACDA1AFB9204008FA782 /* Base */ = {isa = PBXFileReference; lastKnownFileType = file.storyboard; name = Base; path = Base.lproj/Main.storyboard; sourceTree = "<group>"; };
		607FACDC1AFB9204008FA782 /* Images.xcassets */ = {isa = PBXFileReference; lastKnownFileType = folder.assetcatalog; path = Images.xcassets; sourceTree = "<group>"; };
		607FACDF1AFB9204008FA782 /* Base */ = {isa = PBXFileReference; lastKnownFileType = file.xib; name = Base; path = Base.lproj/LaunchScreen.xib; sourceTree = "<group>"; };
		607FACE51AFB9204008FA782 /* WordPress-Aztec-iOS_Tests.xctest */ = {isa = PBXFileReference; explicitFileType = wrapper.cfbundle; includeInIndex = 0; path = "WordPress-Aztec-iOS_Tests.xctest"; sourceTree = BUILT_PRODUCTS_DIR; };
		607FACEA1AFB9204008FA782 /* Info.plist */ = {isa = PBXFileReference; lastKnownFileType = text.plist.xml; path = Info.plist; sourceTree = "<group>"; };
		61F74F721499CBC2087AC827 /* Pods_WordPress_Aztec_iOS_Example.framework */ = {isa = PBXFileReference; explicitFileType = wrapper.framework; includeInIndex = 0; path = Pods_WordPress_Aztec_iOS_Example.framework; sourceTree = BUILT_PRODUCTS_DIR; };
		63C0BC2B0C0F5C2CF2F84CA2 /* README.md */ = {isa = PBXFileReference; includeInIndex = 1; lastKnownFileType = net.daringfireball.markdown; name = README.md; path = ../README.md; sourceTree = "<group>"; };
		748B4D011D3D21A5007BA3D8 /* OutAttributeConverterTests.swift */ = {isa = PBXFileReference; fileEncoding = 4; lastKnownFileType = sourcecode.swift; path = OutAttributeConverterTests.swift; sourceTree = "<group>"; };
		748B4D031D3D21DE007BA3D8 /* OutHTMLConverterTests.swift */ = {isa = PBXFileReference; fileEncoding = 4; lastKnownFileType = sourcecode.swift; path = OutHTMLConverterTests.swift; sourceTree = "<group>"; };
		748B4D051D3D21FE007BA3D8 /* OutNodeConverterTests.swift */ = {isa = PBXFileReference; fileEncoding = 4; lastKnownFileType = sourcecode.swift; path = OutNodeConverterTests.swift; sourceTree = "<group>"; };
		870A8286C016A1EA3AB361D2 /* Pods-WordPress-Aztec-iOS_Example.release.xcconfig */ = {isa = PBXFileReference; includeInIndex = 1; lastKnownFileType = text.xcconfig; name = "Pods-WordPress-Aztec-iOS_Example.release.xcconfig"; path = "Pods/Target Support Files/Pods-WordPress-Aztec-iOS_Example/Pods-WordPress-Aztec-iOS_Example.release.xcconfig"; sourceTree = "<group>"; };
		9FF60010EF5DF62D9A8C6AC7 /* Pods-WordPress-Aztec-iOS_Example.debug.xcconfig */ = {isa = PBXFileReference; includeInIndex = 1; lastKnownFileType = text.xcconfig; name = "Pods-WordPress-Aztec-iOS_Example.debug.xcconfig"; path = "Pods/Target Support Files/Pods-WordPress-Aztec-iOS_Example/Pods-WordPress-Aztec-iOS_Example.debug.xcconfig"; sourceTree = "<group>"; };
		A34514C1E6AC36B230E30AA6 /* LICENSE */ = {isa = PBXFileReference; includeInIndex = 1; lastKnownFileType = text; name = LICENSE; path = ../LICENSE; sourceTree = "<group>"; };
		E60B0CF71D2D88A200AEAEEA /* AztecTextEditorTests.swift */ = {isa = PBXFileReference; fileEncoding = 4; lastKnownFileType = sourcecode.swift; path = AztecTextEditorTests.swift; sourceTree = "<group>"; };
		E63BE9861D304A970065FF75 /* FormattingDemoController.swift */ = {isa = PBXFileReference; fileEncoding = 4; lastKnownFileType = sourcecode.swift; path = FormattingDemoController.swift; sourceTree = "<group>"; };
		E66568EF1D26DE6800E6913B /* CursorCalloutDemoController.swift */ = {isa = PBXFileReference; fileEncoding = 4; lastKnownFileType = sourcecode.swift; path = CursorCalloutDemoController.swift; sourceTree = "<group>"; };
		E66568F11D26DE9200E6913B /* DraggableDemoController.swift */ = {isa = PBXFileReference; fileEncoding = 4; lastKnownFileType = sourcecode.swift; path = DraggableDemoController.swift; sourceTree = "<group>"; };
		E66568F61D270F7F00E6913B /* SampleText.rtf */ = {isa = PBXFileReference; fileEncoding = 4; lastKnownFileType = text.rtf; path = SampleText.rtf; sourceTree = "<group>"; };
		F289576475698C2054C95567 /* Pods_WordPress_Aztec_iOS_Tests.framework */ = {isa = PBXFileReference; explicitFileType = wrapper.framework; includeInIndex = 0; path = Pods_WordPress_Aztec_iOS_Tests.framework; sourceTree = BUILT_PRODUCTS_DIR; };
/* End PBXFileReference section */

/* Begin PBXFrameworksBuildPhase section */
		607FACCD1AFB9204008FA782 /* Frameworks */ = {
			isa = PBXFrameworksBuildPhase;
			buildActionMask = 2147483647;
			files = (
				6AED12F8D5A6FB84E1C3B519 /* Pods_WordPress_Aztec_iOS_Example.framework in Frameworks */,
			);
			runOnlyForDeploymentPostprocessing = 0;
		};
		607FACE21AFB9204008FA782 /* Frameworks */ = {
			isa = PBXFrameworksBuildPhase;
			buildActionMask = 2147483647;
			files = (
				758B7A123FB573A6EE598BD1 /* Pods_WordPress_Aztec_iOS_Tests.framework in Frameworks */,
			);
			runOnlyForDeploymentPostprocessing = 0;
		};
/* End PBXFrameworksBuildPhase section */

/* Begin PBXGroup section */
		36DFAF1FA2AA101989D9E4E0 /* Pods */ = {
			isa = PBXGroup;
			children = (
				9FF60010EF5DF62D9A8C6AC7 /* Pods-WordPress-Aztec-iOS_Example.debug.xcconfig */,
				870A8286C016A1EA3AB361D2 /* Pods-WordPress-Aztec-iOS_Example.release.xcconfig */,
				3BBD869155A4461959D2884D /* Pods-WordPress-Aztec-iOS_Tests.debug.xcconfig */,
				1CE6C3B63D4C5A1F8E43AD92 /* Pods-WordPress-Aztec-iOS_Tests.release.xcconfig */,
			);
			name = Pods;
			sourceTree = "<group>";
		};
		5993F2941D369CCC00919A22 /* Documentation */ = {
			isa = PBXGroup;
			children = (
				5993F2951D369CFC00919A22 /* UnsupportedTags.rtf */,
			);
			name = Documentation;
			sourceTree = "<group>";
		};
		607FACC71AFB9204008FA782 = {
			isa = PBXGroup;
			children = (
				5993F2941D369CCC00919A22 /* Documentation */,
				607FACF51AFB993E008FA782 /* Podspec Metadata */,
				607FACD21AFB9204008FA782 /* Example for WordPress-Aztec-iOS */,
				607FACE81AFB9204008FA782 /* Tests */,
				607FACD11AFB9204008FA782 /* Products */,
				36DFAF1FA2AA101989D9E4E0 /* Pods */,
				72B4518BB46AB0E29518ACE7 /* Frameworks */,
			);
			sourceTree = "<group>";
		};
		607FACD11AFB9204008FA782 /* Products */ = {
			isa = PBXGroup;
			children = (
				607FACD01AFB9204008FA782 /* WordPress-Aztec-iOS_Example.app */,
				607FACE51AFB9204008FA782 /* WordPress-Aztec-iOS_Tests.xctest */,
			);
			name = Products;
			sourceTree = "<group>";
		};
		607FACD21AFB9204008FA782 /* Example for WordPress-Aztec-iOS */ = {
			isa = PBXGroup;
			children = (
				607FACD51AFB9204008FA782 /* AppDelegate.swift */,
				607FACD71AFB9204008FA782 /* ViewController.swift */,
				E66568EF1D26DE6800E6913B /* CursorCalloutDemoController.swift */,
				E66568F11D26DE9200E6913B /* DraggableDemoController.swift */,
				E63BE9861D304A970065FF75 /* FormattingDemoController.swift */,
				607FACD91AFB9204008FA782 /* Main.storyboard */,
				607FACDC1AFB9204008FA782 /* Images.xcassets */,
				607FACDE1AFB9204008FA782 /* LaunchScreen.xib */,
				607FACD31AFB9204008FA782 /* Supporting Files */,
				E66568F61D270F7F00E6913B /* SampleText.rtf */,
			);
			name = "Example for WordPress-Aztec-iOS";
			path = "WordPress-Aztec-iOS";
			sourceTree = "<group>";
		};
		607FACD31AFB9204008FA782 /* Supporting Files */ = {
			isa = PBXGroup;
			children = (
				607FACD41AFB9204008FA782 /* Info.plist */,
			);
			name = "Supporting Files";
			sourceTree = "<group>";
		};
		607FACE81AFB9204008FA782 /* Tests */ = {
			isa = PBXGroup;
			children = (
				591D62711D2C0BB500AF4FA1 /* CLinkedListToArrayConverterTests.swift */,
				591D62741D2C479400AF4FA1 /* InAttributeConverterTests.swift */,
				59BF3A201D2198F000F763A9 /* InHTMLConverterTests.swift */,
				748B4D051D3D21FE007BA3D8 /* OutNodeConverterTests.swift */,
				748B4D011D3D21A5007BA3D8 /* OutAttributeConverterTests.swift */,
				748B4D031D3D21DE007BA3D8 /* OutHTMLConverterTests.swift */,
				E60B0CF71D2D88A200AEAEEA /* AztecTextEditorTests.swift */,
				592CBEE91D301FEB005571B8 /* HTMLToAttributedStringTests.swift */,
				607FACE91AFB9204008FA782 /* Supporting Files */,
			);
			path = Tests;
			sourceTree = "<group>";
		};
		607FACE91AFB9204008FA782 /* Supporting Files */ = {
			isa = PBXGroup;
			children = (
				607FACEA1AFB9204008FA782 /* Info.plist */,
			);
			name = "Supporting Files";
			sourceTree = "<group>";
		};
		607FACF51AFB993E008FA782 /* Podspec Metadata */ = {
			isa = PBXGroup;
			children = (
				46F80AF8CF44F55383EEED45 /* WordPress-Aztec-iOS.podspec */,
				63C0BC2B0C0F5C2CF2F84CA2 /* README.md */,
				A34514C1E6AC36B230E30AA6 /* LICENSE */,
			);
			name = "Podspec Metadata";
			sourceTree = "<group>";
		};
		72B4518BB46AB0E29518ACE7 /* Frameworks */ = {
			isa = PBXGroup;
			children = (
				61F74F721499CBC2087AC827 /* Pods_WordPress_Aztec_iOS_Example.framework */,
				F289576475698C2054C95567 /* Pods_WordPress_Aztec_iOS_Tests.framework */,
			);
			name = Frameworks;
			sourceTree = "<group>";
		};
/* End PBXGroup section */

/* Begin PBXNativeTarget section */
		607FACCF1AFB9204008FA782 /* WordPress-Aztec-iOS_Example */ = {
			isa = PBXNativeTarget;
			buildConfigurationList = 607FACEF1AFB9204008FA782 /* Build configuration list for PBXNativeTarget "WordPress-Aztec-iOS_Example" */;
			buildPhases = (
				515FEF33437603FF6E2DE2DF /* [CP] Check Pods Manifest.lock */,
				607FACCC1AFB9204008FA782 /* Sources */,
				607FACCD1AFB9204008FA782 /* Frameworks */,
				607FACCE1AFB9204008FA782 /* Resources */,
				624798320F232AD61A48EADD /* [CP] Embed Pods Frameworks */,
				B8D77A572FC018A3BFFFBFDE /* [CP] Copy Pods Resources */,
			);
			buildRules = (
			);
			dependencies = (
			);
			name = "WordPress-Aztec-iOS_Example";
			productName = "WordPress-Aztec-iOS";
			productReference = 607FACD01AFB9204008FA782 /* WordPress-Aztec-iOS_Example.app */;
			productType = "com.apple.product-type.application";
		};
		607FACE41AFB9204008FA782 /* WordPress-Aztec-iOS_Tests */ = {
			isa = PBXNativeTarget;
			buildConfigurationList = 607FACF21AFB9204008FA782 /* Build configuration list for PBXNativeTarget "WordPress-Aztec-iOS_Tests" */;
			buildPhases = (
				D698C7D000E254D32514DE7B /* [CP] Check Pods Manifest.lock */,
				607FACE11AFB9204008FA782 /* Sources */,
				607FACE21AFB9204008FA782 /* Frameworks */,
				607FACE31AFB9204008FA782 /* Resources */,
				E7C44EB73F873BE552CC326D /* [CP] Embed Pods Frameworks */,
				17EC5308DCFD1CCCEA884781 /* [CP] Copy Pods Resources */,
			);
			buildRules = (
			);
			dependencies = (
				607FACE71AFB9204008FA782 /* PBXTargetDependency */,
			);
			name = "WordPress-Aztec-iOS_Tests";
			productName = Tests;
			productReference = 607FACE51AFB9204008FA782 /* WordPress-Aztec-iOS_Tests.xctest */;
			productType = "com.apple.product-type.bundle.unit-test";
		};
/* End PBXNativeTarget section */

/* Begin PBXProject section */
		607FACC81AFB9204008FA782 /* Project object */ = {
			isa = PBXProject;
			attributes = {
				LastSwiftUpdateCheck = 0720;
				LastUpgradeCheck = 0720;
				ORGANIZATIONNAME = CocoaPods;
				TargetAttributes = {
					607FACCF1AFB9204008FA782 = {
						CreatedOnToolsVersion = 6.3.1;
					};
					607FACE41AFB9204008FA782 = {
						CreatedOnToolsVersion = 6.3.1;
						TestTargetID = 607FACCF1AFB9204008FA782;
					};
				};
			};
			buildConfigurationList = 607FACCB1AFB9204008FA782 /* Build configuration list for PBXProject "WordPress-Aztec-iOS" */;
			compatibilityVersion = "Xcode 3.2";
			developmentRegion = English;
			hasScannedForEncodings = 0;
			knownRegions = (
				en,
				Base,
			);
			mainGroup = 607FACC71AFB9204008FA782;
			productRefGroup = 607FACD11AFB9204008FA782 /* Products */;
			projectDirPath = "";
			projectRoot = "";
			targets = (
				607FACCF1AFB9204008FA782 /* WordPress-Aztec-iOS_Example */,
				607FACE41AFB9204008FA782 /* WordPress-Aztec-iOS_Tests */,
			);
		};
/* End PBXProject section */

/* Begin PBXResourcesBuildPhase section */
		607FACCE1AFB9204008FA782 /* Resources */ = {
			isa = PBXResourcesBuildPhase;
			buildActionMask = 2147483647;
			files = (
				607FACDB1AFB9204008FA782 /* Main.storyboard in Resources */,
				607FACE01AFB9204008FA782 /* LaunchScreen.xib in Resources */,
				607FACDD1AFB9204008FA782 /* Images.xcassets in Resources */,
				E66568F71D270F7F00E6913B /* SampleText.rtf in Resources */,
			);
			runOnlyForDeploymentPostprocessing = 0;
		};
		607FACE31AFB9204008FA782 /* Resources */ = {
			isa = PBXResourcesBuildPhase;
			buildActionMask = 2147483647;
			files = (
			);
			runOnlyForDeploymentPostprocessing = 0;
		};
/* End PBXResourcesBuildPhase section */

/* Begin PBXShellScriptBuildPhase section */
		17EC5308DCFD1CCCEA884781 /* [CP] Copy Pods Resources */ = {
			isa = PBXShellScriptBuildPhase;
			buildActionMask = 2147483647;
			files = (
			);
			inputPaths = (
			);
			name = "[CP] Copy Pods Resources";
			outputPaths = (
			);
			runOnlyForDeploymentPostprocessing = 0;
			shellPath = /bin/sh;
			shellScript = "\"${SRCROOT}/Pods/Target Support Files/Pods-WordPress-Aztec-iOS_Tests/Pods-WordPress-Aztec-iOS_Tests-resources.sh\"\n";
			showEnvVarsInLog = 0;
		};
		515FEF33437603FF6E2DE2DF /* [CP] Check Pods Manifest.lock */ = {
			isa = PBXShellScriptBuildPhase;
			buildActionMask = 2147483647;
			files = (
			);
			inputPaths = (
			);
			name = "[CP] Check Pods Manifest.lock";
			outputPaths = (
			);
			runOnlyForDeploymentPostprocessing = 0;
			shellPath = /bin/sh;
			shellScript = "diff \"${PODS_ROOT}/../Podfile.lock\" \"${PODS_ROOT}/Manifest.lock\" > /dev/null\nif [[ $? != 0 ]] ; then\n    cat << EOM\nerror: The sandbox is not in sync with the Podfile.lock. Run 'pod install' or update your CocoaPods installation.\nEOM\n    exit 1\nfi\n";
			showEnvVarsInLog = 0;
		};
		624798320F232AD61A48EADD /* [CP] Embed Pods Frameworks */ = {
			isa = PBXShellScriptBuildPhase;
			buildActionMask = 2147483647;
			files = (
			);
			inputPaths = (
			);
			name = "[CP] Embed Pods Frameworks";
			outputPaths = (
			);
			runOnlyForDeploymentPostprocessing = 0;
			shellPath = /bin/sh;
			shellScript = "\"${SRCROOT}/Pods/Target Support Files/Pods-WordPress-Aztec-iOS_Example/Pods-WordPress-Aztec-iOS_Example-frameworks.sh\"\n";
			showEnvVarsInLog = 0;
		};
		B8D77A572FC018A3BFFFBFDE /* [CP] Copy Pods Resources */ = {
			isa = PBXShellScriptBuildPhase;
			buildActionMask = 2147483647;
			files = (
			);
			inputPaths = (
			);
			name = "[CP] Copy Pods Resources";
			outputPaths = (
			);
			runOnlyForDeploymentPostprocessing = 0;
			shellPath = /bin/sh;
			shellScript = "\"${SRCROOT}/Pods/Target Support Files/Pods-WordPress-Aztec-iOS_Example/Pods-WordPress-Aztec-iOS_Example-resources.sh\"\n";
			showEnvVarsInLog = 0;
		};
		D698C7D000E254D32514DE7B /* [CP] Check Pods Manifest.lock */ = {
			isa = PBXShellScriptBuildPhase;
			buildActionMask = 2147483647;
			files = (
			);
			inputPaths = (
			);
			name = "[CP] Check Pods Manifest.lock";
			outputPaths = (
			);
			runOnlyForDeploymentPostprocessing = 0;
			shellPath = /bin/sh;
			shellScript = "diff \"${PODS_ROOT}/../Podfile.lock\" \"${PODS_ROOT}/Manifest.lock\" > /dev/null\nif [[ $? != 0 ]] ; then\n    cat << EOM\nerror: The sandbox is not in sync with the Podfile.lock. Run 'pod install' or update your CocoaPods installation.\nEOM\n    exit 1\nfi\n";
			showEnvVarsInLog = 0;
		};
		E7C44EB73F873BE552CC326D /* [CP] Embed Pods Frameworks */ = {
			isa = PBXShellScriptBuildPhase;
			buildActionMask = 2147483647;
			files = (
			);
			inputPaths = (
			);
			name = "[CP] Embed Pods Frameworks";
			outputPaths = (
			);
			runOnlyForDeploymentPostprocessing = 0;
			shellPath = /bin/sh;
			shellScript = "\"${SRCROOT}/Pods/Target Support Files/Pods-WordPress-Aztec-iOS_Tests/Pods-WordPress-Aztec-iOS_Tests-frameworks.sh\"\n";
			showEnvVarsInLog = 0;
		};
/* End PBXShellScriptBuildPhase section */

/* Begin PBXSourcesBuildPhase section */
		607FACCC1AFB9204008FA782 /* Sources */ = {
			isa = PBXSourcesBuildPhase;
			buildActionMask = 2147483647;
			files = (
				E66568F01D26DE6800E6913B /* CursorCalloutDemoController.swift in Sources */,
				607FACD81AFB9204008FA782 /* ViewController.swift in Sources */,
				E63BE9871D304A970065FF75 /* FormattingDemoController.swift in Sources */,
				E66568F21D26DE9200E6913B /* DraggableDemoController.swift in Sources */,
				607FACD61AFB9204008FA782 /* AppDelegate.swift in Sources */,
			);
			runOnlyForDeploymentPostprocessing = 0;
		};
		607FACE11AFB9204008FA782 /* Sources */ = {
			isa = PBXSourcesBuildPhase;
			buildActionMask = 2147483647;
			files = (
				748B4D081D3D3D08007BA3D8 /* OutAttributeConverterTests.swift in Sources */,
				592CBEEB1D301FED005571B8 /* HTMLToAttributedStringTests.swift in Sources */,
				591D62731D2C0BBE00AF4FA1 /* CLinkedListToArrayConverterTests.swift in Sources */,
				5950B3111D21A890004A419A /* InHTMLConverterTests.swift in Sources */,
				748B4D071D3D3CFF007BA3D8 /* OutNodeConverterTests.swift in Sources */,
				E60B0CF81D2D88A200AEAEEA /* AztecTextEditorTests.swift in Sources */,
				748B4D091D3D3D0C007BA3D8 /* OutHTMLConverterTests.swift in Sources */,
				591D62761D2C49A000AF4FA1 /* InAttributeConverterTests.swift in Sources */,
			);
			runOnlyForDeploymentPostprocessing = 0;
		};
/* End PBXSourcesBuildPhase section */

/* Begin PBXTargetDependency section */
		607FACE71AFB9204008FA782 /* PBXTargetDependency */ = {
			isa = PBXTargetDependency;
			target = 607FACCF1AFB9204008FA782 /* WordPress-Aztec-iOS_Example */;
			targetProxy = 607FACE61AFB9204008FA782 /* PBXContainerItemProxy */;
		};
/* End PBXTargetDependency section */

/* Begin PBXVariantGroup section */
		607FACD91AFB9204008FA782 /* Main.storyboard */ = {
			isa = PBXVariantGroup;
			children = (
				607FACDA1AFB9204008FA782 /* Base */,
			);
			name = Main.storyboard;
			sourceTree = "<group>";
		};
		607FACDE1AFB9204008FA782 /* LaunchScreen.xib */ = {
			isa = PBXVariantGroup;
			children = (
				607FACDF1AFB9204008FA782 /* Base */,
			);
			name = LaunchScreen.xib;
			sourceTree = "<group>";
		};
/* End PBXVariantGroup section */

/* Begin XCBuildConfiguration section */
		607FACED1AFB9204008FA782 /* Debug */ = {
			isa = XCBuildConfiguration;
			buildSettings = {
				ALWAYS_SEARCH_USER_PATHS = NO;
				CLANG_CXX_LANGUAGE_STANDARD = "gnu++0x";
				CLANG_CXX_LIBRARY = "libc++";
				CLANG_ENABLE_MODULES = YES;
				CLANG_ENABLE_OBJC_ARC = YES;
				CLANG_WARN_BOOL_CONVERSION = YES;
				CLANG_WARN_CONSTANT_CONVERSION = YES;
				CLANG_WARN_DIRECT_OBJC_ISA_USAGE = YES_ERROR;
				CLANG_WARN_EMPTY_BODY = YES;
				CLANG_WARN_ENUM_CONVERSION = YES;
				CLANG_WARN_INT_CONVERSION = YES;
				CLANG_WARN_OBJC_ROOT_CLASS = YES_ERROR;
				CLANG_WARN_UNREACHABLE_CODE = YES;
				CLANG_WARN__DUPLICATE_METHOD_MATCH = YES;
				"CODE_SIGN_IDENTITY[sdk=iphoneos*]" = "iPhone Developer";
				COPY_PHASE_STRIP = NO;
				DEBUG_INFORMATION_FORMAT = "dwarf-with-dsym";
				ENABLE_STRICT_OBJC_MSGSEND = YES;
				ENABLE_TESTABILITY = YES;
				GCC_C_LANGUAGE_STANDARD = gnu99;
				GCC_DYNAMIC_NO_PIC = NO;
				GCC_NO_COMMON_BLOCKS = YES;
				GCC_OPTIMIZATION_LEVEL = 0;
				GCC_PREPROCESSOR_DEFINITIONS = (
					"DEBUG=1",
					"$(inherited)",
				);
				GCC_SYMBOLS_PRIVATE_EXTERN = NO;
				GCC_WARN_64_TO_32_BIT_CONVERSION = YES;
				GCC_WARN_ABOUT_RETURN_TYPE = YES_ERROR;
				GCC_WARN_UNDECLARED_SELECTOR = YES;
				GCC_WARN_UNINITIALIZED_AUTOS = YES_AGGRESSIVE;
				GCC_WARN_UNUSED_FUNCTION = YES;
				GCC_WARN_UNUSED_VARIABLE = YES;
				HEADER_SEARCH_PATHS = "$(SDKROOT)/usr/include/libxml2";
				IPHONEOS_DEPLOYMENT_TARGET = 8.3;
				MTL_ENABLE_DEBUG_INFO = YES;
				ONLY_ACTIVE_ARCH = YES;
				SDKROOT = iphoneos;
				SWIFT_OPTIMIZATION_LEVEL = "-Onone";
			};
			name = Debug;
		};
		607FACEE1AFB9204008FA782 /* Release */ = {
			isa = XCBuildConfiguration;
			buildSettings = {
				ALWAYS_SEARCH_USER_PATHS = NO;
				CLANG_CXX_LANGUAGE_STANDARD = "gnu++0x";
				CLANG_CXX_LIBRARY = "libc++";
				CLANG_ENABLE_MODULES = YES;
				CLANG_ENABLE_OBJC_ARC = YES;
				CLANG_WARN_BOOL_CONVERSION = YES;
				CLANG_WARN_CONSTANT_CONVERSION = YES;
				CLANG_WARN_DIRECT_OBJC_ISA_USAGE = YES_ERROR;
				CLANG_WARN_EMPTY_BODY = YES;
				CLANG_WARN_ENUM_CONVERSION = YES;
				CLANG_WARN_INT_CONVERSION = YES;
				CLANG_WARN_OBJC_ROOT_CLASS = YES_ERROR;
				CLANG_WARN_UNREACHABLE_CODE = YES;
				CLANG_WARN__DUPLICATE_METHOD_MATCH = YES;
				"CODE_SIGN_IDENTITY[sdk=iphoneos*]" = "iPhone Developer";
				COPY_PHASE_STRIP = NO;
				DEBUG_INFORMATION_FORMAT = "dwarf-with-dsym";
				ENABLE_NS_ASSERTIONS = NO;
				ENABLE_STRICT_OBJC_MSGSEND = YES;
				GCC_C_LANGUAGE_STANDARD = gnu99;
				GCC_NO_COMMON_BLOCKS = YES;
				GCC_WARN_64_TO_32_BIT_CONVERSION = YES;
				GCC_WARN_ABOUT_RETURN_TYPE = YES_ERROR;
				GCC_WARN_UNDECLARED_SELECTOR = YES;
				GCC_WARN_UNINITIALIZED_AUTOS = YES_AGGRESSIVE;
				GCC_WARN_UNUSED_FUNCTION = YES;
				GCC_WARN_UNUSED_VARIABLE = YES;
				HEADER_SEARCH_PATHS = "$(SDKROOT)/usr/include/libxml2";
				IPHONEOS_DEPLOYMENT_TARGET = 8.3;
				MTL_ENABLE_DEBUG_INFO = NO;
				SDKROOT = iphoneos;
				VALIDATE_PRODUCT = YES;
			};
			name = Release;
		};
		607FACF01AFB9204008FA782 /* Debug */ = {
			isa = XCBuildConfiguration;
			baseConfigurationReference = 9FF60010EF5DF62D9A8C6AC7 /* Pods-WordPress-Aztec-iOS_Example.debug.xcconfig */;
			buildSettings = {
				ASSETCATALOG_COMPILER_APPICON_NAME = AppIcon;
				INFOPLIST_FILE = "WordPress-Aztec-iOS/Info.plist";
				LD_RUNPATH_SEARCH_PATHS = "$(inherited) @executable_path/Frameworks";
				MODULE_NAME = ExampleApp;
				PRODUCT_BUNDLE_IDENTIFIER = "org.cocoapods.demo.$(PRODUCT_NAME:rfc1034identifier)";
				PRODUCT_NAME = "$(TARGET_NAME)";
			};
			name = Debug;
		};
		607FACF11AFB9204008FA782 /* Release */ = {
			isa = XCBuildConfiguration;
			baseConfigurationReference = 870A8286C016A1EA3AB361D2 /* Pods-WordPress-Aztec-iOS_Example.release.xcconfig */;
			buildSettings = {
				ASSETCATALOG_COMPILER_APPICON_NAME = AppIcon;
				INFOPLIST_FILE = "WordPress-Aztec-iOS/Info.plist";
				LD_RUNPATH_SEARCH_PATHS = "$(inherited) @executable_path/Frameworks";
				MODULE_NAME = ExampleApp;
				PRODUCT_BUNDLE_IDENTIFIER = "org.cocoapods.demo.$(PRODUCT_NAME:rfc1034identifier)";
				PRODUCT_NAME = "$(TARGET_NAME)";
			};
			name = Release;
		};
		607FACF31AFB9204008FA782 /* Debug */ = {
			isa = XCBuildConfiguration;
			baseConfigurationReference = 3BBD869155A4461959D2884D /* Pods-WordPress-Aztec-iOS_Tests.debug.xcconfig */;
			buildSettings = {
				FRAMEWORK_SEARCH_PATHS = (
					"\"$PODS_CONFIGURATION_BUILD_DIR/WordPress-Aztec-iOS\"",
					"$(inherited)",
				);
				GCC_PREPROCESSOR_DEFINITIONS = (
					"DEBUG=1",
					"$(inherited)",
				);
				INFOPLIST_FILE = Tests/Info.plist;
				LD_RUNPATH_SEARCH_PATHS = "$(inherited) @executable_path/Frameworks @loader_path/Frameworks";
				PRODUCT_BUNDLE_IDENTIFIER = "org.cocoapods.$(PRODUCT_NAME:rfc1034identifier)";
				PRODUCT_NAME = "$(TARGET_NAME)";
			};
			name = Debug;
		};
		607FACF41AFB9204008FA782 /* Release */ = {
			isa = XCBuildConfiguration;
			baseConfigurationReference = 1CE6C3B63D4C5A1F8E43AD92 /* Pods-WordPress-Aztec-iOS_Tests.release.xcconfig */;
			buildSettings = {
				FRAMEWORK_SEARCH_PATHS = (
					"\"$PODS_CONFIGURATION_BUILD_DIR/WordPress-Aztec-iOS\"",
					"$(inherited)",
				);
				INFOPLIST_FILE = Tests/Info.plist;
				LD_RUNPATH_SEARCH_PATHS = "$(inherited) @executable_path/Frameworks @loader_path/Frameworks";
				PRODUCT_BUNDLE_IDENTIFIER = "org.cocoapods.$(PRODUCT_NAME:rfc1034identifier)";
				PRODUCT_NAME = "$(TARGET_NAME)";
			};
			name = Release;
		};
/* End XCBuildConfiguration section */

/* Begin XCConfigurationList section */
		607FACCB1AFB9204008FA782 /* Build configuration list for PBXProject "WordPress-Aztec-iOS" */ = {
			isa = XCConfigurationList;
			buildConfigurations = (
				607FACED1AFB9204008FA782 /* Debug */,
				607FACEE1AFB9204008FA782 /* Release */,
			);
			defaultConfigurationIsVisible = 0;
			defaultConfigurationName = Release;
		};
		607FACEF1AFB9204008FA782 /* Build configuration list for PBXNativeTarget "WordPress-Aztec-iOS_Example" */ = {
			isa = XCConfigurationList;
			buildConfigurations = (
				607FACF01AFB9204008FA782 /* Debug */,
				607FACF11AFB9204008FA782 /* Release */,
			);
			defaultConfigurationIsVisible = 0;
			defaultConfigurationName = Release;
		};
		607FACF21AFB9204008FA782 /* Build configuration list for PBXNativeTarget "WordPress-Aztec-iOS_Tests" */ = {
			isa = XCConfigurationList;
			buildConfigurations = (
				607FACF31AFB9204008FA782 /* Debug */,
				607FACF41AFB9204008FA782 /* Release */,
			);
			defaultConfigurationIsVisible = 0;
			defaultConfigurationName = Release;
		};
/* End XCConfigurationList section */
	};
	rootObject = 607FACC81AFB9204008FA782 /* Project object */;
}
