// !$*UTF8*$!
{
	archiveVersion = 1;
	classes = {
	};
	objectVersion = 46;
	objects = {

/* Begin PBXBuildFile section */
		594C9D6D1D8BE57600D74542 /* Gridicons.framework in Frameworks */ = {isa = PBXBuildFile; fileRef = 599F255B1D8BCDB4002871D6 /* Gridicons.framework */; };
		594C9D6F1D8BE61F00D74542 /* Aztec.framework in CopyFiles */ = {isa = PBXBuildFile; fileRef = 5951CB8E1D8BC93600E1866F /* Aztec.framework */; settings = {ATTRIBUTES = (CodeSignOnCopy, RemoveHeadersOnCopy, ); }; };
		594C9D701D8BE62500D74542 /* Gridicons.framework in CopyFiles */ = {isa = PBXBuildFile; fileRef = 599F255B1D8BCDB4002871D6 /* Gridicons.framework */; settings = {ATTRIBUTES = (CodeSignOnCopy, RemoveHeadersOnCopy, ); }; };
		594C9D711D8BE6B800D74542 /* OutAttributeConverterTests.swift in Sources */ = {isa = PBXBuildFile; fileRef = 59FEA05E1D8BDFA700D138DF /* OutAttributeConverterTests.swift */; };
		594C9D721D8BE6BC00D74542 /* OutNodeConverterTests.swift in Sources */ = {isa = PBXBuildFile; fileRef = 59FEA0601D8BDFA700D138DF /* OutNodeConverterTests.swift */; };
		594C9D731D8BE6C300D74542 /* InAttributeConverterTests.swift in Sources */ = {isa = PBXBuildFile; fileRef = 59FEA06B1D8BDFA700D138DF /* InAttributeConverterTests.swift */; };
		594C9D741D8BE6C700D74542 /* InNodeConverterTests.swift in Sources */ = {isa = PBXBuildFile; fileRef = 59FEA06D1D8BDFA700D138DF /* InNodeConverterTests.swift */; };
		5951CB981D8BC93600E1866F /* Aztec.framework in Frameworks */ = {isa = PBXBuildFile; fileRef = 5951CB8E1D8BC93600E1866F /* Aztec.framework */; };
		599F25341D8BC9A1002871D6 /* ArrayConverter.swift in Sources */ = {isa = PBXBuildFile; fileRef = 599F25041D8BC9A1002871D6 /* ArrayConverter.swift */; };
		599F25351D8BC9A1002871D6 /* CLinkedListToArrayConverter.swift in Sources */ = {isa = PBXBuildFile; fileRef = 599F25051D8BC9A1002871D6 /* CLinkedListToArrayConverter.swift */; };
		599F25361D8BC9A1002871D6 /* Converter.swift in Sources */ = {isa = PBXBuildFile; fileRef = 599F25061D8BC9A1002871D6 /* Converter.swift */; };
		599F25371D8BC9A1002871D6 /* InAttributeConverter.swift in Sources */ = {isa = PBXBuildFile; fileRef = 599F250A1D8BC9A1002871D6 /* InAttributeConverter.swift */; };
		599F25381D8BC9A1002871D6 /* InAttributesConverter.swift in Sources */ = {isa = PBXBuildFile; fileRef = 599F250B1D8BC9A1002871D6 /* InAttributesConverter.swift */; };
		599F25391D8BC9A1002871D6 /* InHTMLConverter.swift in Sources */ = {isa = PBXBuildFile; fileRef = 599F250C1D8BC9A1002871D6 /* InHTMLConverter.swift */; };
		599F253A1D8BC9A1002871D6 /* InNodeConverter.swift in Sources */ = {isa = PBXBuildFile; fileRef = 599F250D1D8BC9A1002871D6 /* InNodeConverter.swift */; };
		599F253B1D8BC9A1002871D6 /* InNodesConverter.swift in Sources */ = {isa = PBXBuildFile; fileRef = 599F250E1D8BC9A1002871D6 /* InNodesConverter.swift */; };
		599F253C1D8BC9A1002871D6 /* OutHTMLAttributeConverter.swift in Sources */ = {isa = PBXBuildFile; fileRef = 599F25101D8BC9A1002871D6 /* OutHTMLAttributeConverter.swift */; };
		599F253D1D8BC9A1002871D6 /* OutHTMLConverter.swift in Sources */ = {isa = PBXBuildFile; fileRef = 599F25111D8BC9A1002871D6 /* OutHTMLConverter.swift */; };
		599F253E1D8BC9A1002871D6 /* OutHTMLNodeConverter.swift in Sources */ = {isa = PBXBuildFile; fileRef = 599F25121D8BC9A1002871D6 /* OutHTMLNodeConverter.swift */; };
		599F253F1D8BC9A1002871D6 /* Attribute.swift in Sources */ = {isa = PBXBuildFile; fileRef = 599F25141D8BC9A1002871D6 /* Attribute.swift */; };
		599F25401D8BC9A1002871D6 /* CommentNode.swift in Sources */ = {isa = PBXBuildFile; fileRef = 599F25151D8BC9A1002871D6 /* CommentNode.swift */; };
		599F25411D8BC9A1002871D6 /* EditableNode.swift in Sources */ = {isa = PBXBuildFile; fileRef = 599F25161D8BC9A1002871D6 /* EditableNode.swift */; };
		599F25421D8BC9A1002871D6 /* ElementNode.swift in Sources */ = {isa = PBXBuildFile; fileRef = 599F25171D8BC9A1002871D6 /* ElementNode.swift */; };
		599F25431D8BC9A1002871D6 /* Node.swift in Sources */ = {isa = PBXBuildFile; fileRef = 599F25181D8BC9A1002871D6 /* Node.swift */; };
		599F25441D8BC9A1002871D6 /* TextNode.swift in Sources */ = {isa = PBXBuildFile; fileRef = 599F25191D8BC9A1002871D6 /* TextNode.swift */; };
		599F25451D8BC9A1002871D6 /* Libxml2.swift in Sources */ = {isa = PBXBuildFile; fileRef = 599F251A1D8BC9A1002871D6 /* Libxml2.swift */; };
		599F25471D8BC9A1002871D6 /* HTMLConstants.swift in Sources */ = {isa = PBXBuildFile; fileRef = 599F25201D8BC9A1002871D6 /* HTMLConstants.swift */; };
		599F25481D8BC9A1002871D6 /* Metrics.swift in Sources */ = {isa = PBXBuildFile; fileRef = 599F25211D8BC9A1002871D6 /* Metrics.swift */; };
		599F254A1D8BC9A1002871D6 /* NSAttributedString+Attachments.swift in Sources */ = {isa = PBXBuildFile; fileRef = 599F25251D8BC9A1002871D6 /* NSAttributedString+Attachments.swift */; };
		599F254B1D8BC9A1002871D6 /* String+RangeConversion.swift in Sources */ = {isa = PBXBuildFile; fileRef = 599F25261D8BC9A1002871D6 /* String+RangeConversion.swift */; };
		599F254C1D8BC9A1002871D6 /* UITextView+Helpers.swift in Sources */ = {isa = PBXBuildFile; fileRef = 599F25271D8BC9A1002871D6 /* UITextView+Helpers.swift */; };
		599F254D1D8BC9A1002871D6 /* FormatBar.swift in Sources */ = {isa = PBXBuildFile; fileRef = 599F252A1D8BC9A1002871D6 /* FormatBar.swift */; };
		599F254E1D8BC9A1002871D6 /* FormatBarDelegate.swift in Sources */ = {isa = PBXBuildFile; fileRef = 599F252B1D8BC9A1002871D6 /* FormatBarDelegate.swift */; };
		599F254F1D8BC9A1002871D6 /* FormatBarItem.swift in Sources */ = {isa = PBXBuildFile; fileRef = 599F252C1D8BC9A1002871D6 /* FormatBarItem.swift */; };
		599F25501D8BC9A1002871D6 /* FormattingIdentifier.swift in Sources */ = {isa = PBXBuildFile; fileRef = 599F252D1D8BC9A1002871D6 /* FormattingIdentifier.swift */; };
		599F25521D8BC9A1002871D6 /* TextAttachment.swift in Sources */ = {isa = PBXBuildFile; fileRef = 599F25301D8BC9A1002871D6 /* TextAttachment.swift */; };
		599F25531D8BC9A1002871D6 /* TextStorage.swift in Sources */ = {isa = PBXBuildFile; fileRef = 599F25311D8BC9A1002871D6 /* TextStorage.swift */; };
		599F25541D8BC9A1002871D6 /* TextView.swift in Sources */ = {isa = PBXBuildFile; fileRef = 599F25321D8BC9A1002871D6 /* TextView.swift */; };
		599F255C1D8BCDB4002871D6 /* Gridicons.framework in Frameworks */ = {isa = PBXBuildFile; fileRef = 599F255B1D8BCDB4002871D6 /* Gridicons.framework */; };
		599F25941D8BDCFC002871D6 /* TextStorageTests.swift in Sources */ = {isa = PBXBuildFile; fileRef = 599F25921D8BDCFC002871D6 /* TextStorageTests.swift */; };
		599F25951D8BDCFC002871D6 /* AztecVisualEditorTests.swift in Sources */ = {isa = PBXBuildFile; fileRef = 599F25931D8BDCFC002871D6 /* AztecVisualEditorTests.swift */; };
		59FEA06F1D8BDFA700D138DF /* OutHTMLConverterTests.swift in Sources */ = {isa = PBXBuildFile; fileRef = 59FEA05F1D8BDFA700D138DF /* OutHTMLConverterTests.swift */; };
		59FEA0741D8BDFA700D138DF /* ElementNodeTests.swift in Sources */ = {isa = PBXBuildFile; fileRef = 59FEA0651D8BDFA700D138DF /* ElementNodeTests.swift */; };
		59FEA0751D8BDFA700D138DF /* NodeTests.swift in Sources */ = {isa = PBXBuildFile; fileRef = 59FEA0661D8BDFA700D138DF /* NodeTests.swift */; };
		59FEA0781D8BDFA700D138DF /* HTMLToAttributedStringTests.swift in Sources */ = {isa = PBXBuildFile; fileRef = 59FEA06A1D8BDFA700D138DF /* HTMLToAttributedStringTests.swift */; };
		59FEA07A1D8BDFA700D138DF /* InHTMLConverterTests.swift in Sources */ = {isa = PBXBuildFile; fileRef = 59FEA06C1D8BDFA700D138DF /* InHTMLConverterTests.swift */; };
		B59C9F9F1DF74BB80073B1D6 /* UIFont+Traits.swift in Sources */ = {isa = PBXBuildFile; fileRef = B59C9F9E1DF74BB80073B1D6 /* UIFont+Traits.swift */; };
		B5B86D371DA3EC250083DB3F /* NSRange+Helpers.swift in Sources */ = {isa = PBXBuildFile; fileRef = F18733C41DA096EE005AEB80 /* NSRange+Helpers.swift */; };
		B5B86D3C1DA41A550083DB3F /* TextListFormatter.swift in Sources */ = {isa = PBXBuildFile; fileRef = B5B86D3B1DA41A550083DB3F /* TextListFormatter.swift */; };
		B5B96DAB1E01B2F300791315 /* UIPasteboard+Helpers.swift in Sources */ = {isa = PBXBuildFile; fileRef = B5B96DAA1E01B2F300791315 /* UIPasteboard+Helpers.swift */; };
		B5BC4FEE1DA2C17800614582 /* NSAttributedString+Lists.swift in Sources */ = {isa = PBXBuildFile; fileRef = B5BC4FED1DA2C17800614582 /* NSAttributedString+Lists.swift */; };
		B5BC4FF21DA2D17000614582 /* NSAttributedStringListsTests.swift in Sources */ = {isa = PBXBuildFile; fileRef = B5BC4FF11DA2D17000614582 /* NSAttributedStringListsTests.swift */; };
		B5BC4FF61DA2D76600614582 /* TextList.swift in Sources */ = {isa = PBXBuildFile; fileRef = B5BC4FF51DA2D76600614582 /* TextList.swift */; };
		B5E607331DA56EC700C8A389 /* TextListFormatterTests.swift in Sources */ = {isa = PBXBuildFile; fileRef = B5E607321DA56EC700C8A389 /* TextListFormatterTests.swift */; };
		E109B51C1DC33F2C0099605E /* LayoutManager.swift in Sources */ = {isa = PBXBuildFile; fileRef = E109B51B1DC33F2C0099605E /* LayoutManager.swift */; };
		E11B77601DBA14B40024E455 /* BlockquoteFormatterTests.swift in Sources */ = {isa = PBXBuildFile; fileRef = E11B775F1DBA14B40024E455 /* BlockquoteFormatterTests.swift */; };
		E11B77641DBA6ADC0024E455 /* AttributeFormatter.swift in Sources */ = {isa = PBXBuildFile; fileRef = E11B77631DBA6ADC0024E455 /* AttributeFormatter.swift */; };
		E1C163A51DB6056B00E66A83 /* BlockquoteFormatter.swift in Sources */ = {isa = PBXBuildFile; fileRef = E1C163A41DB6056B00E66A83 /* BlockquoteFormatter.swift */; };
		F111DF0F1E3BA393003FB794 /* NSAttributedString+AttributeRanges.swift in Sources */ = {isa = PBXBuildFile; fileRef = F111DF0E1E3BA393003FB794 /* NSAttributedString+AttributeRanges.swift */; };
		F111DF111E3BAC8E003FB794 /* NSAttributedStringAttributeRangesTests.swift in Sources */ = {isa = PBXBuildFile; fileRef = F111DF101E3BAC8E003FB794 /* NSAttributedStringAttributeRangesTests.swift */; };
		F11904A51D9D857500BFF9A1 /* TextNodeTests.swift in Sources */ = {isa = PBXBuildFile; fileRef = F11904A41D9D857500BFF9A1 /* TextNodeTests.swift */; };
		F1288BAF1DD0B1EF00E67ABC /* HTMLNodeToNSAttributedString.swift in Sources */ = {isa = PBXBuildFile; fileRef = F1288BAD1DD0B1EF00E67ABC /* HTMLNodeToNSAttributedString.swift */; };
		F1288BB01DD0B1EF00E67ABC /* HTMLToAttributedString.swift in Sources */ = {isa = PBXBuildFile; fileRef = F1288BAE1DD0B1EF00E67ABC /* HTMLToAttributedString.swift */; };
		F138062A1E3651DC00CFB9ED /* ControlCharacters.rtf in Resources */ = {isa = PBXBuildFile; fileRef = F13806291E3651DC00CFB9ED /* ControlCharacters.rtf */; };
		F15C9B881DD58D8B00833C39 /* ElementNodeDescriptor.swift in Sources */ = {isa = PBXBuildFile; fileRef = F15C9B871DD58D8B00833C39 /* ElementNodeDescriptor.swift */; };
		F15F61C91E0323EC00CD6DD8 /* EditContext.swift in Sources */ = {isa = PBXBuildFile; fileRef = F15F61C81E0323EC00CD6DD8 /* EditContext.swift */; };
		F17D64AE1E4230A400D09FED /* VisualOnlyAttribute.swift in Sources */ = {isa = PBXBuildFile; fileRef = F17D64AD1E4230A400D09FED /* VisualOnlyAttribute.swift */; };
		F17D64B01E4231C800D09FED /* VisualOnlyElementFactory.swift in Sources */ = {isa = PBXBuildFile; fileRef = F17D64AF1E4231C800D09FED /* VisualOnlyElementFactory.swift */; };
		F18733C81DA09737005AEB80 /* NSRangeComparisonTests.swift in Sources */ = {isa = PBXBuildFile; fileRef = F18733C71DA09737005AEB80 /* NSRangeComparisonTests.swift */; };
		F1A218151E02D5B3000AF5EB /* UndoManager.swift in Sources */ = {isa = PBXBuildFile; fileRef = F1A218141E02D5B3000AF5EB /* UndoManager.swift */; };
		F1C05B991E37F99D007510EA /* Character+Name.swift in Sources */ = {isa = PBXBuildFile; fileRef = F1C05B981E37F99D007510EA /* Character+Name.swift */; };
		F1C05B9D1E37FA77007510EA /* String+CharacterName.swift in Sources */ = {isa = PBXBuildFile; fileRef = F1C05B9C1E37FA77007510EA /* String+CharacterName.swift */; };
		F1C05B9F1E37FD2F007510EA /* NSAttributedString+CharacterName.swift in Sources */ = {isa = PBXBuildFile; fileRef = F1C05B9E1E37FD2F007510EA /* NSAttributedString+CharacterName.swift */; };
		F1CF272A1DBA8CDB0001C61D /* DOMString.swift in Sources */ = {isa = PBXBuildFile; fileRef = F1CF27291DBA8CDB0001C61D /* DOMString.swift */; };
		F1E47FB91D9BFBD3006B46E2 /* LeafNode.swift in Sources */ = {isa = PBXBuildFile; fileRef = F1E47FB81D9BFBD3006B46E2 /* LeafNode.swift */; };
		FFA61E891DF18F3D00B71BF6 /* ParagraphStyle.swift in Sources */ = {isa = PBXBuildFile; fileRef = FFA61E881DF18F3D00B71BF6 /* ParagraphStyle.swift */; };
		FFA61EC21DF6C1C900B71BF6 /* NSAttributedString+Archive.swift in Sources */ = {isa = PBXBuildFile; fileRef = FFA61EC11DF6C1C900B71BF6 /* NSAttributedString+Archive.swift */; };
		FFD0FEB71DAE59A700430586 /* NSLayoutManager+Attachments.swift in Sources */ = {isa = PBXBuildFile; fileRef = FFD0FEB61DAE59A700430586 /* NSLayoutManager+Attachments.swift */; };
		FFF585CF1DB6398E00299B93 /* StandardElementType.swift in Sources */ = {isa = PBXBuildFile; fileRef = FFF585CE1DB6398E00299B93 /* StandardElementType.swift */; };
/* End PBXBuildFile section */

/* Begin PBXContainerItemProxy section */
		5951CB991D8BC93600E1866F /* PBXContainerItemProxy */ = {
			isa = PBXContainerItemProxy;
			containerPortal = 5951CB851D8BC93600E1866F /* Project object */;
			proxyType = 1;
			remoteGlobalIDString = 5951CB8D1D8BC93600E1866F;
			remoteInfo = Aztec;
		};
/* End PBXContainerItemProxy section */

/* Begin PBXCopyFilesBuildPhase section */
		594C9D6E1D8BE61300D74542 /* CopyFiles */ = {
			isa = PBXCopyFilesBuildPhase;
			buildActionMask = 2147483647;
			dstPath = "";
			dstSubfolderSpec = 10;
			files = (
				594C9D701D8BE62500D74542 /* Gridicons.framework in CopyFiles */,
				594C9D6F1D8BE61F00D74542 /* Aztec.framework in CopyFiles */,
			);
			runOnlyForDeploymentPostprocessing = 0;
		};
/* End PBXCopyFilesBuildPhase section */

/* Begin PBXFileReference section */
		5951CB8E1D8BC93600E1866F /* Aztec.framework */ = {isa = PBXFileReference; explicitFileType = wrapper.framework; includeInIndex = 0; path = Aztec.framework; sourceTree = BUILT_PRODUCTS_DIR; };
		5951CB921D8BC93600E1866F /* Info.plist */ = {isa = PBXFileReference; lastKnownFileType = text.plist.xml; path = Info.plist; sourceTree = "<group>"; };
		5951CB971D8BC93600E1866F /* AztecTests.xctest */ = {isa = PBXFileReference; explicitFileType = wrapper.cfbundle; includeInIndex = 0; path = AztecTests.xctest; sourceTree = BUILT_PRODUCTS_DIR; };
		5951CB9E1D8BC93600E1866F /* Info.plist */ = {isa = PBXFileReference; lastKnownFileType = text.plist.xml; path = Info.plist; sourceTree = "<group>"; };
		599F25041D8BC9A1002871D6 /* ArrayConverter.swift */ = {isa = PBXFileReference; fileEncoding = 4; lastKnownFileType = sourcecode.swift; path = ArrayConverter.swift; sourceTree = "<group>"; };
		599F25051D8BC9A1002871D6 /* CLinkedListToArrayConverter.swift */ = {isa = PBXFileReference; fileEncoding = 4; lastKnownFileType = sourcecode.swift; path = CLinkedListToArrayConverter.swift; sourceTree = "<group>"; };
		599F25061D8BC9A1002871D6 /* Converter.swift */ = {isa = PBXFileReference; fileEncoding = 4; lastKnownFileType = sourcecode.swift; path = Converter.swift; sourceTree = "<group>"; };
		599F250A1D8BC9A1002871D6 /* InAttributeConverter.swift */ = {isa = PBXFileReference; fileEncoding = 4; lastKnownFileType = sourcecode.swift; path = InAttributeConverter.swift; sourceTree = "<group>"; };
		599F250B1D8BC9A1002871D6 /* InAttributesConverter.swift */ = {isa = PBXFileReference; fileEncoding = 4; lastKnownFileType = sourcecode.swift; path = InAttributesConverter.swift; sourceTree = "<group>"; };
		599F250C1D8BC9A1002871D6 /* InHTMLConverter.swift */ = {isa = PBXFileReference; fileEncoding = 4; lastKnownFileType = sourcecode.swift; path = InHTMLConverter.swift; sourceTree = "<group>"; };
		599F250D1D8BC9A1002871D6 /* InNodeConverter.swift */ = {isa = PBXFileReference; fileEncoding = 4; lastKnownFileType = sourcecode.swift; path = InNodeConverter.swift; sourceTree = "<group>"; };
		599F250E1D8BC9A1002871D6 /* InNodesConverter.swift */ = {isa = PBXFileReference; fileEncoding = 4; lastKnownFileType = sourcecode.swift; path = InNodesConverter.swift; sourceTree = "<group>"; };
		599F25101D8BC9A1002871D6 /* OutHTMLAttributeConverter.swift */ = {isa = PBXFileReference; fileEncoding = 4; lastKnownFileType = sourcecode.swift; path = OutHTMLAttributeConverter.swift; sourceTree = "<group>"; };
		599F25111D8BC9A1002871D6 /* OutHTMLConverter.swift */ = {isa = PBXFileReference; fileEncoding = 4; lastKnownFileType = sourcecode.swift; path = OutHTMLConverter.swift; sourceTree = "<group>"; };
		599F25121D8BC9A1002871D6 /* OutHTMLNodeConverter.swift */ = {isa = PBXFileReference; fileEncoding = 4; lastKnownFileType = sourcecode.swift; path = OutHTMLNodeConverter.swift; sourceTree = "<group>"; };
		599F25141D8BC9A1002871D6 /* Attribute.swift */ = {isa = PBXFileReference; fileEncoding = 4; lastKnownFileType = sourcecode.swift; path = Attribute.swift; sourceTree = "<group>"; };
		599F25151D8BC9A1002871D6 /* CommentNode.swift */ = {isa = PBXFileReference; fileEncoding = 4; lastKnownFileType = sourcecode.swift; path = CommentNode.swift; sourceTree = "<group>"; };
		599F25161D8BC9A1002871D6 /* EditableNode.swift */ = {isa = PBXFileReference; fileEncoding = 4; lastKnownFileType = sourcecode.swift; path = EditableNode.swift; sourceTree = "<group>"; };
		599F25171D8BC9A1002871D6 /* ElementNode.swift */ = {isa = PBXFileReference; fileEncoding = 4; lastKnownFileType = sourcecode.swift; path = ElementNode.swift; sourceTree = "<group>"; };
		599F25181D8BC9A1002871D6 /* Node.swift */ = {isa = PBXFileReference; fileEncoding = 4; lastKnownFileType = sourcecode.swift; path = Node.swift; sourceTree = "<group>"; };
		599F25191D8BC9A1002871D6 /* TextNode.swift */ = {isa = PBXFileReference; fileEncoding = 4; lastKnownFileType = sourcecode.swift; path = TextNode.swift; sourceTree = "<group>"; };
		599F251A1D8BC9A1002871D6 /* Libxml2.swift */ = {isa = PBXFileReference; fileEncoding = 4; lastKnownFileType = sourcecode.swift; path = Libxml2.swift; sourceTree = "<group>"; };
		599F25201D8BC9A1002871D6 /* HTMLConstants.swift */ = {isa = PBXFileReference; fileEncoding = 4; lastKnownFileType = sourcecode.swift; path = HTMLConstants.swift; sourceTree = "<group>"; };
		599F25211D8BC9A1002871D6 /* Metrics.swift */ = {isa = PBXFileReference; fileEncoding = 4; lastKnownFileType = sourcecode.swift; path = Metrics.swift; sourceTree = "<group>"; };
		599F25251D8BC9A1002871D6 /* NSAttributedString+Attachments.swift */ = {isa = PBXFileReference; fileEncoding = 4; lastKnownFileType = sourcecode.swift; path = "NSAttributedString+Attachments.swift"; sourceTree = "<group>"; };
		599F25261D8BC9A1002871D6 /* String+RangeConversion.swift */ = {isa = PBXFileReference; fileEncoding = 4; lastKnownFileType = sourcecode.swift; path = "String+RangeConversion.swift"; sourceTree = "<group>"; };
		599F25271D8BC9A1002871D6 /* UITextView+Helpers.swift */ = {isa = PBXFileReference; fileEncoding = 4; lastKnownFileType = sourcecode.swift; path = "UITextView+Helpers.swift"; sourceTree = "<group>"; };
		599F252A1D8BC9A1002871D6 /* FormatBar.swift */ = {isa = PBXFileReference; fileEncoding = 4; lastKnownFileType = sourcecode.swift; path = FormatBar.swift; sourceTree = "<group>"; };
		599F252B1D8BC9A1002871D6 /* FormatBarDelegate.swift */ = {isa = PBXFileReference; fileEncoding = 4; lastKnownFileType = sourcecode.swift; path = FormatBarDelegate.swift; sourceTree = "<group>"; };
		599F252C1D8BC9A1002871D6 /* FormatBarItem.swift */ = {isa = PBXFileReference; fileEncoding = 4; lastKnownFileType = sourcecode.swift; path = FormatBarItem.swift; sourceTree = "<group>"; };
		599F252D1D8BC9A1002871D6 /* FormattingIdentifier.swift */ = {isa = PBXFileReference; fileEncoding = 4; lastKnownFileType = sourcecode.swift; path = FormattingIdentifier.swift; sourceTree = "<group>"; };
		599F25301D8BC9A1002871D6 /* TextAttachment.swift */ = {isa = PBXFileReference; fileEncoding = 4; lastKnownFileType = sourcecode.swift; path = TextAttachment.swift; sourceTree = "<group>"; };
		599F25311D8BC9A1002871D6 /* TextStorage.swift */ = {isa = PBXFileReference; fileEncoding = 4; lastKnownFileType = sourcecode.swift; path = TextStorage.swift; sourceTree = "<group>"; };
		599F25321D8BC9A1002871D6 /* TextView.swift */ = {isa = PBXFileReference; fileEncoding = 4; lastKnownFileType = sourcecode.swift; path = TextView.swift; sourceTree = "<group>"; };
		599F25571D8BCA01002871D6 /* libxml2-umbrella.h */ = {isa = PBXFileReference; fileEncoding = 4; lastKnownFileType = sourcecode.c.h; path = "libxml2-umbrella.h"; sourceTree = "<group>"; };
		599F25581D8BCA01002871D6 /* module.modulemap */ = {isa = PBXFileReference; fileEncoding = 4; lastKnownFileType = "sourcecode.module-map"; path = module.modulemap; sourceTree = "<group>"; };
		599F255B1D8BCDB4002871D6 /* Gridicons.framework */ = {isa = PBXFileReference; lastKnownFileType = wrapper.framework; name = Gridicons.framework; path = Example/Carthage/Build/iOS/Gridicons.framework; sourceTree = "<group>"; };
		599F258F1D8BDCA9002871D6 /* EditingLogic.rtf */ = {isa = PBXFileReference; fileEncoding = 4; lastKnownFileType = text.rtf; name = EditingLogic.rtf; path = ../Documentation/EditingLogic.rtf; sourceTree = "<group>"; };
		599F25901D8BDCA9002871D6 /* UnsupportedTags.rtf */ = {isa = PBXFileReference; fileEncoding = 4; lastKnownFileType = text.rtf; name = UnsupportedTags.rtf; path = ../Documentation/UnsupportedTags.rtf; sourceTree = "<group>"; };
		599F25921D8BDCFC002871D6 /* TextStorageTests.swift */ = {isa = PBXFileReference; fileEncoding = 4; lastKnownFileType = sourcecode.swift; path = TextStorageTests.swift; sourceTree = "<group>"; };
		599F25931D8BDCFC002871D6 /* AztecVisualEditorTests.swift */ = {isa = PBXFileReference; fileEncoding = 4; lastKnownFileType = sourcecode.swift; path = AztecVisualEditorTests.swift; sourceTree = "<group>"; };
		59FEA05E1D8BDFA700D138DF /* OutAttributeConverterTests.swift */ = {isa = PBXFileReference; fileEncoding = 4; lastKnownFileType = sourcecode.swift; path = OutAttributeConverterTests.swift; sourceTree = "<group>"; };
		59FEA05F1D8BDFA700D138DF /* OutHTMLConverterTests.swift */ = {isa = PBXFileReference; fileEncoding = 4; lastKnownFileType = sourcecode.swift; path = OutHTMLConverterTests.swift; sourceTree = "<group>"; };
		59FEA0601D8BDFA700D138DF /* OutNodeConverterTests.swift */ = {isa = PBXFileReference; fileEncoding = 4; lastKnownFileType = sourcecode.swift; path = OutNodeConverterTests.swift; sourceTree = "<group>"; };
		59FEA0651D8BDFA700D138DF /* ElementNodeTests.swift */ = {isa = PBXFileReference; fileEncoding = 4; lastKnownFileType = sourcecode.swift; path = ElementNodeTests.swift; sourceTree = "<group>"; };
		59FEA0661D8BDFA700D138DF /* NodeTests.swift */ = {isa = PBXFileReference; fileEncoding = 4; lastKnownFileType = sourcecode.swift; path = NodeTests.swift; sourceTree = "<group>"; };
		59FEA06A1D8BDFA700D138DF /* HTMLToAttributedStringTests.swift */ = {isa = PBXFileReference; fileEncoding = 4; lastKnownFileType = sourcecode.swift; path = HTMLToAttributedStringTests.swift; sourceTree = "<group>"; };
		59FEA06B1D8BDFA700D138DF /* InAttributeConverterTests.swift */ = {isa = PBXFileReference; fileEncoding = 4; lastKnownFileType = sourcecode.swift; path = InAttributeConverterTests.swift; sourceTree = "<group>"; };
		59FEA06C1D8BDFA700D138DF /* InHTMLConverterTests.swift */ = {isa = PBXFileReference; fileEncoding = 4; lastKnownFileType = sourcecode.swift; path = InHTMLConverterTests.swift; sourceTree = "<group>"; };
		59FEA06D1D8BDFA700D138DF /* InNodeConverterTests.swift */ = {isa = PBXFileReference; fileEncoding = 4; lastKnownFileType = sourcecode.swift; path = InNodeConverterTests.swift; sourceTree = "<group>"; };
		B59C9F9E1DF74BB80073B1D6 /* UIFont+Traits.swift */ = {isa = PBXFileReference; fileEncoding = 4; lastKnownFileType = sourcecode.swift; path = "UIFont+Traits.swift"; sourceTree = "<group>"; };
		B5B86D3B1DA41A550083DB3F /* TextListFormatter.swift */ = {isa = PBXFileReference; fileEncoding = 4; lastKnownFileType = sourcecode.swift; path = TextListFormatter.swift; sourceTree = "<group>"; };
		B5B96DAA1E01B2F300791315 /* UIPasteboard+Helpers.swift */ = {isa = PBXFileReference; fileEncoding = 4; lastKnownFileType = sourcecode.swift; path = "UIPasteboard+Helpers.swift"; sourceTree = "<group>"; };
		B5BC4FED1DA2C17800614582 /* NSAttributedString+Lists.swift */ = {isa = PBXFileReference; fileEncoding = 4; lastKnownFileType = sourcecode.swift; path = "NSAttributedString+Lists.swift"; sourceTree = "<group>"; };
		B5BC4FF11DA2D17000614582 /* NSAttributedStringListsTests.swift */ = {isa = PBXFileReference; fileEncoding = 4; lastKnownFileType = sourcecode.swift; name = NSAttributedStringListsTests.swift; path = Extensions/NSAttributedStringListsTests.swift; sourceTree = "<group>"; };
		B5BC4FF51DA2D76600614582 /* TextList.swift */ = {isa = PBXFileReference; fileEncoding = 4; lastKnownFileType = sourcecode.swift; path = TextList.swift; sourceTree = "<group>"; };
		B5E607321DA56EC700C8A389 /* TextListFormatterTests.swift */ = {isa = PBXFileReference; fileEncoding = 4; lastKnownFileType = sourcecode.swift; path = TextListFormatterTests.swift; sourceTree = "<group>"; };
		E109B51B1DC33F2C0099605E /* LayoutManager.swift */ = {isa = PBXFileReference; fileEncoding = 4; lastKnownFileType = sourcecode.swift; path = LayoutManager.swift; sourceTree = "<group>"; };
		E11B775F1DBA14B40024E455 /* BlockquoteFormatterTests.swift */ = {isa = PBXFileReference; fileEncoding = 4; lastKnownFileType = sourcecode.swift; path = BlockquoteFormatterTests.swift; sourceTree = "<group>"; };
		E11B77631DBA6ADC0024E455 /* AttributeFormatter.swift */ = {isa = PBXFileReference; fileEncoding = 4; lastKnownFileType = sourcecode.swift; path = AttributeFormatter.swift; sourceTree = "<group>"; };
		E1C163A41DB6056B00E66A83 /* BlockquoteFormatter.swift */ = {isa = PBXFileReference; fileEncoding = 4; lastKnownFileType = sourcecode.swift; path = BlockquoteFormatter.swift; sourceTree = "<group>"; };
		F111DF0E1E3BA393003FB794 /* NSAttributedString+AttributeRanges.swift */ = {isa = PBXFileReference; fileEncoding = 4; lastKnownFileType = sourcecode.swift; path = "NSAttributedString+AttributeRanges.swift"; sourceTree = "<group>"; };
		F111DF101E3BAC8E003FB794 /* NSAttributedStringAttributeRangesTests.swift */ = {isa = PBXFileReference; fileEncoding = 4; lastKnownFileType = sourcecode.swift; path = NSAttributedStringAttributeRangesTests.swift; sourceTree = "<group>"; };
		F11904A41D9D857500BFF9A1 /* TextNodeTests.swift */ = {isa = PBXFileReference; fileEncoding = 4; lastKnownFileType = sourcecode.swift; path = TextNodeTests.swift; sourceTree = "<group>"; };
		F1288BAD1DD0B1EF00E67ABC /* HTMLNodeToNSAttributedString.swift */ = {isa = PBXFileReference; fileEncoding = 4; lastKnownFileType = sourcecode.swift; path = HTMLNodeToNSAttributedString.swift; sourceTree = "<group>"; };
		F1288BAE1DD0B1EF00E67ABC /* HTMLToAttributedString.swift */ = {isa = PBXFileReference; fileEncoding = 4; lastKnownFileType = sourcecode.swift; path = HTMLToAttributedString.swift; sourceTree = "<group>"; };
		F13806291E3651DC00CFB9ED /* ControlCharacters.rtf */ = {isa = PBXFileReference; fileEncoding = 4; lastKnownFileType = text.rtf; path = ControlCharacters.rtf; sourceTree = "<group>"; };
		F15C9B871DD58D8B00833C39 /* ElementNodeDescriptor.swift */ = {isa = PBXFileReference; fileEncoding = 4; lastKnownFileType = sourcecode.swift; name = ElementNodeDescriptor.swift; path = Descriptors/ElementNodeDescriptor.swift; sourceTree = "<group>"; };
		F15F61C81E0323EC00CD6DD8 /* EditContext.swift */ = {isa = PBXFileReference; fileEncoding = 4; lastKnownFileType = sourcecode.swift; path = EditContext.swift; sourceTree = "<group>"; };
		F17D64AD1E4230A400D09FED /* VisualOnlyAttribute.swift */ = {isa = PBXFileReference; fileEncoding = 4; lastKnownFileType = sourcecode.swift; path = VisualOnlyAttribute.swift; sourceTree = "<group>"; };
		F17D64AF1E4231C800D09FED /* VisualOnlyElementFactory.swift */ = {isa = PBXFileReference; fileEncoding = 4; lastKnownFileType = sourcecode.swift; path = VisualOnlyElementFactory.swift; sourceTree = "<group>"; };
		F18733C41DA096EE005AEB80 /* NSRange+Helpers.swift */ = {isa = PBXFileReference; fileEncoding = 4; lastKnownFileType = sourcecode.swift; path = "NSRange+Helpers.swift"; sourceTree = "<group>"; };
		F18733C71DA09737005AEB80 /* NSRangeComparisonTests.swift */ = {isa = PBXFileReference; fileEncoding = 4; lastKnownFileType = sourcecode.swift; name = NSRangeComparisonTests.swift; path = Extensions/NSRangeComparisonTests.swift; sourceTree = "<group>"; };
		F1A218141E02D5B3000AF5EB /* UndoManager.swift */ = {isa = PBXFileReference; fileEncoding = 4; lastKnownFileType = sourcecode.swift; path = UndoManager.swift; sourceTree = "<group>"; };
		F1C05B981E37F99D007510EA /* Character+Name.swift */ = {isa = PBXFileReference; fileEncoding = 4; lastKnownFileType = sourcecode.swift; path = "Character+Name.swift"; sourceTree = "<group>"; };
		F1C05B9C1E37FA77007510EA /* String+CharacterName.swift */ = {isa = PBXFileReference; fileEncoding = 4; lastKnownFileType = sourcecode.swift; path = "String+CharacterName.swift"; sourceTree = "<group>"; };
		F1C05B9E1E37FD2F007510EA /* NSAttributedString+CharacterName.swift */ = {isa = PBXFileReference; fileEncoding = 4; lastKnownFileType = sourcecode.swift; path = "NSAttributedString+CharacterName.swift"; sourceTree = "<group>"; };
		F1CF27291DBA8CDB0001C61D /* DOMString.swift */ = {isa = PBXFileReference; fileEncoding = 4; lastKnownFileType = sourcecode.swift; path = DOMString.swift; sourceTree = "<group>"; };
		F1E47FB81D9BFBD3006B46E2 /* LeafNode.swift */ = {isa = PBXFileReference; fileEncoding = 4; lastKnownFileType = sourcecode.swift; path = LeafNode.swift; sourceTree = "<group>"; };
		FF5B98E21DC29D0C00571CA4 /* README.md */ = {isa = PBXFileReference; fileEncoding = 4; lastKnownFileType = net.daringfireball.markdown; path = README.md; sourceTree = SOURCE_ROOT; };
		FF5B98E41DC355B400571CA4 /* LICENSE */ = {isa = PBXFileReference; fileEncoding = 4; lastKnownFileType = text; path = LICENSE; sourceTree = SOURCE_ROOT; };
		FFA61E881DF18F3D00B71BF6 /* ParagraphStyle.swift */ = {isa = PBXFileReference; fileEncoding = 4; lastKnownFileType = sourcecode.swift; path = ParagraphStyle.swift; sourceTree = "<group>"; };
		FFA61EC11DF6C1C900B71BF6 /* NSAttributedString+Archive.swift */ = {isa = PBXFileReference; fileEncoding = 4; lastKnownFileType = sourcecode.swift; path = "NSAttributedString+Archive.swift"; sourceTree = "<group>"; };
		FFD0FEB61DAE59A700430586 /* NSLayoutManager+Attachments.swift */ = {isa = PBXFileReference; fileEncoding = 4; lastKnownFileType = sourcecode.swift; path = "NSLayoutManager+Attachments.swift"; sourceTree = "<group>"; };
		FFF585CE1DB6398E00299B93 /* StandardElementType.swift */ = {isa = PBXFileReference; fileEncoding = 4; lastKnownFileType = sourcecode.swift; path = StandardElementType.swift; sourceTree = "<group>"; };
/* End PBXFileReference section */

/* Begin PBXFrameworksBuildPhase section */
		5951CB8A1D8BC93600E1866F /* Frameworks */ = {
			isa = PBXFrameworksBuildPhase;
			buildActionMask = 2147483647;
			files = (
				599F255C1D8BCDB4002871D6 /* Gridicons.framework in Frameworks */,
			);
			runOnlyForDeploymentPostprocessing = 0;
		};
		5951CB941D8BC93600E1866F /* Frameworks */ = {
			isa = PBXFrameworksBuildPhase;
			buildActionMask = 2147483647;
			files = (
				5951CB981D8BC93600E1866F /* Aztec.framework in Frameworks */,
				594C9D6D1D8BE57600D74542 /* Gridicons.framework in Frameworks */,
			);
			runOnlyForDeploymentPostprocessing = 0;
		};
/* End PBXFrameworksBuildPhase section */

/* Begin PBXGroup section */
		5951CB841D8BC93600E1866F = {
			isa = PBXGroup;
			children = (
				FF5B98E41DC355B400571CA4 /* LICENSE */,
				FF5B98E21DC29D0C00571CA4 /* README.md */,
				5951CB901D8BC93600E1866F /* Aztec */,
				5951CB9B1D8BC93600E1866F /* AztecTests */,
				599F255A1D8BCD97002871D6 /* Frameworks */,
				5951CB8F1D8BC93600E1866F /* Products */,
			);
			sourceTree = "<group>";
		};
		5951CB8F1D8BC93600E1866F /* Products */ = {
			isa = PBXGroup;
			children = (
				5951CB8E1D8BC93600E1866F /* Aztec.framework */,
				5951CB971D8BC93600E1866F /* AztecTests.xctest */,
			);
			name = Products;
			sourceTree = "<group>";
		};
		5951CB901D8BC93600E1866F /* Aztec */ = {
			isa = PBXGroup;
			children = (
				5951CB921D8BC93600E1866F /* Info.plist */,
				599F25001D8BC9A1002871D6 /* Classes */,
				599F25911D8BDCA9002871D6 /* Documentation */,
				599F25551D8BCA01002871D6 /* Modulemaps */,
			);
			path = Aztec;
			sourceTree = "<group>";
		};
		5951CB9B1D8BC93600E1866F /* AztecTests */ = {
			isa = PBXGroup;
			children = (
				5951CB9E1D8BC93600E1866F /* Info.plist */,
				599F25921D8BDCFC002871D6 /* TextStorageTests.swift */,
				599F25931D8BDCFC002871D6 /* AztecVisualEditorTests.swift */,
				59FEA05D1D8BDFA700D138DF /* Exporter */,
				F18733C61DA0970E005AEB80 /* Extensions */,
				B5E607311DA56EB000C8A389 /* Formatters */,
				59FEA0641D8BDFA700D138DF /* HTML */,
				59FEA0691D8BDFA700D138DF /* Importer */,
			);
			path = AztecTests;
			sourceTree = "<group>";
		};
		599F25001D8BC9A1002871D6 /* Classes */ = {
			isa = PBXGroup;
			children = (
				599F251F1D8BC9A1002871D6 /* Constants */,
				599F25031D8BC9A1002871D6 /* Converter */,
				F1288BAC1DD0B1EF00E67ABC /* Converters */,
				599F25241D8BC9A1002871D6 /* Extensions */,
				B5B86D3A1DA41A550083DB3F /* Formatters */,
				599F25281D8BC9A1002871D6 /* GUI */,
				599F25071D8BC9A1002871D6 /* Libxml2 */,
				F17D64AC1E4230A400D09FED /* NSAttributedString */,
				599F252E1D8BC9A1002871D6 /* TextKit */,
			);
			name = Classes;
			path = Aztec/Classes;
			sourceTree = SOURCE_ROOT;
		};
		599F25031D8BC9A1002871D6 /* Converter */ = {
			isa = PBXGroup;
			children = (
				599F25041D8BC9A1002871D6 /* ArrayConverter.swift */,
				599F25051D8BC9A1002871D6 /* CLinkedListToArrayConverter.swift */,
				599F25061D8BC9A1002871D6 /* Converter.swift */,
			);
			path = Converter;
			sourceTree = "<group>";
		};
		599F25071D8BC9A1002871D6 /* Libxml2 */ = {
			isa = PBXGroup;
			children = (
				599F25081D8BC9A1002871D6 /* Converters */,
				F15C9B891DD58D8F00833C39 /* Descriptors */,
				599F25131D8BC9A1002871D6 /* DOM */,
				599F251A1D8BC9A1002871D6 /* Libxml2.swift */,
				F1CF27291DBA8CDB0001C61D /* DOMString.swift */,
				F15F61C81E0323EC00CD6DD8 /* EditContext.swift */,
			);
			path = Libxml2;
			sourceTree = "<group>";
		};
		599F25081D8BC9A1002871D6 /* Converters */ = {
			isa = PBXGroup;
			children = (
				599F25091D8BC9A1002871D6 /* In */,
				599F250F1D8BC9A1002871D6 /* Out */,
			);
			path = Converters;
			sourceTree = "<group>";
		};
		599F25091D8BC9A1002871D6 /* In */ = {
			isa = PBXGroup;
			children = (
				599F250A1D8BC9A1002871D6 /* InAttributeConverter.swift */,
				599F250B1D8BC9A1002871D6 /* InAttributesConverter.swift */,
				599F250C1D8BC9A1002871D6 /* InHTMLConverter.swift */,
				599F250D1D8BC9A1002871D6 /* InNodeConverter.swift */,
				599F250E1D8BC9A1002871D6 /* InNodesConverter.swift */,
			);
			path = In;
			sourceTree = "<group>";
		};
		599F250F1D8BC9A1002871D6 /* Out */ = {
			isa = PBXGroup;
			children = (
				599F25101D8BC9A1002871D6 /* OutHTMLAttributeConverter.swift */,
				599F25111D8BC9A1002871D6 /* OutHTMLConverter.swift */,
				599F25121D8BC9A1002871D6 /* OutHTMLNodeConverter.swift */,
			);
			path = Out;
			sourceTree = "<group>";
		};
		599F25131D8BC9A1002871D6 /* DOM */ = {
			isa = PBXGroup;
			children = (
				599F25141D8BC9A1002871D6 /* Attribute.swift */,
				599F25151D8BC9A1002871D6 /* CommentNode.swift */,
				599F25161D8BC9A1002871D6 /* EditableNode.swift */,
				599F25171D8BC9A1002871D6 /* ElementNode.swift */,
				F1E47FB81D9BFBD3006B46E2 /* LeafNode.swift */,
				599F25181D8BC9A1002871D6 /* Node.swift */,
				599F25191D8BC9A1002871D6 /* TextNode.swift */,
				FFF585CE1DB6398E00299B93 /* StandardElementType.swift */,
			);
			path = DOM;
			sourceTree = "<group>";
		};
		599F251F1D8BC9A1002871D6 /* Constants */ = {
			isa = PBXGroup;
			children = (
				599F25201D8BC9A1002871D6 /* HTMLConstants.swift */,
				599F25211D8BC9A1002871D6 /* Metrics.swift */,
			);
			path = Constants;
			sourceTree = "<group>";
		};
		599F25241D8BC9A1002871D6 /* Extensions */ = {
			isa = PBXGroup;
			children = (
				F1C05B981E37F99D007510EA /* Character+Name.swift */,
				FFA61EC11DF6C1C900B71BF6 /* NSAttributedString+Archive.swift */,
				599F25251D8BC9A1002871D6 /* NSAttributedString+Attachments.swift */,
				F111DF0E1E3BA393003FB794 /* NSAttributedString+AttributeRanges.swift */,
				F1C05B9E1E37FD2F007510EA /* NSAttributedString+CharacterName.swift */,
				B5BC4FED1DA2C17800614582 /* NSAttributedString+Lists.swift */,
				FFD0FEB61DAE59A700430586 /* NSLayoutManager+Attachments.swift */,
				F18733C41DA096EE005AEB80 /* NSRange+Helpers.swift */,
				F1C05B9C1E37FA77007510EA /* String+CharacterName.swift */,
				599F25261D8BC9A1002871D6 /* String+RangeConversion.swift */,
				B59C9F9E1DF74BB80073B1D6 /* UIFont+Traits.swift */,
				B5B96DAA1E01B2F300791315 /* UIPasteboard+Helpers.swift */,
				599F25271D8BC9A1002871D6 /* UITextView+Helpers.swift */,
				F1A218141E02D5B3000AF5EB /* UndoManager.swift */,
			);
			path = Extensions;
			sourceTree = "<group>";
		};
		599F25281D8BC9A1002871D6 /* GUI */ = {
			isa = PBXGroup;
			children = (
				599F25291D8BC9A1002871D6 /* FormatBar */,
			);
			path = GUI;
			sourceTree = "<group>";
		};
		599F25291D8BC9A1002871D6 /* FormatBar */ = {
			isa = PBXGroup;
			children = (
				599F252A1D8BC9A1002871D6 /* FormatBar.swift */,
				599F252B1D8BC9A1002871D6 /* FormatBarDelegate.swift */,
				599F252C1D8BC9A1002871D6 /* FormatBarItem.swift */,
				599F252D1D8BC9A1002871D6 /* FormattingIdentifier.swift */,
			);
			path = FormatBar;
			sourceTree = "<group>";
		};
		599F252E1D8BC9A1002871D6 /* TextKit */ = {
			isa = PBXGroup;
			children = (
				599F25301D8BC9A1002871D6 /* TextAttachment.swift */,
				B5BC4FF51DA2D76600614582 /* TextList.swift */,
				599F25311D8BC9A1002871D6 /* TextStorage.swift */,
				599F25321D8BC9A1002871D6 /* TextView.swift */,
				E109B51B1DC33F2C0099605E /* LayoutManager.swift */,
				FFA61E881DF18F3D00B71BF6 /* ParagraphStyle.swift */,
			);
			path = TextKit;
			sourceTree = "<group>";
		};
		599F25551D8BCA01002871D6 /* Modulemaps */ = {
			isa = PBXGroup;
			children = (
				599F25561D8BCA01002871D6 /* libxml2 */,
			);
			path = Modulemaps;
			sourceTree = "<group>";
		};
		599F25561D8BCA01002871D6 /* libxml2 */ = {
			isa = PBXGroup;
			children = (
				599F25571D8BCA01002871D6 /* libxml2-umbrella.h */,
				599F25581D8BCA01002871D6 /* module.modulemap */,
			);
			path = libxml2;
			sourceTree = "<group>";
		};
		599F255A1D8BCD97002871D6 /* Frameworks */ = {
			isa = PBXGroup;
			children = (
				599F255B1D8BCDB4002871D6 /* Gridicons.framework */,
			);
			name = Frameworks;
			sourceTree = "<group>";
		};
		599F25911D8BDCA9002871D6 /* Documentation */ = {
			isa = PBXGroup;
			children = (
				F13806291E3651DC00CFB9ED /* ControlCharacters.rtf */,
				599F258F1D8BDCA9002871D6 /* EditingLogic.rtf */,
				599F25901D8BDCA9002871D6 /* UnsupportedTags.rtf */,
			);
			path = Documentation;
			sourceTree = "<group>";
		};
		59FEA05D1D8BDFA700D138DF /* Exporter */ = {
			isa = PBXGroup;
			children = (
				59FEA05E1D8BDFA700D138DF /* OutAttributeConverterTests.swift */,
				59FEA05F1D8BDFA700D138DF /* OutHTMLConverterTests.swift */,
				59FEA0601D8BDFA700D138DF /* OutNodeConverterTests.swift */,
			);
			path = Exporter;
			sourceTree = "<group>";
		};
		59FEA0641D8BDFA700D138DF /* HTML */ = {
			isa = PBXGroup;
			children = (
				59FEA0651D8BDFA700D138DF /* ElementNodeTests.swift */,
				59FEA0661D8BDFA700D138DF /* NodeTests.swift */,
				F11904A41D9D857500BFF9A1 /* TextNodeTests.swift */,
			);
			path = HTML;
			sourceTree = "<group>";
		};
		59FEA0691D8BDFA700D138DF /* Importer */ = {
			isa = PBXGroup;
			children = (
				59FEA06A1D8BDFA700D138DF /* HTMLToAttributedStringTests.swift */,
				59FEA06B1D8BDFA700D138DF /* InAttributeConverterTests.swift */,
				59FEA06C1D8BDFA700D138DF /* InHTMLConverterTests.swift */,
				59FEA06D1D8BDFA700D138DF /* InNodeConverterTests.swift */,
			);
			path = Importer;
			sourceTree = "<group>";
		};
		B5B86D3A1DA41A550083DB3F /* Formatters */ = {
			isa = PBXGroup;
			children = (
				E1C163A41DB6056B00E66A83 /* BlockquoteFormatter.swift */,
				B5B86D3B1DA41A550083DB3F /* TextListFormatter.swift */,
				E11B77631DBA6ADC0024E455 /* AttributeFormatter.swift */,
			);
			path = Formatters;
			sourceTree = "<group>";
		};
		B5E607311DA56EB000C8A389 /* Formatters */ = {
			isa = PBXGroup;
			children = (
				B5E607321DA56EC700C8A389 /* TextListFormatterTests.swift */,
				E11B775F1DBA14B40024E455 /* BlockquoteFormatterTests.swift */,
			);
			path = Formatters;
			sourceTree = "<group>";
		};
		F1288BAC1DD0B1EF00E67ABC /* Converters */ = {
			isa = PBXGroup;
			children = (
				F1288BAD1DD0B1EF00E67ABC /* HTMLNodeToNSAttributedString.swift */,
				F1288BAE1DD0B1EF00E67ABC /* HTMLToAttributedString.swift */,
			);
			path = Converters;
			sourceTree = "<group>";
		};
		F15C9B891DD58D8F00833C39 /* Descriptors */ = {
			isa = PBXGroup;
			children = (
				F15C9B871DD58D8B00833C39 /* ElementNodeDescriptor.swift */,
			);
			name = Descriptors;
			sourceTree = "<group>";
		};
		F17D64AC1E4230A400D09FED /* NSAttributedString */ = {
			isa = PBXGroup;
			children = (
				F17D64AD1E4230A400D09FED /* VisualOnlyAttribute.swift */,
				F17D64AF1E4231C800D09FED /* VisualOnlyElementFactory.swift */,
			);
			path = NSAttributedString;
			sourceTree = "<group>";
		};
		F18733C61DA0970E005AEB80 /* Extensions */ = {
			isa = PBXGroup;
			children = (
				B5BC4FF11DA2D17000614582 /* NSAttributedStringListsTests.swift */,
				F111DF101E3BAC8E003FB794 /* NSAttributedStringAttributeRangesTests.swift */,
				F18733C71DA09737005AEB80 /* NSRangeComparisonTests.swift */,
			);
			name = Extensions;
			sourceTree = "<group>";
		};
/* End PBXGroup section */

/* Begin PBXHeadersBuildPhase section */
		5951CB8B1D8BC93600E1866F /* Headers */ = {
			isa = PBXHeadersBuildPhase;
			buildActionMask = 2147483647;
			files = (
			);
			runOnlyForDeploymentPostprocessing = 0;
		};
/* End PBXHeadersBuildPhase section */

/* Begin PBXNativeTarget section */
		5951CB8D1D8BC93600E1866F /* Aztec */ = {
			isa = PBXNativeTarget;
			buildConfigurationList = 5951CBA21D8BC93600E1866F /* Build configuration list for PBXNativeTarget "Aztec" */;
			buildPhases = (
				5951CB891D8BC93600E1866F /* Sources */,
				5951CB8A1D8BC93600E1866F /* Frameworks */,
				5951CB8B1D8BC93600E1866F /* Headers */,
				5951CB8C1D8BC93600E1866F /* Resources */,
			);
			buildRules = (
			);
			dependencies = (
			);
			name = Aztec;
			productName = Aztec;
			productReference = 5951CB8E1D8BC93600E1866F /* Aztec.framework */;
			productType = "com.apple.product-type.framework";
		};
		5951CB961D8BC93600E1866F /* AztecTests */ = {
			isa = PBXNativeTarget;
			buildConfigurationList = 5951CBA51D8BC93600E1866F /* Build configuration list for PBXNativeTarget "AztecTests" */;
			buildPhases = (
				5951CB931D8BC93600E1866F /* Sources */,
				5951CB941D8BC93600E1866F /* Frameworks */,
				5951CB951D8BC93600E1866F /* Resources */,
				594C9D6E1D8BE61300D74542 /* CopyFiles */,
			);
			buildRules = (
			);
			dependencies = (
				5951CB9A1D8BC93600E1866F /* PBXTargetDependency */,
			);
			name = AztecTests;
			productName = AztecTests;
			productReference = 5951CB971D8BC93600E1866F /* AztecTests.xctest */;
			productType = "com.apple.product-type.bundle.unit-test";
		};
/* End PBXNativeTarget section */

/* Begin PBXProject section */
		5951CB851D8BC93600E1866F /* Project object */ = {
			isa = PBXProject;
			attributes = {
				LastSwiftUpdateCheck = 0800;
				LastUpgradeCheck = 0800;
				ORGANIZATIONNAME = "Automattic Inc.";
				TargetAttributes = {
					5951CB8D1D8BC93600E1866F = {
						CreatedOnToolsVersion = 8.0;
						DevelopmentTeam = PZYM8XX95Q;
						LastSwiftMigration = 0810;
						ProvisioningStyle = Manual;
					};
					5951CB961D8BC93600E1866F = {
						CreatedOnToolsVersion = 8.0;
						LastSwiftMigration = 0820;
						ProvisioningStyle = Automatic;
					};
				};
			};
			buildConfigurationList = 5951CB881D8BC93600E1866F /* Build configuration list for PBXProject "Aztec" */;
			compatibilityVersion = "Xcode 3.2";
			developmentRegion = English;
			hasScannedForEncodings = 0;
			knownRegions = (
				en,
			);
			mainGroup = 5951CB841D8BC93600E1866F;
			productRefGroup = 5951CB8F1D8BC93600E1866F /* Products */;
			projectDirPath = "";
			projectRoot = "";
			targets = (
				5951CB8D1D8BC93600E1866F /* Aztec */,
				5951CB961D8BC93600E1866F /* AztecTests */,
			);
		};
/* End PBXProject section */

/* Begin PBXResourcesBuildPhase section */
		5951CB8C1D8BC93600E1866F /* Resources */ = {
			isa = PBXResourcesBuildPhase;
			buildActionMask = 2147483647;
			files = (
				F138062A1E3651DC00CFB9ED /* ControlCharacters.rtf in Resources */,
			);
			runOnlyForDeploymentPostprocessing = 0;
		};
		5951CB951D8BC93600E1866F /* Resources */ = {
			isa = PBXResourcesBuildPhase;
			buildActionMask = 2147483647;
			files = (
			);
			runOnlyForDeploymentPostprocessing = 0;
		};
/* End PBXResourcesBuildPhase section */

/* Begin PBXSourcesBuildPhase section */
		5951CB891D8BC93600E1866F /* Sources */ = {
			isa = PBXSourcesBuildPhase;
			buildActionMask = 2147483647;
			files = (
				599F25471D8BC9A1002871D6 /* HTMLConstants.swift in Sources */,
				599F25371D8BC9A1002871D6 /* InAttributeConverter.swift in Sources */,
				599F25531D8BC9A1002871D6 /* TextStorage.swift in Sources */,
				599F253C1D8BC9A1002871D6 /* OutHTMLAttributeConverter.swift in Sources */,
				599F254B1D8BC9A1002871D6 /* String+RangeConversion.swift in Sources */,
				599F25481D8BC9A1002871D6 /* Metrics.swift in Sources */,
				F1288BAF1DD0B1EF00E67ABC /* HTMLNodeToNSAttributedString.swift in Sources */,
				B59C9F9F1DF74BB80073B1D6 /* UIFont+Traits.swift in Sources */,
				F1C05B9F1E37FD2F007510EA /* NSAttributedString+CharacterName.swift in Sources */,
				F1C05B991E37F99D007510EA /* Character+Name.swift in Sources */,
				599F253B1D8BC9A1002871D6 /* InNodesConverter.swift in Sources */,
				F1E47FB91D9BFBD3006B46E2 /* LeafNode.swift in Sources */,
				B5B86D3C1DA41A550083DB3F /* TextListFormatter.swift in Sources */,
				599F254F1D8BC9A1002871D6 /* FormatBarItem.swift in Sources */,
				599F254E1D8BC9A1002871D6 /* FormatBarDelegate.swift in Sources */,
				F15F61C91E0323EC00CD6DD8 /* EditContext.swift in Sources */,
				F1C05B9D1E37FA77007510EA /* String+CharacterName.swift in Sources */,
				F1288BB01DD0B1EF00E67ABC /* HTMLToAttributedString.swift in Sources */,
				E11B77641DBA6ADC0024E455 /* AttributeFormatter.swift in Sources */,
				599F25351D8BC9A1002871D6 /* CLinkedListToArrayConverter.swift in Sources */,
				FFF585CF1DB6398E00299B93 /* StandardElementType.swift in Sources */,
				599F25521D8BC9A1002871D6 /* TextAttachment.swift in Sources */,
				FFD0FEB71DAE59A700430586 /* NSLayoutManager+Attachments.swift in Sources */,
				599F25541D8BC9A1002871D6 /* TextView.swift in Sources */,
				E1C163A51DB6056B00E66A83 /* BlockquoteFormatter.swift in Sources */,
				599F254A1D8BC9A1002871D6 /* NSAttributedString+Attachments.swift in Sources */,
				B5B96DAB1E01B2F300791315 /* UIPasteboard+Helpers.swift in Sources */,
				F17D64AE1E4230A400D09FED /* VisualOnlyAttribute.swift in Sources */,
				F15C9B881DD58D8B00833C39 /* ElementNodeDescriptor.swift in Sources */,
				599F254C1D8BC9A1002871D6 /* UITextView+Helpers.swift in Sources */,
				FFA61E891DF18F3D00B71BF6 /* ParagraphStyle.swift in Sources */,
				599F25451D8BC9A1002871D6 /* Libxml2.swift in Sources */,
				B5BC4FF61DA2D76600614582 /* TextList.swift in Sources */,
				599F25391D8BC9A1002871D6 /* InHTMLConverter.swift in Sources */,
				599F25411D8BC9A1002871D6 /* EditableNode.swift in Sources */,
				F1A218151E02D5B3000AF5EB /* UndoManager.swift in Sources */,
				FFA61EC21DF6C1C900B71BF6 /* NSAttributedString+Archive.swift in Sources */,
				599F253E1D8BC9A1002871D6 /* OutHTMLNodeConverter.swift in Sources */,
				E109B51C1DC33F2C0099605E /* LayoutManager.swift in Sources */,
				B5BC4FEE1DA2C17800614582 /* NSAttributedString+Lists.swift in Sources */,
				599F253F1D8BC9A1002871D6 /* Attribute.swift in Sources */,
				599F25361D8BC9A1002871D6 /* Converter.swift in Sources */,
				599F253D1D8BC9A1002871D6 /* OutHTMLConverter.swift in Sources */,
				599F25381D8BC9A1002871D6 /* InAttributesConverter.swift in Sources */,
				599F254D1D8BC9A1002871D6 /* FormatBar.swift in Sources */,
				599F25431D8BC9A1002871D6 /* Node.swift in Sources */,
				599F25421D8BC9A1002871D6 /* ElementNode.swift in Sources */,
				599F253A1D8BC9A1002871D6 /* InNodeConverter.swift in Sources */,
				F1CF272A1DBA8CDB0001C61D /* DOMString.swift in Sources */,
				F17D64B01E4231C800D09FED /* VisualOnlyElementFactory.swift in Sources */,
				F111DF0F1E3BA393003FB794 /* NSAttributedString+AttributeRanges.swift in Sources */,
				B5B86D371DA3EC250083DB3F /* NSRange+Helpers.swift in Sources */,
				599F25501D8BC9A1002871D6 /* FormattingIdentifier.swift in Sources */,
				599F25341D8BC9A1002871D6 /* ArrayConverter.swift in Sources */,
				599F25401D8BC9A1002871D6 /* CommentNode.swift in Sources */,
				599F25441D8BC9A1002871D6 /* TextNode.swift in Sources */,
			);
			runOnlyForDeploymentPostprocessing = 0;
		};
		5951CB931D8BC93600E1866F /* Sources */ = {
			isa = PBXSourcesBuildPhase;
			buildActionMask = 2147483647;
			files = (
				594C9D741D8BE6C700D74542 /* InNodeConverterTests.swift in Sources */,
				59FEA0751D8BDFA700D138DF /* NodeTests.swift in Sources */,
				59FEA0781D8BDFA700D138DF /* HTMLToAttributedStringTests.swift in Sources */,
				F18733C81DA09737005AEB80 /* NSRangeComparisonTests.swift in Sources */,
				F111DF111E3BAC8E003FB794 /* NSAttributedStringAttributeRangesTests.swift in Sources */,
				B5E607331DA56EC700C8A389 /* TextListFormatterTests.swift in Sources */,
				594C9D731D8BE6C300D74542 /* InAttributeConverterTests.swift in Sources */,
				F11904A51D9D857500BFF9A1 /* TextNodeTests.swift in Sources */,
				59FEA07A1D8BDFA700D138DF /* InHTMLConverterTests.swift in Sources */,
				594C9D721D8BE6BC00D74542 /* OutNodeConverterTests.swift in Sources */,
				E11B77601DBA14B40024E455 /* BlockquoteFormatterTests.swift in Sources */,
				599F25951D8BDCFC002871D6 /* AztecVisualEditorTests.swift in Sources */,
				594C9D711D8BE6B800D74542 /* OutAttributeConverterTests.swift in Sources */,
				59FEA06F1D8BDFA700D138DF /* OutHTMLConverterTests.swift in Sources */,
				599F25941D8BDCFC002871D6 /* TextStorageTests.swift in Sources */,
				59FEA0741D8BDFA700D138DF /* ElementNodeTests.swift in Sources */,
				B5BC4FF21DA2D17000614582 /* NSAttributedStringListsTests.swift in Sources */,
			);
			runOnlyForDeploymentPostprocessing = 0;
		};
/* End PBXSourcesBuildPhase section */

/* Begin PBXTargetDependency section */
		5951CB9A1D8BC93600E1866F /* PBXTargetDependency */ = {
			isa = PBXTargetDependency;
			target = 5951CB8D1D8BC93600E1866F /* Aztec */;
			targetProxy = 5951CB991D8BC93600E1866F /* PBXContainerItemProxy */;
		};
/* End PBXTargetDependency section */

/* Begin XCBuildConfiguration section */
		5951CBA01D8BC93600E1866F /* Debug */ = {
			isa = XCBuildConfiguration;
			buildSettings = {
				ALWAYS_SEARCH_USER_PATHS = NO;
				CLANG_ANALYZER_NONNULL = YES;
				CLANG_CXX_LANGUAGE_STANDARD = "gnu++0x";
				CLANG_CXX_LIBRARY = "libc++";
				CLANG_ENABLE_MODULES = YES;
				CLANG_ENABLE_OBJC_ARC = YES;
				CLANG_WARN_BOOL_CONVERSION = YES;
				CLANG_WARN_CONSTANT_CONVERSION = YES;
				CLANG_WARN_DIRECT_OBJC_ISA_USAGE = YES_ERROR;
				CLANG_WARN_DOCUMENTATION_COMMENTS = YES;
				CLANG_WARN_EMPTY_BODY = YES;
				CLANG_WARN_ENUM_CONVERSION = YES;
				CLANG_WARN_INFINITE_RECURSION = YES;
				CLANG_WARN_INT_CONVERSION = YES;
				CLANG_WARN_OBJC_ROOT_CLASS = YES_ERROR;
				CLANG_WARN_SUSPICIOUS_MOVE = YES;
				CLANG_WARN_SUSPICIOUS_MOVES = YES;
				CLANG_WARN_UNREACHABLE_CODE = YES;
				CLANG_WARN__DUPLICATE_METHOD_MATCH = YES;
				"CODE_SIGN_IDENTITY[sdk=iphoneos*]" = "iPhone Developer";
				COPY_PHASE_STRIP = NO;
				CURRENT_PROJECT_VERSION = 1;
				ENABLE_STRICT_OBJC_MSGSEND = YES;
				ENABLE_TESTABILITY = YES;
				GCC_C_LANGUAGE_STANDARD = gnu99;
				GCC_DYNAMIC_NO_PIC = NO;
				GCC_NO_COMMON_BLOCKS = YES;
				GCC_OPTIMIZATION_LEVEL = 0;
				GCC_PREPROCESSOR_DEFINITIONS = (
					"DEBUG=1",
					"$(inherited)",
				);
				GCC_WARN_64_TO_32_BIT_CONVERSION = YES;
				GCC_WARN_ABOUT_RETURN_TYPE = YES_ERROR;
				GCC_WARN_UNDECLARED_SELECTOR = YES;
				GCC_WARN_UNINITIALIZED_AUTOS = YES_AGGRESSIVE;
				GCC_WARN_UNUSED_FUNCTION = YES;
				GCC_WARN_UNUSED_VARIABLE = YES;
				IPHONEOS_DEPLOYMENT_TARGET = 9.0;
				MTL_ENABLE_DEBUG_INFO = YES;
				ONLY_ACTIVE_ARCH = YES;
				SDKROOT = iphoneos;
				SWIFT_ACTIVE_COMPILATION_CONDITIONS = DEBUG;
				SWIFT_OPTIMIZATION_LEVEL = "-Onone";
				SWIFT_VERSION = 3.0.1;
				TARGETED_DEVICE_FAMILY = "1,2";
				VERSIONING_SYSTEM = "apple-generic";
				VERSION_INFO_PREFIX = "";
			};
			name = Debug;
		};
		5951CBA11D8BC93600E1866F /* Release */ = {
			isa = XCBuildConfiguration;
			buildSettings = {
				ALWAYS_SEARCH_USER_PATHS = NO;
				CLANG_ANALYZER_NONNULL = YES;
				CLANG_CXX_LANGUAGE_STANDARD = "gnu++0x";
				CLANG_CXX_LIBRARY = "libc++";
				CLANG_ENABLE_MODULES = YES;
				CLANG_ENABLE_OBJC_ARC = YES;
				CLANG_WARN_BOOL_CONVERSION = YES;
				CLANG_WARN_CONSTANT_CONVERSION = YES;
				CLANG_WARN_DIRECT_OBJC_ISA_USAGE = YES_ERROR;
				CLANG_WARN_DOCUMENTATION_COMMENTS = YES;
				CLANG_WARN_EMPTY_BODY = YES;
				CLANG_WARN_ENUM_CONVERSION = YES;
				CLANG_WARN_INFINITE_RECURSION = YES;
				CLANG_WARN_INT_CONVERSION = YES;
				CLANG_WARN_OBJC_ROOT_CLASS = YES_ERROR;
				CLANG_WARN_SUSPICIOUS_MOVE = YES;
				CLANG_WARN_SUSPICIOUS_MOVES = YES;
				CLANG_WARN_UNREACHABLE_CODE = YES;
				CLANG_WARN__DUPLICATE_METHOD_MATCH = YES;
				"CODE_SIGN_IDENTITY[sdk=iphoneos*]" = "iPhone Developer";
				COPY_PHASE_STRIP = NO;
				CURRENT_PROJECT_VERSION = 1;
				DEBUG_INFORMATION_FORMAT = "dwarf-with-dsym";
				ENABLE_NS_ASSERTIONS = NO;
				ENABLE_STRICT_OBJC_MSGSEND = YES;
				GCC_C_LANGUAGE_STANDARD = gnu99;
				GCC_NO_COMMON_BLOCKS = YES;
				GCC_WARN_64_TO_32_BIT_CONVERSION = YES;
				GCC_WARN_ABOUT_RETURN_TYPE = YES_ERROR;
				GCC_WARN_UNDECLARED_SELECTOR = YES;
				GCC_WARN_UNINITIALIZED_AUTOS = YES_AGGRESSIVE;
				GCC_WARN_UNUSED_FUNCTION = YES;
				GCC_WARN_UNUSED_VARIABLE = YES;
				IPHONEOS_DEPLOYMENT_TARGET = 9.0;
				MTL_ENABLE_DEBUG_INFO = NO;
				SDKROOT = iphoneos;
				SWIFT_OPTIMIZATION_LEVEL = "-Owholemodule";
				SWIFT_VERSION = 3.0.1;
				TARGETED_DEVICE_FAMILY = "1,2";
				VALIDATE_PRODUCT = YES;
				VERSIONING_SYSTEM = "apple-generic";
				VERSION_INFO_PREFIX = "";
			};
			name = Release;
		};
		5951CBA31D8BC93600E1866F /* Debug */ = {
			isa = XCBuildConfiguration;
			buildSettings = {
				CODE_SIGN_IDENTITY = "";
				"CODE_SIGN_IDENTITY[sdk=iphoneos*]" = "";
				DEFINES_MODULE = YES;
				DEVELOPMENT_TEAM = PZYM8XX95Q;
				DYLIB_COMPATIBILITY_VERSION = 1;
				DYLIB_CURRENT_VERSION = 1;
				DYLIB_INSTALL_NAME_BASE = "@rpath";
				FRAMEWORK_SEARCH_PATHS = (
					"$(inherited)",
					"$(PROJECT_DIR)/Example/Carthage/Build/iOS",
				);
				HEADER_SEARCH_PATHS = "$(SDKROOT)/usr/include/libxml2";
				INFOPLIST_FILE = Aztec/Info.plist;
				INSTALL_PATH = "$(LOCAL_LIBRARY_DIR)/Frameworks";
				LD_RUNPATH_SEARCH_PATHS = "$(inherited) @executable_path/Frameworks @loader_path/Frameworks";
				PRODUCT_BUNDLE_IDENTIFIER = org.wordpress.Aztec;
				PRODUCT_NAME = "$(TARGET_NAME)";
				SKIP_INSTALL = YES;
				SWIFT_INCLUDE_PATHS = "$(PROJECT_DIR)/Aztec/Modulemaps/libxml2";
				SWIFT_VERSION = 3.0;
				TARGETED_DEVICE_FAMILY = 1;
			};
			name = Debug;
		};
		5951CBA41D8BC93600E1866F /* Release */ = {
			isa = XCBuildConfiguration;
			buildSettings = {
				CODE_SIGN_IDENTITY = "";
				"CODE_SIGN_IDENTITY[sdk=iphoneos*]" = "";
				DEFINES_MODULE = YES;
				DEVELOPMENT_TEAM = PZYM8XX95Q;
				DYLIB_COMPATIBILITY_VERSION = 1;
				DYLIB_CURRENT_VERSION = 1;
				DYLIB_INSTALL_NAME_BASE = "@rpath";
				FRAMEWORK_SEARCH_PATHS = (
					"$(inherited)",
					"$(PROJECT_DIR)/Example/Carthage/Build/iOS",
				);
				HEADER_SEARCH_PATHS = "$(SDKROOT)/usr/include/libxml2";
				INFOPLIST_FILE = Aztec/Info.plist;
				INSTALL_PATH = "$(LOCAL_LIBRARY_DIR)/Frameworks";
				LD_RUNPATH_SEARCH_PATHS = "$(inherited) @executable_path/Frameworks @loader_path/Frameworks";
				PRODUCT_BUNDLE_IDENTIFIER = org.wordpress.Aztec;
				PRODUCT_NAME = "$(TARGET_NAME)";
				SKIP_INSTALL = YES;
				SWIFT_INCLUDE_PATHS = "$(PROJECT_DIR)/Aztec/Modulemaps/libxml2";
				SWIFT_VERSION = 3.0;
				TARGETED_DEVICE_FAMILY = 1;
			};
			name = Release;
		};
		5951CBA61D8BC93600E1866F /* Debug */ = {
			isa = XCBuildConfiguration;
			buildSettings = {
				CLANG_ENABLE_MODULES = YES;
				"CODE_SIGN_IDENTITY[sdk=iphoneos*]" = "iPhone Developer";
				DEVELOPMENT_TEAM = "";
				FRAMEWORK_SEARCH_PATHS = (
					"$(inherited)",
					"$(PROJECT_DIR)/Example/Carthage/Build/iOS",
				);
				INFOPLIST_FILE = AztecTests/Info.plist;
				LD_RUNPATH_SEARCH_PATHS = "$(inherited) @executable_path/Frameworks @loader_path/Frameworks";
				PRODUCT_BUNDLE_IDENTIFIER = com.wordpress.AztecTests;
				PRODUCT_NAME = "$(TARGET_NAME)";
				SWIFT_OPTIMIZATION_LEVEL = "-Onone";
				SWIFT_VERSION = 3.0;
			};
			name = Debug;
		};
		5951CBA71D8BC93600E1866F /* Release */ = {
			isa = XCBuildConfiguration;
			buildSettings = {
				CLANG_ENABLE_MODULES = YES;
				"CODE_SIGN_IDENTITY[sdk=iphoneos*]" = "iPhone Developer";
				DEVELOPMENT_TEAM = "";
				FRAMEWORK_SEARCH_PATHS = (
					"$(inherited)",
					"$(PROJECT_DIR)/Example/Carthage/Build/iOS",
				);
				INFOPLIST_FILE = AztecTests/Info.plist;
				LD_RUNPATH_SEARCH_PATHS = "$(inherited) @executable_path/Frameworks @loader_path/Frameworks";
				PRODUCT_BUNDLE_IDENTIFIER = com.wordpress.AztecTests;
				PRODUCT_NAME = "$(TARGET_NAME)";
				SWIFT_VERSION = 3.0;
			};
			name = Release;
		};
		F111A1101DA7E8B600294FD3 /* Profiling */ = {
			isa = XCBuildConfiguration;
			buildSettings = {
				ALWAYS_SEARCH_USER_PATHS = NO;
				CLANG_ANALYZER_NONNULL = YES;
				CLANG_CXX_LANGUAGE_STANDARD = "gnu++0x";
				CLANG_CXX_LIBRARY = "libc++";
				CLANG_ENABLE_MODULES = YES;
				CLANG_ENABLE_OBJC_ARC = YES;
				CLANG_WARN_BOOL_CONVERSION = YES;
				CLANG_WARN_CONSTANT_CONVERSION = YES;
				CLANG_WARN_DIRECT_OBJC_ISA_USAGE = YES_ERROR;
				CLANG_WARN_DOCUMENTATION_COMMENTS = YES;
				CLANG_WARN_EMPTY_BODY = YES;
				CLANG_WARN_ENUM_CONVERSION = YES;
				CLANG_WARN_INFINITE_RECURSION = YES;
				CLANG_WARN_INT_CONVERSION = YES;
				CLANG_WARN_OBJC_ROOT_CLASS = YES_ERROR;
				CLANG_WARN_SUSPICIOUS_MOVE = YES;
				CLANG_WARN_SUSPICIOUS_MOVES = YES;
				CLANG_WARN_UNREACHABLE_CODE = YES;
				CLANG_WARN__DUPLICATE_METHOD_MATCH = YES;
				"CODE_SIGN_IDENTITY[sdk=iphoneos*]" = "iPhone Developer";
				COPY_PHASE_STRIP = NO;
				CURRENT_PROJECT_VERSION = 1;
				DEBUG_INFORMATION_FORMAT = "dwarf-with-dsym";
				ENABLE_NS_ASSERTIONS = NO;
				ENABLE_STRICT_OBJC_MSGSEND = YES;
				ENABLE_TESTABILITY = YES;
				GCC_C_LANGUAGE_STANDARD = gnu99;
				GCC_NO_COMMON_BLOCKS = YES;
				GCC_WARN_64_TO_32_BIT_CONVERSION = YES;
				GCC_WARN_ABOUT_RETURN_TYPE = YES_ERROR;
				GCC_WARN_UNDECLARED_SELECTOR = YES;
				GCC_WARN_UNINITIALIZED_AUTOS = YES_AGGRESSIVE;
				GCC_WARN_UNUSED_FUNCTION = YES;
				GCC_WARN_UNUSED_VARIABLE = YES;
				IPHONEOS_DEPLOYMENT_TARGET = 9.0;
				MTL_ENABLE_DEBUG_INFO = NO;
				ONLY_ACTIVE_ARCH = YES;
				SDKROOT = iphoneos;
				SWIFT_OPTIMIZATION_LEVEL = "-Owholemodule";
				SWIFT_VERSION = 3.0.1;
				TARGETED_DEVICE_FAMILY = "1,2";
				VERSIONING_SYSTEM = "apple-generic";
				VERSION_INFO_PREFIX = "";
			};
			name = Profiling;
		};
		F111A1111DA7E8B600294FD3 /* Profiling */ = {
			isa = XCBuildConfiguration;
			buildSettings = {
				CODE_SIGN_IDENTITY = "";
				"CODE_SIGN_IDENTITY[sdk=iphoneos*]" = "";
				DEFINES_MODULE = YES;
				DEVELOPMENT_TEAM = PZYM8XX95Q;
				DYLIB_COMPATIBILITY_VERSION = 1;
				DYLIB_CURRENT_VERSION = 1;
				DYLIB_INSTALL_NAME_BASE = "@rpath";
				FRAMEWORK_SEARCH_PATHS = (
					"$(inherited)",
					"$(PROJECT_DIR)/Example/Carthage/Build/iOS",
				);
				HEADER_SEARCH_PATHS = "$(SDKROOT)/usr/include/libxml2";
				INFOPLIST_FILE = Aztec/Info.plist;
				INSTALL_PATH = "$(LOCAL_LIBRARY_DIR)/Frameworks";
				LD_RUNPATH_SEARCH_PATHS = "$(inherited) @executable_path/Frameworks @loader_path/Frameworks";
				PRODUCT_BUNDLE_IDENTIFIER = org.wordpress.Aztec;
				PRODUCT_NAME = "$(TARGET_NAME)";
				SKIP_INSTALL = YES;
				SWIFT_INCLUDE_PATHS = "$(PROJECT_DIR)/Aztec/Modulemaps/libxml2";
				SWIFT_VERSION = 3.0;
				TARGETED_DEVICE_FAMILY = 1;
			};
			name = Profiling;
		};
		F111A1121DA7E8B600294FD3 /* Profiling */ = {
			isa = XCBuildConfiguration;
			buildSettings = {
				CLANG_ENABLE_MODULES = YES;
				"CODE_SIGN_IDENTITY[sdk=iphoneos*]" = "iPhone Developer";
				DEVELOPMENT_TEAM = "";
				FRAMEWORK_SEARCH_PATHS = (
					"$(inherited)",
					"$(PROJECT_DIR)/Example/Carthage/Build/iOS",
				);
				INFOPLIST_FILE = AztecTests/Info.plist;
				LD_RUNPATH_SEARCH_PATHS = "$(inherited) @executable_path/Frameworks @loader_path/Frameworks";
				PRODUCT_BUNDLE_IDENTIFIER = com.wordpress.AztecTests;
				PRODUCT_NAME = "$(TARGET_NAME)";
				SWIFT_VERSION = 3.0;
			};
			name = Profiling;
		};
		F1882B691D9E0F8E000B48D6 /* Release-Alpha */ = {
			isa = XCBuildConfiguration;
			buildSettings = {
				ALWAYS_SEARCH_USER_PATHS = NO;
				CLANG_ANALYZER_NONNULL = YES;
				CLANG_CXX_LANGUAGE_STANDARD = "gnu++0x";
				CLANG_CXX_LIBRARY = "libc++";
				CLANG_ENABLE_MODULES = YES;
				CLANG_ENABLE_OBJC_ARC = YES;
				CLANG_WARN_BOOL_CONVERSION = YES;
				CLANG_WARN_CONSTANT_CONVERSION = YES;
				CLANG_WARN_DIRECT_OBJC_ISA_USAGE = YES_ERROR;
				CLANG_WARN_DOCUMENTATION_COMMENTS = YES;
				CLANG_WARN_EMPTY_BODY = YES;
				CLANG_WARN_ENUM_CONVERSION = YES;
				CLANG_WARN_INFINITE_RECURSION = YES;
				CLANG_WARN_INT_CONVERSION = YES;
				CLANG_WARN_OBJC_ROOT_CLASS = YES_ERROR;
				CLANG_WARN_SUSPICIOUS_MOVE = YES;
				CLANG_WARN_SUSPICIOUS_MOVES = YES;
				CLANG_WARN_UNREACHABLE_CODE = YES;
				CLANG_WARN__DUPLICATE_METHOD_MATCH = YES;
				"CODE_SIGN_IDENTITY[sdk=iphoneos*]" = "iPhone Developer";
				COPY_PHASE_STRIP = NO;
				CURRENT_PROJECT_VERSION = 1;
				DEBUG_INFORMATION_FORMAT = dwarf;
				ENABLE_STRICT_OBJC_MSGSEND = YES;
				ENABLE_TESTABILITY = YES;
				GCC_C_LANGUAGE_STANDARD = gnu99;
				GCC_DYNAMIC_NO_PIC = NO;
				GCC_NO_COMMON_BLOCKS = YES;
				GCC_OPTIMIZATION_LEVEL = 0;
				GCC_PREPROCESSOR_DEFINITIONS = (
					"DEBUG=1",
					"$(inherited)",
				);
				GCC_WARN_64_TO_32_BIT_CONVERSION = YES;
				GCC_WARN_ABOUT_RETURN_TYPE = YES_ERROR;
				GCC_WARN_UNDECLARED_SELECTOR = YES;
				GCC_WARN_UNINITIALIZED_AUTOS = YES_AGGRESSIVE;
				GCC_WARN_UNUSED_FUNCTION = YES;
				GCC_WARN_UNUSED_VARIABLE = YES;
				IPHONEOS_DEPLOYMENT_TARGET = 9.0;
				MTL_ENABLE_DEBUG_INFO = YES;
				ONLY_ACTIVE_ARCH = YES;
				SDKROOT = iphoneos;
				SWIFT_ACTIVE_COMPILATION_CONDITIONS = DEBUG;
				SWIFT_OPTIMIZATION_LEVEL = "-Owholemodule";
				SWIFT_VERSION = 3.0.1;
				TARGETED_DEVICE_FAMILY = "1,2";
				VERSIONING_SYSTEM = "apple-generic";
				VERSION_INFO_PREFIX = "";
			};
			name = "Release-Alpha";
		};
		F1882B6A1D9E0F8E000B48D6 /* Release-Alpha */ = {
			isa = XCBuildConfiguration;
			buildSettings = {
				CODE_SIGN_IDENTITY = "";
				"CODE_SIGN_IDENTITY[sdk=iphoneos*]" = "";
				DEFINES_MODULE = YES;
				DEVELOPMENT_TEAM = 99KV9Z6BKV;
				DYLIB_COMPATIBILITY_VERSION = 1;
				DYLIB_CURRENT_VERSION = 1;
				DYLIB_INSTALL_NAME_BASE = "@rpath";
				FRAMEWORK_SEARCH_PATHS = (
					"$(inherited)",
					"$(PROJECT_DIR)/Example/Carthage/Build/iOS",
				);
				HEADER_SEARCH_PATHS = "$(SDKROOT)/usr/include/libxml2";
				INFOPLIST_FILE = Aztec/Info.plist;
				INSTALL_PATH = "$(LOCAL_LIBRARY_DIR)/Frameworks";
				LD_RUNPATH_SEARCH_PATHS = "$(inherited) @executable_path/Frameworks @loader_path/Frameworks";
				PRODUCT_BUNDLE_IDENTIFIER = org.wordpress.Aztec;
				PRODUCT_NAME = "$(TARGET_NAME)";
				SKIP_INSTALL = YES;
				SWIFT_INCLUDE_PATHS = "$(PROJECT_DIR)/Aztec/Modulemaps/libxml2";
				SWIFT_VERSION = 3.0;
				TARGETED_DEVICE_FAMILY = 1;
			};
			name = "Release-Alpha";
		};
		F1882B6B1D9E0F8E000B48D6 /* Release-Alpha */ = {
			isa = XCBuildConfiguration;
			buildSettings = {
				CLANG_ENABLE_MODULES = YES;
				"CODE_SIGN_IDENTITY[sdk=iphoneos*]" = "iPhone Developer";
				DEVELOPMENT_TEAM = "";
				FRAMEWORK_SEARCH_PATHS = (
					"$(inherited)",
					"$(PROJECT_DIR)/Example/Carthage/Build/iOS",
				);
				INFOPLIST_FILE = AztecTests/Info.plist;
				LD_RUNPATH_SEARCH_PATHS = "$(inherited) @executable_path/Frameworks @loader_path/Frameworks";
				PRODUCT_BUNDLE_IDENTIFIER = com.wordpress.AztecTests;
				PRODUCT_NAME = "$(TARGET_NAME)";
				SWIFT_OPTIMIZATION_LEVEL = "-Owholemodule";
				SWIFT_VERSION = 3.0;
			};
			name = "Release-Alpha";
		};
/* End XCBuildConfiguration section */

/* Begin XCConfigurationList section */
		5951CB881D8BC93600E1866F /* Build configuration list for PBXProject "Aztec" */ = {
			isa = XCConfigurationList;
			buildConfigurations = (
				5951CBA01D8BC93600E1866F /* Debug */,
				F1882B691D9E0F8E000B48D6 /* Release-Alpha */,
				5951CBA11D8BC93600E1866F /* Release */,
				F111A1101DA7E8B600294FD3 /* Profiling */,
			);
			defaultConfigurationIsVisible = 0;
			defaultConfigurationName = Release;
		};
		5951CBA21D8BC93600E1866F /* Build configuration list for PBXNativeTarget "Aztec" */ = {
			isa = XCConfigurationList;
			buildConfigurations = (
				5951CBA31D8BC93600E1866F /* Debug */,
				F1882B6A1D9E0F8E000B48D6 /* Release-Alpha */,
				5951CBA41D8BC93600E1866F /* Release */,
				F111A1111DA7E8B600294FD3 /* Profiling */,
			);
			defaultConfigurationIsVisible = 0;
			defaultConfigurationName = Release;
		};
		5951CBA51D8BC93600E1866F /* Build configuration list for PBXNativeTarget "AztecTests" */ = {
			isa = XCConfigurationList;
			buildConfigurations = (
				5951CBA61D8BC93600E1866F /* Debug */,
				F1882B6B1D9E0F8E000B48D6 /* Release-Alpha */,
				5951CBA71D8BC93600E1866F /* Release */,
				F111A1121DA7E8B600294FD3 /* Profiling */,
			);
			defaultConfigurationIsVisible = 0;
			defaultConfigurationName = Release;
		};
/* End XCConfigurationList section */
	};
	rootObject = 5951CB851D8BC93600E1866F /* Project object */;
}
